
Microsoft Visual Studio Solution File, Format Version 12.00
# Visual Studio Version 17
VisualStudioVersion = 17.0.31903.59
MinimumVisualStudioVersion = 10.0.40219.1
Project("{FAE04EC0-301F-11D3-BF4B-00C04F79EFBC}") = "Ukazka01_Declaration", "Ukazka01_Declaration\Ukazka01_Declaration.csproj", "{8817E557-C970-44B8-96B8-AECF1A8750DB}"
EndProject
Project("{FAE04EC0-301F-11D3-BF4B-00C04F79EFBC}") = "Ukazka02_Comparison", "Ukazka02_Comparison\Ukazka02_Comparison.csproj", "{09A2B3F2-CD2D-4104-A4F5-90221AD48738}"
EndProject
Project("{FAE04EC0-301F-11D3-BF4B-00C04F79EFBC}") = "Ukazka03_And", "Ukazka03_And\Ukazka03_And.csproj", "{961ACB45-F9AE-4E6D-AA1D-D6B761565406}"
EndProject
Project("{FAE04EC0-301F-11D3-BF4B-00C04F79EFBC}") = "Ukazka04_Or", "Ukazka04_Or\Ukazka04_Or.csproj", "{24924923-F80F-401B-B365-85472313E3BB}"
EndProject
Project("{FAE04EC0-301F-11D3-BF4B-00C04F79EFBC}") = "Ukazka05_Not", "Ukazka05_Not\Ukazka05_Not.csproj", "{527656DA-3355-470A-93EF-7A35BBEE017D}"
EndProject
Project("{FAE04EC0-301F-11D3-BF4B-00C04F79EFBC}") = "Ukazka06_TruthTables", "Ukazka06_TruthTables\Ukazka06_TruthTables.csproj", "{2D688FAC-D632-43F8-AD41-600F42CB4948}"
EndProject
Project("{FAE04EC0-301F-11D3-BF4B-00C04F79EFBC}") = "Ukazka07_Precedence", "Ukazka07_Precedence\Ukazka07_Precedence.csproj", "{A904B9A7-FB0B-4E79-A822-6AE4EC6BEADB}"
EndProject
Project("{FAE04EC0-301F-11D3-BF4B-00C04F79EFBC}") = "Ukazka08_RealLife", "Ukazka08_RealLife\Ukazka08_RealLife.csproj", "{7B863729-D3CB-46F6-8872-8CA495D8AE67}"
EndProject
Project("{FAE04EC0-301F-11D3-BF4B-00C04F79EFBC}") = "Ukazka09_BooleanLogicMethods", "Ukazka09_BooleanLogicMethods\Ukazka09_BooleanLogicMethods.csproj", "{22443548-6DD3-4BE8-8699-EB514B5BC5AD}"
EndProject
Project("{FAE04EC0-301F-11D3-BF4B-00C04F79EFBC}") = "Ukazka10_Interactive", "Ukazka10_Interactive\Ukazka10_Interactive.csproj", "{19A55B1F-CA13-4EDD-AA65-9C59815E3BA9}"
EndProject
Project("{FAE04EC0-301F-11D3-BF4B-00C04F79EFBC}") = "Ukazka11_DebugWalkthrough", "Ukazka11_DebugWalkthrough\Ukazka11_DebugWalkthrough.csproj", "{1F04C2BC-0191-4A68-A026-0E7C71BB5190}"
EndProject
Project("{FAE04EC0-301F-11D3-BF4B-00C04F79EFBC}") = "Ukazka12_BonusEquality", "Ukazka12_BonusEquality\Ukazka12_BonusEquality.csproj", "{CFDF2F78-A897-4D66-A809-84D5C95E98B7}"
EndProject
Project("{FAE04EC0-301F-11D3-BF4B-00C04F79EFBC}") = "Ukazka13_BonusAtLeastTwo", "Ukazka13_BonusAtLeastTwo\Ukazka13_BonusAtLeastTwo.csproj", "{CA1F17BF-4455-4632-8001-588128FD7D4B}"
EndProject
Project("{FAE04EC0-301F-11D3-BF4B-00C04F79EFBC}") = "Ukazka14_BonusXor", "Ukazka14_BonusXor\Ukazka14_BonusXor.csproj", "{8CCCAC8E-21E3-426A-B1EF-C85A918A709D}"
EndProject
Project("{FAE04EC0-301F-11D3-BF4B-00C04F79EFBC}") = "Ukazka15_BonusDeMorgan", "Ukazka15_BonusDeMorgan\Ukazka15_BonusDeMorgan.csproj", "{6C7EA6F2-421B-40A4-A046-63CB856F23E2}"
EndProject
Project("{FAE04EC0-301F-11D3-BF4B-00C04F79EFBC}") = "Ukazka16_BonusTextTruth", "Ukazka16_BonusTextTruth\Ukazka16_BonusTextTruth.csproj", "{A7D870C7-AB3B-467C-86B4-454B9AA0DD9B}"
EndProject
Project("{FAE04EC0-301F-11D3-BF4B-00C04F79EFBC}") = "Ukazka17_BonusShortCircuit", "Ukazka17_BonusShortCircuit\Ukazka17_BonusShortCircuit.csproj", "{B80693BE-A7B3-45EC-A99D-6E7667E9C55F}"
EndProject
Global
	GlobalSection(SolutionConfigurationPlatforms) = preSolution
		Debug|Any CPU = Debug|Any CPU
		Debug|x64 = Debug|x64
		Debug|x86 = Debug|x86
		Release|Any CPU = Release|Any CPU
		Release|x64 = Release|x64
		Release|x86 = Release|x86
	EndGlobalSection
	GlobalSection(ProjectConfigurationPlatforms) = postSolution
		{8817E557-C970-44B8-96B8-AECF1A8750DB}.Debug|Any CPU.ActiveCfg = Debug|Any CPU
		{8817E557-C970-44B8-96B8-AECF1A8750DB}.Debug|Any CPU.Build.0 = Debug|Any CPU
		{8817E557-C970-44B8-96B8-AECF1A8750DB}.Debug|x64.ActiveCfg = Debug|Any CPU
		{8817E557-C970-44B8-96B8-AECF1A8750DB}.Debug|x64.Build.0 = Debug|Any CPU
		{8817E557-C970-44B8-96B8-AECF1A8750DB}.Debug|x86.ActiveCfg = Debug|Any CPU
		{8817E557-C970-44B8-96B8-AECF1A8750DB}.Debug|x86.Build.0 = Debug|Any CPU
		{8817E557-C970-44B8-96B8-AECF1A8750DB}.Release|Any CPU.ActiveCfg = Release|Any CPU
		{8817E557-C970-44B8-96B8-AECF1A8750DB}.Release|Any CPU.Build.0 = Release|Any CPU
		{8817E557-C970-44B8-96B8-AECF1A8750DB}.Release|x64.ActiveCfg = Release|Any CPU
		{8817E557-C970-44B8-96B8-AECF1A8750DB}.Release|x64.Build.0 = Release|Any CPU
		{8817E557-C970-44B8-96B8-AECF1A8750DB}.Release|x86.ActiveCfg = Release|Any CPU
		{8817E557-C970-44B8-96B8-AECF1A8750DB}.Release|x86.Build.0 = Release|Any CPU
		{09A2B3F2-CD2D-4104-A4F5-90221AD48738}.Debug|Any CPU.ActiveCfg = Debug|Any CPU
		{09A2B3F2-CD2D-4104-A4F5-90221AD48738}.Debug|Any CPU.Build.0 = Debug|Any CPU
		{09A2B3F2-CD2D-4104-A4F5-90221AD48738}.Debug|x64.ActiveCfg = Debug|Any CPU
		{09A2B3F2-CD2D-4104-A4F5-90221AD48738}.Debug|x64.Build.0 = Debug|Any CPU
		{09A2B3F2-CD2D-4104-A4F5-90221AD48738}.Debug|x86.ActiveCfg = Debug|Any CPU
		{09A2B3F2-CD2D-4104-A4F5-90221AD48738}.Debug|x86.Build.0 = Debug|Any CPU
		{09A2B3F2-CD2D-4104-A4F5-90221AD48738}.Release|Any CPU.ActiveCfg = Release|Any CPU
		{09A2B3F2-CD2D-4104-A4F5-90221AD48738}.Release|Any CPU.Build.0 = Release|Any CPU
		{09A2B3F2-CD2D-4104-A4F5-90221AD48738}.Release|x64.ActiveCfg = Release|Any CPU
		{09A2B3F2-CD2D-4104-A4F5-90221AD48738}.Release|x64.Build.0 = Release|Any CPU
		{09A2B3F2-CD2D-4104-A4F5-90221AD48738}.Release|x86.ActiveCfg = Release|Any CPU
		{09A2B3F2-CD2D-4104-A4F5-90221AD48738}.Release|x86.Build.0 = Release|Any CPU
		{961ACB45-F9AE-4E6D-AA1D-D6B761565406}.Debug|Any CPU.ActiveCfg = Debug|Any CPU
		{961ACB45-F9AE-4E6D-AA1D-D6B761565406}.Debug|Any CPU.Build.0 = Debug|Any CPU
		{961ACB45-F9AE-4E6D-AA1D-D6B761565406}.Debug|x64.ActiveCfg = Debug|Any CPU
		{961ACB45-F9AE-4E6D-AA1D-D6B761565406}.Debug|x64.Build.0 = Debug|Any CPU
		{961ACB45-F9AE-4E6D-AA1D-D6B761565406}.Debug|x86.ActiveCfg = Debug|Any CPU
		{961ACB45-F9AE-4E6D-AA1D-D6B761565406}.Debug|x86.Build.0 = Debug|Any CPU
		{961ACB45-F9AE-4E6D-AA1D-D6B761565406}.Release|Any CPU.ActiveCfg = Release|Any CPU
		{961ACB45-F9AE-4E6D-AA1D-D6B761565406}.Release|Any CPU.Build.0 = Release|Any CPU
		{961ACB45-F9AE-4E6D-AA1D-D6B761565406}.Release|x64.ActiveCfg = Release|Any CPU
		{961ACB45-F9AE-4E6D-AA1D-D6B761565406}.Release|x64.Build.0 = Release|Any CPU
		{961ACB45-F9AE-4E6D-AA1D-D6B761565406}.Release|x86.ActiveCfg = Release|Any CPU
		{961ACB45-F9AE-4E6D-AA1D-D6B761565406}.Release|x86.Build.0 = Release|Any CPU
		{24924923-F80F-401B-B365-85472313E3BB}.Debug|Any CPU.ActiveCfg = Debug|Any CPU
		{24924923-F80F-401B-B365-85472313E3BB}.Debug|Any CPU.Build.0 = Debug|Any CPU
		{24924923-F80F-401B-B365-85472313E3BB}.Debug|x64.ActiveCfg = Debug|Any CPU
		{24924923-F80F-401B-B365-85472313E3BB}.Debug|x64.Build.0 = Debug|Any CPU
		{24924923-F80F-401B-B365-85472313E3BB}.Debug|x86.ActiveCfg = Debug|Any CPU
		{24924923-F80F-401B-B365-85472313E3BB}.Debug|x86.Build.0 = Debug|Any CPU
		{24924923-F80F-401B-B365-85472313E3BB}.Release|Any CPU.ActiveCfg = Release|Any CPU
		{24924923-F80F-401B-B365-85472313E3BB}.Release|Any CPU.Build.0 = Release|Any CPU
		{24924923-F80F-401B-B365-85472313E3BB}.Release|x64.ActiveCfg = Release|Any CPU
		{24924923-F80F-401B-B365-85472313E3BB}.Release|x64.Build.0 = Release|Any CPU
		{24924923-F80F-401B-B365-85472313E3BB}.Release|x86.ActiveCfg = Release|Any CPU
		{24924923-F80F-401B-B365-85472313E3BB}.Release|x86.Build.0 = Release|Any CPU
		{527656DA-3355-470A-93EF-7A35BBEE017D}.Debug|Any CPU.ActiveCfg = Debug|Any CPU
		{527656DA-3355-470A-93EF-7A35BBEE017D}.Debug|Any CPU.Build.0 = Debug|Any CPU
		{527656DA-3355-470A-93EF-7A35BBEE017D}.Debug|x64.ActiveCfg = Debug|Any CPU
		{527656DA-3355-470A-93EF-7A35BBEE017D}.Debug|x64.Build.0 = Debug|Any CPU
		{527656DA-3355-470A-93EF-7A35BBEE017D}.Debug|x86.ActiveCfg = Debug|Any CPU
		{527656DA-3355-470A-93EF-7A35BBEE017D}.Debug|x86.Build.0 = Debug|Any CPU
		{527656DA-3355-470A-93EF-7A35BBEE017D}.Release|Any CPU.ActiveCfg = Release|Any CPU
		{527656DA-3355-470A-93EF-7A35BBEE017D}.Release|Any CPU.Build.0 = Release|Any CPU
		{527656DA-3355-470A-93EF-7A35BBEE017D}.Release|x64.ActiveCfg = Release|Any CPU
		{527656DA-3355-470A-93EF-7A35BBEE017D}.Release|x64.Build.0 = Release|Any CPU
		{527656DA-3355-470A-93EF-7A35BBEE017D}.Release|x86.ActiveCfg = Release|Any CPU
		{527656DA-3355-470A-93EF-7A35BBEE017D}.Release|x86.Build.0 = Release|Any CPU
		{2D688FAC-D632-43F8-AD41-600F42CB4948}.Debug|Any CPU.ActiveCfg = Debug|Any CPU
		{2D688FAC-D632-43F8-AD41-600F42CB4948}.Debug|Any CPU.Build.0 = Debug|Any CPU
		{2D688FAC-D632-43F8-AD41-600F42CB4948}.Debug|x64.ActiveCfg = Debug|Any CPU
		{2D688FAC-D632-43F8-AD41-600F42CB4948}.Debug|x64.Build.0 = Debug|Any CPU
		{2D688FAC-D632-43F8-AD41-600F42CB4948}.Debug|x86.ActiveCfg = Debug|Any CPU
		{2D688FAC-D632-43F8-AD41-600F42CB4948}.Debug|x86.Build.0 = Debug|Any CPU
		{2D688FAC-D632-43F8-AD41-600F42CB4948}.Release|Any CPU.ActiveCfg = Release|Any CPU
		{2D688FAC-D632-43F8-AD41-600F42CB4948}.Release|Any CPU.Build.0 = Release|Any CPU
		{2D688FAC-D632-43F8-AD41-600F42CB4948}.Release|x64.ActiveCfg = Release|Any CPU
		{2D688FAC-D632-43F8-AD41-600F42CB4948}.Release|x64.Build.0 = Release|Any CPU
		{2D688FAC-D632-43F8-AD41-600F42CB4948}.Release|x86.ActiveCfg = Release|Any CPU
		{2D688FAC-D632-43F8-AD41-600F42CB4948}.Release|x86.Build.0 = Release|Any CPU
		{A904B9A7-FB0B-4E79-A822-6AE4EC6BEADB}.Debug|Any CPU.ActiveCfg = Debug|Any CPU
		{A904B9A7-FB0B-4E79-A822-6AE4EC6BEADB}.Debug|Any CPU.Build.0 = Debug|Any CPU
		{A904B9A7-FB0B-4E79-A822-6AE4EC6BEADB}.Debug|x64.ActiveCfg = Debug|Any CPU
		{A904B9A7-FB0B-4E79-A822-6AE4EC6BEADB}.Debug|x64.Build.0 = Debug|Any CPU
		{A904B9A7-FB0B-4E79-A822-6AE4EC6BEADB}.Debug|x86.ActiveCfg = Debug|Any CPU
		{A904B9A7-FB0B-4E79-A822-6AE4EC6BEADB}.Debug|x86.Build.0 = Debug|Any CPU
		{A904B9A7-FB0B-4E79-A822-6AE4EC6BEADB}.Release|Any CPU.ActiveCfg = Release|Any CPU
		{A904B9A7-FB0B-4E79-A822-6AE4EC6BEADB}.Release|Any CPU.Build.0 = Release|Any CPU
		{A904B9A7-FB0B-4E79-A822-6AE4EC6BEADB}.Release|x64.ActiveCfg = Release|Any CPU
		{A904B9A7-FB0B-4E79-A822-6AE4EC6BEADB}.Release|x64.Build.0 = Release|Any CPU
		{A904B9A7-FB0B-4E79-A822-6AE4EC6BEADB}.Release|x86.ActiveCfg = Release|Any CPU
		{A904B9A7-FB0B-4E79-A822-6AE4EC6BEADB}.Release|x86.Build.0 = Release|Any CPU
		{7B863729-D3CB-46F6-8872-8CA495D8AE67}.Debug|Any CPU.ActiveCfg = Debug|Any CPU
		{7B863729-D3CB-46F6-8872-8CA495D8AE67}.Debug|Any CPU.Build.0 = Debug|Any CPU
		{7B863729-D3CB-46F6-8872-8CA495D8AE67}.Debug|x64.ActiveCfg = Debug|Any CPU
		{7B863729-D3CB-46F6-8872-8CA495D8AE67}.Debug|x64.Build.0 = Debug|Any CPU
		{7B863729-D3CB-46F6-8872-8CA495D8AE67}.Debug|x86.ActiveCfg = Debug|Any CPU
		{7B863729-D3CB-46F6-8872-8CA495D8AE67}.Debug|x86.Build.0 = Debug|Any CPU
		{7B863729-D3CB-46F6-8872-8CA495D8AE67}.Release|Any CPU.ActiveCfg = Release|Any CPU
		{7B863729-D3CB-46F6-8872-8CA495D8AE67}.Release|Any CPU.Build.0 = Release|Any CPU
		{7B863729-D3CB-46F6-8872-8CA495D8AE67}.Release|x64.ActiveCfg = Release|Any CPU
		{7B863729-D3CB-46F6-8872-8CA495D8AE67}.Release|x64.Build.0 = Release|Any CPU
		{7B863729-D3CB-46F6-8872-8CA495D8AE67}.Release|x86.ActiveCfg = Release|Any CPU
		{7B863729-D3CB-46F6-8872-8CA495D8AE67}.Release|x86.Build.0 = Release|Any CPU
		{22443548-6DD3-4BE8-8699-EB514B5BC5AD}.Debug|Any CPU.ActiveCfg = Debug|Any CPU
		{22443548-6DD3-4BE8-8699-EB514B5BC5AD}.Debug|Any CPU.Build.0 = Debug|Any CPU
		{22443548-6DD3-4BE8-8699-EB514B5BC5AD}.Debug|x64.ActiveCfg = Debug|Any CPU
		{22443548-6DD3-4BE8-8699-EB514B5BC5AD}.Debug|x64.Build.0 = Debug|Any CPU
		{22443548-6DD3-4BE8-8699-EB514B5BC5AD}.Debug|x86.ActiveCfg = Debug|Any CPU
		{22443548-6DD3-4BE8-8699-EB514B5BC5AD}.Debug|x86.Build.0 = Debug|Any CPU
		{22443548-6DD3-4BE8-8699-EB514B5BC5AD}.Release|Any CPU.ActiveCfg = Release|Any CPU
		{22443548-6DD3-4BE8-8699-EB514B5BC5AD}.Release|Any CPU.Build.0 = Release|Any CPU
		{22443548-6DD3-4BE8-8699-EB514B5BC5AD}.Release|x64.ActiveCfg = Release|Any CPU
		{22443548-6DD3-4BE8-8699-EB514B5BC5AD}.Release|x64.Build.0 = Release|Any CPU
		{22443548-6DD3-4BE8-8699-EB514B5BC5AD}.Release|x86.ActiveCfg = Release|Any CPU
		{22443548-6DD3-4BE8-8699-EB514B5BC5AD}.Release|x86.Build.0 = Release|Any CPU
		{19A55B1F-CA13-4EDD-AA65-9C59815E3BA9}.Debug|Any CPU.ActiveCfg = Debug|Any CPU
		{19A55B1F-CA13-4EDD-AA65-9C59815E3BA9}.Debug|Any CPU.Build.0 = Debug|Any CPU
		{19A55B1F-CA13-4EDD-AA65-9C59815E3BA9}.Debug|x64.ActiveCfg = Debug|Any CPU
		{19A55B1F-CA13-4EDD-AA65-9C59815E3BA9}.Debug|x64.Build.0 = Debug|Any CPU
		{19A55B1F-CA13-4EDD-AA65-9C59815E3BA9}.Debug|x86.ActiveCfg = Debug|Any CPU
		{19A55B1F-CA13-4EDD-AA65-9C59815E3BA9}.Debug|x86.Build.0 = Debug|Any CPU
		{19A55B1F-CA13-4EDD-AA65-9C59815E3BA9}.Release|Any CPU.ActiveCfg = Release|Any CPU
		{19A55B1F-CA13-4EDD-AA65-9C59815E3BA9}.Release|Any CPU.Build.0 = Release|Any CPU
		{19A55B1F-CA13-4EDD-AA65-9C59815E3BA9}.Release|x64.ActiveCfg = Release|Any CPU
		{19A55B1F-CA13-4EDD-AA65-9C59815E3BA9}.Release|x64.Build.0 = Release|Any CPU
		{19A55B1F-CA13-4EDD-AA65-9C59815E3BA9}.Release|x86.ActiveCfg = Release|Any CPU
		{19A55B1F-CA13-4EDD-AA65-9C59815E3BA9}.Release|x86.Build.0 = Release|Any CPU
		{1F04C2BC-0191-4A68-A026-0E7C71BB5190}.Debug|Any CPU.ActiveCfg = Debug|Any CPU
		{1F04C2BC-0191-4A68-A026-0E7C71BB5190}.Debug|Any CPU.Build.0 = Debug|Any CPU
		{1F04C2BC-0191-4A68-A026-0E7C71BB5190}.Debug|x64.ActiveCfg = Debug|Any CPU
		{1F04C2BC-0191-4A68-A026-0E7C71BB5190}.Debug|x64.Build.0 = Debug|Any CPU
		{1F04C2BC-0191-4A68-A026-0E7C71BB5190}.Debug|x86.ActiveCfg = Debug|Any CPU
		{1F04C2BC-0191-4A68-A026-0E7C71BB5190}.Debug|x86.Build.0 = Debug|Any CPU
		{1F04C2BC-0191-4A68-A026-0E7C71BB5190}.Release|Any CPU.ActiveCfg = Release|Any CPU
		{1F04C2BC-0191-4A68-A026-0E7C71BB5190}.Release|Any CPU.Build.0 = Release|Any CPU
		{1F04C2BC-0191-4A68-A026-0E7C71BB5190}.Release|x64.ActiveCfg = Release|Any CPU
		{1F04C2BC-0191-4A68-A026-0E7C71BB5190}.Release|x64.Build.0 = Release|Any CPU
		{1F04C2BC-0191-4A68-A026-0E7C71BB5190}.Release|x86.ActiveCfg = Release|Any CPU
		{1F04C2BC-0191-4A68-A026-0E7C71BB5190}.Release|x86.Build.0 = Release|Any CPU
		{CFDF2F78-A897-4D66-A809-84D5C95E98B7}.Debug|Any CPU.ActiveCfg = Debug|Any CPU
		{CFDF2F78-A897-4D66-A809-84D5C95E98B7}.Debug|Any CPU.Build.0 = Debug|Any CPU
		{CFDF2F78-A897-4D66-A809-84D5C95E98B7}.Debug|x64.ActiveCfg = Debug|Any CPU
		{CFDF2F78-A897-4D66-A809-84D5C95E98B7}.Debug|x64.Build.0 = Debug|Any CPU
		{CFDF2F78-A897-4D66-A809-84D5C95E98B7}.Debug|x86.ActiveCfg = Debug|Any CPU
		{CFDF2F78-A897-4D66-A809-84D5C95E98B7}.Debug|x86.Build.0 = Debug|Any CPU
		{CFDF2F78-A897-4D66-A809-84D5C95E98B7}.Release|Any CPU.ActiveCfg = Release|Any CPU
		{CFDF2F78-A897-4D66-A809-84D5C95E98B7}.Release|Any CPU.Build.0 = Release|Any CPU
		{CFDF2F78-A897-4D66-A809-84D5C95E98B7}.Release|x64.ActiveCfg = Release|Any CPU
		{CFDF2F78-A897-4D66-A809-84D5C95E98B7}.Release|x64.Build.0 = Release|Any CPU
		{CFDF2F78-A897-4D66-A809-84D5C95E98B7}.Release|x86.ActiveCfg = Release|Any CPU
		{CFDF2F78-A897-4D66-A809-84D5C95E98B7}.Release|x86.Build.0 = Release|Any CPU
		{CA1F17BF-4455-4632-8001-588128FD7D4B}.Debug|Any CPU.ActiveCfg = Debug|Any CPU
		{CA1F17BF-4455-4632-8001-588128FD7D4B}.Debug|Any CPU.Build.0 = Debug|Any CPU
		{CA1F17BF-4455-4632-8001-588128FD7D4B}.Debug|x64.ActiveCfg = Debug|Any CPU
		{CA1F17BF-4455-4632-8001-588128FD7D4B}.Debug|x64.Build.0 = Debug|Any CPU
		{CA1F17BF-4455-4632-8001-588128FD7D4B}.Debug|x86.ActiveCfg = Debug|Any CPU
		{CA1F17BF-4455-4632-8001-588128FD7D4B}.Debug|x86.Build.0 = Debug|Any CPU
		{CA1F17BF-4455-4632-8001-588128FD7D4B}.Release|Any CPU.ActiveCfg = Release|Any CPU
		{CA1F17BF-4455-4632-8001-588128FD7D4B}.Release|Any CPU.Build.0 = Release|Any CPU
		{CA1F17BF-4455-4632-8001-588128FD7D4B}.Release|x64.ActiveCfg = Release|Any CPU
		{CA1F17BF-4455-4632-8001-588128FD7D4B}.Release|x64.Build.0 = Release|Any CPU
		{CA1F17BF-4455-4632-8001-588128FD7D4B}.Release|x86.ActiveCfg = Release|Any CPU
		{CA1F17BF-4455-4632-8001-588128FD7D4B}.Release|x86.Build.0 = Release|Any CPU
		{8CCCAC8E-21E3-426A-B1EF-C85A918A709D}.Debug|Any CPU.ActiveCfg = Debug|Any CPU
		{8CCCAC8E-21E3-426A-B1EF-C85A918A709D}.Debug|Any CPU.Build.0 = Debug|Any CPU
		{8CCCAC8E-21E3-426A-B1EF-C85A918A709D}.Debug|x64.ActiveCfg = Debug|Any CPU
		{8CCCAC8E-21E3-426A-B1EF-C85A918A709D}.Debug|x64.Build.0 = Debug|Any CPU
		{8CCCAC8E-21E3-426A-B1EF-C85A918A709D}.Debug|x86.ActiveCfg = Debug|Any CPU
		{8CCCAC8E-21E3-426A-B1EF-C85A918A709D}.Debug|x86.Build.0 = Debug|Any CPU
		{8CCCAC8E-21E3-426A-B1EF-C85A918A709D}.Release|Any CPU.ActiveCfg = Release|Any CPU
		{8CCCAC8E-21E3-426A-B1EF-C85A918A709D}.Release|Any CPU.Build.0 = Release|Any CPU
		{8CCCAC8E-21E3-426A-B1EF-C85A918A709D}.Release|x64.ActiveCfg = Release|Any CPU
		{8CCCAC8E-21E3-426A-B1EF-C85A918A709D}.Release|x64.Build.0 = Release|Any CPU
		{8CCCAC8E-21E3-426A-B1EF-C85A918A709D}.Release|x86.ActiveCfg = Release|Any CPU
		{8CCCAC8E-21E3-426A-B1EF-C85A918A709D}.Release|x86.Build.0 = Release|Any CPU
		{6C7EA6F2-421B-40A4-A046-63CB856F23E2}.Debug|Any CPU.ActiveCfg = Debug|Any CPU
		{6C7EA6F2-421B-40A4-A046-63CB856F23E2}.Debug|Any CPU.Build.0 = Debug|Any CPU
		{6C7EA6F2-421B-40A4-A046-63CB856F23E2}.Debug|x64.ActiveCfg = Debug|Any CPU
		{6C7EA6F2-421B-40A4-A046-63CB856F23E2}.Debug|x64.Build.0 = Debug|Any CPU
		{6C7EA6F2-421B-40A4-A046-63CB856F23E2}.Debug|x86.ActiveCfg = Debug|Any CPU
		{6C7EA6F2-421B-40A4-A046-63CB856F23E2}.Debug|x86.Build.0 = Debug|Any CPU
		{6C7EA6F2-421B-40A4-A046-63CB856F23E2}.Release|Any CPU.ActiveCfg = Release|Any CPU
		{6C7EA6F2-421B-40A4-A046-63CB856F23E2}.Release|Any CPU.Build.0 = Release|Any CPU
		{6C7EA6F2-421B-40A4-A046-63CB856F23E2}.Release|x64.ActiveCfg = Release|Any CPU
		{6C7EA6F2-421B-40A4-A046-63CB856F23E2}.Release|x64.Build.0 = Release|Any CPU
		{6C7EA6F2-421B-40A4-A046-63CB856F23E2}.Release|x86.ActiveCfg = Release|Any CPU
		{6C7EA6F2-421B-40A4-A046-63CB856F23E2}.Release|x86.Build.0 = Release|Any CPU
		{A7D870C7-AB3B-467C-86B4-454B9AA0DD9B}.Debug|Any CPU.ActiveCfg = Debug|Any CPU
		{A7D870C7-AB3B-467C-86B4-454B9AA0DD9B}.Debug|Any CPU.Build.0 = Debug|Any CPU
		{A7D870C7-AB3B-467C-86B4-454B9AA0DD9B}.Debug|x64.ActiveCfg = Debug|Any CPU
		{A7D870C7-AB3B-467C-86B4-454B9AA0DD9B}.Debug|x64.Build.0 = Debug|Any CPU
		{A7D870C7-AB3B-467C-86B4-454B9AA0DD9B}.Debug|x86.ActiveCfg = Debug|Any CPU
		{A7D870C7-AB3B-467C-86B4-454B9AA0DD9B}.Debug|x86.Build.0 = Debug|Any CPU
		{A7D870C7-AB3B-467C-86B4-454B9AA0DD9B}.Release|Any CPU.ActiveCfg = Release|Any CPU
		{A7D870C7-AB3B-467C-86B4-454B9AA0DD9B}.Release|Any CPU.Build.0 = Release|Any CPU
		{A7D870C7-AB3B-467C-86B4-454B9AA0DD9B}.Release|x64.ActiveCfg = Release|Any CPU
		{A7D870C7-AB3B-467C-86B4-454B9AA0DD9B}.Release|x64.Build.0 = Release|Any CPU
		{A7D870C7-AB3B-467C-86B4-454B9AA0DD9B}.Release|x86.ActiveCfg = Release|Any CPU
		{A7D870C7-AB3B-467C-86B4-454B9AA0DD9B}.Release|x86.Build.0 = Release|Any CPU
		{B80693BE-A7B3-45EC-A99D-6E7667E9C55F}.Debug|Any CPU.ActiveCfg = Debug|Any CPU
		{B80693BE-A7B3-45EC-A99D-6E7667E9C55F}.Debug|Any CPU.Build.0 = Debug|Any CPU
		{B80693BE-A7B3-45EC-A99D-6E7667E9C55F}.Debug|x64.ActiveCfg = Debug|Any CPU
		{B80693BE-A7B3-45EC-A99D-6E7667E9C55F}.Debug|x64.Build.0 = Debug|Any CPU
		{B80693BE-A7B3-45EC-A99D-6E7667E9C55F}.Debug|x86.ActiveCfg = Debug|Any CPU
		{B80693BE-A7B3-45EC-A99D-6E7667E9C55F}.Debug|x86.Build.0 = Debug|Any CPU
		{B80693BE-A7B3-45EC-A99D-6E7667E9C55F}.Release|Any CPU.ActiveCfg = Release|Any CPU
		{B80693BE-A7B3-45EC-A99D-6E7667E9C55F}.Release|Any CPU.Build.0 = Release|Any CPU
		{B80693BE-A7B3-45EC-A99D-6E7667E9C55F}.Release|x64.ActiveCfg = Release|Any CPU
		{B80693BE-A7B3-45EC-A99D-6E7667E9C55F}.Release|x64.Build.0 = Release|Any CPU
		{B80693BE-A7B3-45EC-A99D-6E7667E9C55F}.Release|x86.ActiveCfg = Release|Any CPU
		{B80693BE-A7B3-45EC-A99D-6E7667E9C55F}.Release|x86.Build.0 = Release|Any CPU
	EndGlobalSection
	GlobalSection(SolutionProperties) = preSolution
		HideSolutionNode = FALSE
	EndGlobalSection
EndGlobal
