
Microsoft Visual Studio Solution File, Format Version 12.00
# Visual Studio Version 17
VisualStudioVersion = 17.0.31903.59
MinimumVisualStudioVersion = 10.0.40219.1
Project("{FAE04EC0-301F-11D3-BF4B-00C04F79EFBC}") = "Ladenie01_FirstBreakpoint", "Ladenie01_FirstBreakpoint\Ladenie01_FirstBreakpoint.csproj", "{3E663189-80FB-4297-9ADD-39BF6E69BFF1}"
EndProject
Project("{FAE04EC0-301F-11D3-BF4B-00C04F79EFBC}") = "Ladenie02_Comments", "Ladenie02_Comments\Ladenie02_Comments.csproj", "{D45EC034-0E2C-4227-84F2-F0FBEEAB1701}"
EndProject
Project("{FAE04EC0-301F-11D3-BF4B-00C04F79EFBC}") = "Ladenie03_Variables", "Ladenie03_Variables\Ladenie03_Variables.csproj", "{91592B62-B59D-4861-97AF-73F8C2BEB67E}"
EndProject
Project("{FAE04EC0-301F-11D3-BF4B-00C04F79EFBC}") = "Ladenie04_DataTypes", "Ladenie04_DataTypes\Ladenie04_DataTypes.csproj", "{458CFDD0-0B5D-44A2-ACDF-387A206DDC78}"
EndProject
Project("{FAE04EC0-301F-11D3-BF4B-00C04F79EFBC}") = "Ladenie05_Operators", "Ladenie05_Operators\Ladenie05_Operators.csproj", "{B9D2B3CB-FF1E-419A-9BFF-52346CE11459}"
EndProject
Project("{FAE04EC0-301F-11D3-BF4B-00C04F79EFBC}") = "Ladenie06_Methods", "Ladenie06_Methods\Ladenie06_Methods.csproj", "{80323055-62AF-47C2-B423-6EA42C4BA085}"
EndProject
Project("{FAE04EC0-301F-11D3-BF4B-00C04F79EFBC}") = "Ladenie07_Boolean", "Ladenie07_Boolean\Ladenie07_Boolean.csproj", "{08F95B67-7A53-432C-9CF8-ACE6D75AA5B4}"
EndProject
Project("{FAE04EC0-301F-11D3-BF4B-00C04F79EFBC}") = "Ladenie08_Conditions", "Ladenie08_Conditions\Ladenie08_Conditions.csproj", "{E4443871-C5BA-4471-A842-ACC5E2D55D31}"
EndProject
Project("{FAE04EC0-301F-11D3-BF4B-00C04F79EFBC}") = "Ladenie09_HuntOperators", "Ladenie09_HuntOperators\Ladenie09_HuntOperators.csproj", "{F27F793B-671B-472A-A470-C4C6B6D14224}"
EndProject
Project("{FAE04EC0-301F-11D3-BF4B-00C04F79EFBC}") = "Ladenie10_HuntVariables", "Ladenie10_HuntVariables\Ladenie10_HuntVariables.csproj", "{84F8AC54-41C5-410F-8227-4A0DAEC45885}"
EndProject
Project("{FAE04EC0-301F-11D3-BF4B-00C04F79EFBC}") = "Ladenie11_HuntMethods", "Ladenie11_HuntMethods\Ladenie11_HuntMethods.csproj", "{3387E47F-6392-4EDC-98D0-1390BA2BB510}"
EndProject
Project("{FAE04EC0-301F-11D3-BF4B-00C04F79EFBC}") = "Ladenie12_HuntBoolean", "Ladenie12_HuntBoolean\Ladenie12_HuntBoolean.csproj", "{86236A88-1D64-4528-9DD5-462A29EF7361}"
EndProject
Project("{FAE04EC0-301F-11D3-BF4B-00C04F79EFBC}") = "Ladenie13_HuntConditions", "Ladenie13_HuntConditions\Ladenie13_HuntConditions.csproj", "{B82CCB31-8DCD-4A12-BAA4-73E87073794C}"
EndProject
Project("{FAE04EC0-301F-11D3-BF4B-00C04F79EFBC}") = "Ladenie14_HuntReceipt", "Ladenie14_HuntReceipt\Ladenie14_HuntReceipt.csproj", "{5D5B6891-97EA-4283-AA30-B4DA564F60F1}"
EndProject
Project("{FAE04EC0-301F-11D3-BF4B-00C04F79EFBC}") = "Ladenie15_ExceptionDivideByZero", "Ladenie15_ExceptionDivideByZero\Ladenie15_ExceptionDivideByZero.csproj", "{5DB9B998-432C-44F3-B20F-300D9EFD372C}"
EndProject
Project("{FAE04EC0-301F-11D3-BF4B-00C04F79EFBC}") = "Ladenie16_ExceptionFormat", "Ladenie16_ExceptionFormat\Ladenie16_ExceptionFormat.csproj", "{A5E99673-FED3-44D3-92D5-9C82B4D195AC}"
EndProject
Global
	GlobalSection(SolutionConfigurationPlatforms) = preSolution
		Debug|Any CPU = Debug|Any CPU
		Debug|x64 = Debug|x64
		Debug|x86 = Debug|x86
		Release|Any CPU = Release|Any CPU
		Release|x64 = Release|x64
		Release|x86 = Release|x86
	EndGlobalSection
	GlobalSection(ProjectConfigurationPlatforms) = postSolution
		{3E663189-80FB-4297-9ADD-39BF6E69BFF1}.Debug|Any CPU.ActiveCfg = Debug|Any CPU
		{3E663189-80FB-4297-9ADD-39BF6E69BFF1}.Debug|Any CPU.Build.0 = Debug|Any CPU
		{3E663189-80FB-4297-9ADD-39BF6E69BFF1}.Debug|x64.ActiveCfg = Debug|Any CPU
		{3E663189-80FB-4297-9ADD-39BF6E69BFF1}.Debug|x64.Build.0 = Debug|Any CPU
		{3E663189-80FB-4297-9ADD-39BF6E69BFF1}.Debug|x86.ActiveCfg = Debug|Any CPU
		{3E663189-80FB-4297-9ADD-39BF6E69BFF1}.Debug|x86.Build.0 = Debug|Any CPU
		{3E663189-80FB-4297-9ADD-39BF6E69BFF1}.Release|Any CPU.ActiveCfg = Release|Any CPU
		{3E663189-80FB-4297-9ADD-39BF6E69BFF1}.Release|Any CPU.Build.0 = Release|Any CPU
		{3E663189-80FB-4297-9ADD-39BF6E69BFF1}.Release|x64.ActiveCfg = Release|Any CPU
		{3E663189-80FB-4297-9ADD-39BF6E69BFF1}.Release|x64.Build.0 = Release|Any CPU
		{3E663189-80FB-4297-9ADD-39BF6E69BFF1}.Release|x86.ActiveCfg = Release|Any CPU
		{3E663189-80FB-4297-9ADD-39BF6E69BFF1}.Release|x86.Build.0 = Release|Any CPU
		{D45EC034-0E2C-4227-84F2-F0FBEEAB1701}.Debug|Any CPU.ActiveCfg = Debug|Any CPU
		{D45EC034-0E2C-4227-84F2-F0FBEEAB1701}.Debug|Any CPU.Build.0 = Debug|Any CPU
		{D45EC034-0E2C-4227-84F2-F0FBEEAB1701}.Debug|x64.ActiveCfg = Debug|Any CPU
		{D45EC034-0E2C-4227-84F2-F0FBEEAB1701}.Debug|x64.Build.0 = Debug|Any CPU
		{D45EC034-0E2C-4227-84F2-F0FBEEAB1701}.Debug|x86.ActiveCfg = Debug|Any CPU
		{D45EC034-0E2C-4227-84F2-F0FBEEAB1701}.Debug|x86.Build.0 = Debug|Any CPU
		{D45EC034-0E2C-4227-84F2-F0FBEEAB1701}.Release|Any CPU.ActiveCfg = Release|Any CPU
		{D45EC034-0E2C-4227-84F2-F0FBEEAB1701}.Release|Any CPU.Build.0 = Release|Any CPU
		{D45EC034-0E2C-4227-84F2-F0FBEEAB1701}.Release|x64.ActiveCfg = Release|Any CPU
		{D45EC034-0E2C-4227-84F2-F0FBEEAB1701}.Release|x64.Build.0 = Release|Any CPU
		{D45EC034-0E2C-4227-84F2-F0FBEEAB1701}.Release|x86.ActiveCfg = Release|Any CPU
		{D45EC034-0E2C-4227-84F2-F0FBEEAB1701}.Release|x86.Build.0 = Release|Any CPU
		{91592B62-B59D-4861-97AF-73F8C2BEB67E}.Debug|Any CPU.ActiveCfg = Debug|Any CPU
		{91592B62-B59D-4861-97AF-73F8C2BEB67E}.Debug|Any CPU.Build.0 = Debug|Any CPU
		{91592B62-B59D-4861-97AF-73F8C2BEB67E}.Debug|x64.ActiveCfg = Debug|Any CPU
		{91592B62-B59D-4861-97AF-73F8C2BEB67E}.Debug|x64.Build.0 = Debug|Any CPU
		{91592B62-B59D-4861-97AF-73F8C2BEB67E}.Debug|x86.ActiveCfg = Debug|Any CPU
		{91592B62-B59D-4861-97AF-73F8C2BEB67E}.Debug|x86.Build.0 = Debug|Any CPU
		{91592B62-B59D-4861-97AF-73F8C2BEB67E}.Release|Any CPU.ActiveCfg = Release|Any CPU
		{91592B62-B59D-4861-97AF-73F8C2BEB67E}.Release|Any CPU.Build.0 = Release|Any CPU
		{91592B62-B59D-4861-97AF-73F8C2BEB67E}.Release|x64.ActiveCfg = Release|Any CPU
		{91592B62-B59D-4861-97AF-73F8C2BEB67E}.Release|x64.Build.0 = Release|Any CPU
		{91592B62-B59D-4861-97AF-73F8C2BEB67E}.Release|x86.ActiveCfg = Release|Any CPU
		{91592B62-B59D-4861-97AF-73F8C2BEB67E}.Release|x86.Build.0 = Release|Any CPU
		{458CFDD0-0B5D-44A2-ACDF-387A206DDC78}.Debug|Any CPU.ActiveCfg = Debug|Any CPU
		{458CFDD0-0B5D-44A2-ACDF-387A206DDC78}.Debug|Any CPU.Build.0 = Debug|Any CPU
		{458CFDD0-0B5D-44A2-ACDF-387A206DDC78}.Debug|x64.ActiveCfg = Debug|Any CPU
		{458CFDD0-0B5D-44A2-ACDF-387A206DDC78}.Debug|x64.Build.0 = Debug|Any CPU
		{458CFDD0-0B5D-44A2-ACDF-387A206DDC78}.Debug|x86.ActiveCfg = Debug|Any CPU
		{458CFDD0-0B5D-44A2-ACDF-387A206DDC78}.Debug|x86.Build.0 = Debug|Any CPU
		{458CFDD0-0B5D-44A2-ACDF-387A206DDC78}.Release|Any CPU.ActiveCfg = Release|Any CPU
		{458CFDD0-0B5D-44A2-ACDF-387A206DDC78}.Release|Any CPU.Build.0 = Release|Any CPU
		{458CFDD0-0B5D-44A2-ACDF-387A206DDC78}.Release|x64.ActiveCfg = Release|Any CPU
		{458CFDD0-0B5D-44A2-ACDF-387A206DDC78}.Release|x64.Build.0 = Release|Any CPU
		{458CFDD0-0B5D-44A2-ACDF-387A206DDC78}.Release|x86.ActiveCfg = Release|Any CPU
		{458CFDD0-0B5D-44A2-ACDF-387A206DDC78}.Release|x86.Build.0 = Release|Any CPU
		{B9D2B3CB-FF1E-419A-9BFF-52346CE11459}.Debug|Any CPU.ActiveCfg = Debug|Any CPU
		{B9D2B3CB-FF1E-419A-9BFF-52346CE11459}.Debug|Any CPU.Build.0 = Debug|Any CPU
		{B9D2B3CB-FF1E-419A-9BFF-52346CE11459}.Debug|x64.ActiveCfg = Debug|Any CPU
		{B9D2B3CB-FF1E-419A-9BFF-52346CE11459}.Debug|x64.Build.0 = Debug|Any CPU
		{B9D2B3CB-FF1E-419A-9BFF-52346CE11459}.Debug|x86.ActiveCfg = Debug|Any CPU
		{B9D2B3CB-FF1E-419A-9BFF-52346CE11459}.Debug|x86.Build.0 = Debug|Any CPU
		{B9D2B3CB-FF1E-419A-9BFF-52346CE11459}.Release|Any CPU.ActiveCfg = Release|Any CPU
		{B9D2B3CB-FF1E-419A-9BFF-52346CE11459}.Release|Any CPU.Build.0 = Release|Any CPU
		{B9D2B3CB-FF1E-419A-9BFF-52346CE11459}.Release|x64.ActiveCfg = Release|Any CPU
		{B9D2B3CB-FF1E-419A-9BFF-52346CE11459}.Release|x64.Build.0 = Release|Any CPU
		{B9D2B3CB-FF1E-419A-9BFF-52346CE11459}.Release|x86.ActiveCfg = Release|Any CPU
		{B9D2B3CB-FF1E-419A-9BFF-52346CE11459}.Release|x86.Build.0 = Release|Any CPU
		{80323055-62AF-47C2-B423-6EA42C4BA085}.Debug|Any CPU.ActiveCfg = Debug|Any CPU
		{80323055-62AF-47C2-B423-6EA42C4BA085}.Debug|Any CPU.Build.0 = Debug|Any CPU
		{80323055-62AF-47C2-B423-6EA42C4BA085}.Debug|x64.ActiveCfg = Debug|Any CPU
		{80323055-62AF-47C2-B423-6EA42C4BA085}.Debug|x64.Build.0 = Debug|Any CPU
		{80323055-62AF-47C2-B423-6EA42C4BA085}.Debug|x86.ActiveCfg = Debug|Any CPU
		{80323055-62AF-47C2-B423-6EA42C4BA085}.Debug|x86.Build.0 = Debug|Any CPU
		{80323055-62AF-47C2-B423-6EA42C4BA085}.Release|Any CPU.ActiveCfg = Release|Any CPU
		{80323055-62AF-47C2-B423-6EA42C4BA085}.Release|Any CPU.Build.0 = Release|Any CPU
		{80323055-62AF-47C2-B423-6EA42C4BA085}.Release|x64.ActiveCfg = Release|Any CPU
		{80323055-62AF-47C2-B423-6EA42C4BA085}.Release|x64.Build.0 = Release|Any CPU
		{80323055-62AF-47C2-B423-6EA42C4BA085}.Release|x86.ActiveCfg = Release|Any CPU
		{80323055-62AF-47C2-B423-6EA42C4BA085}.Release|x86.Build.0 = Release|Any CPU
		{08F95B67-7A53-432C-9CF8-ACE6D75AA5B4}.Debug|Any CPU.ActiveCfg = Debug|Any CPU
		{08F95B67-7A53-432C-9CF8-ACE6D75AA5B4}.Debug|Any CPU.Build.0 = Debug|Any CPU
		{08F95B67-7A53-432C-9CF8-ACE6D75AA5B4}.Debug|x64.ActiveCfg = Debug|Any CPU
		{08F95B67-7A53-432C-9CF8-ACE6D75AA5B4}.Debug|x64.Build.0 = Debug|Any CPU
		{08F95B67-7A53-432C-9CF8-ACE6D75AA5B4}.Debug|x86.ActiveCfg = Debug|Any CPU
		{08F95B67-7A53-432C-9CF8-ACE6D75AA5B4}.Debug|x86.Build.0 = Debug|Any CPU
		{08F95B67-7A53-432C-9CF8-ACE6D75AA5B4}.Release|Any CPU.ActiveCfg = Release|Any CPU
		{08F95B67-7A53-432C-9CF8-ACE6D75AA5B4}.Release|Any CPU.Build.0 = Release|Any CPU
		{08F95B67-7A53-432C-9CF8-ACE6D75AA5B4}.Release|x64.ActiveCfg = Release|Any CPU
		{08F95B67-7A53-432C-9CF8-ACE6D75AA5B4}.Release|x64.Build.0 = Release|Any CPU
		{08F95B67-7A53-432C-9CF8-ACE6D75AA5B4}.Release|x86.ActiveCfg = Release|Any CPU
		{08F95B67-7A53-432C-9CF8-ACE6D75AA5B4}.Release|x86.Build.0 = Release|Any CPU
		{E4443871-C5BA-4471-A842-ACC5E2D55D31}.Debug|Any CPU.ActiveCfg = Debug|Any CPU
		{E4443871-C5BA-4471-A842-ACC5E2D55D31}.Debug|Any CPU.Build.0 = Debug|Any CPU
		{E4443871-C5BA-4471-A842-ACC5E2D55D31}.Debug|x64.ActiveCfg = Debug|Any CPU
		{E4443871-C5BA-4471-A842-ACC5E2D55D31}.Debug|x64.Build.0 = Debug|Any CPU
		{E4443871-C5BA-4471-A842-ACC5E2D55D31}.Debug|x86.ActiveCfg = Debug|Any CPU
		{E4443871-C5BA-4471-A842-ACC5E2D55D31}.Debug|x86.Build.0 = Debug|Any CPU
		{E4443871-C5BA-4471-A842-ACC5E2D55D31}.Release|Any CPU.ActiveCfg = Release|Any CPU
		{E4443871-C5BA-4471-A842-ACC5E2D55D31}.Release|Any CPU.Build.0 = Release|Any CPU
		{E4443871-C5BA-4471-A842-ACC5E2D55D31}.Release|x64.ActiveCfg = Release|Any CPU
		{E4443871-C5BA-4471-A842-ACC5E2D55D31}.Release|x64.Build.0 = Release|Any CPU
		{E4443871-C5BA-4471-A842-ACC5E2D55D31}.Release|x86.ActiveCfg = Release|Any CPU
		{E4443871-C5BA-4471-A842-ACC5E2D55D31}.Release|x86.Build.0 = Release|Any CPU
		{F27F793B-671B-472A-A470-C4C6B6D14224}.Debug|Any CPU.ActiveCfg = Debug|Any CPU
		{F27F793B-671B-472A-A470-C4C6B6D14224}.Debug|Any CPU.Build.0 = Debug|Any CPU
		{F27F793B-671B-472A-A470-C4C6B6D14224}.Debug|x64.ActiveCfg = Debug|Any CPU
		{F27F793B-671B-472A-A470-C4C6B6D14224}.Debug|x64.Build.0 = Debug|Any CPU
		{F27F793B-671B-472A-A470-C4C6B6D14224}.Debug|x86.ActiveCfg = Debug|Any CPU
		{F27F793B-671B-472A-A470-C4C6B6D14224}.Debug|x86.Build.0 = Debug|Any CPU
		{F27F793B-671B-472A-A470-C4C6B6D14224}.Release|Any CPU.ActiveCfg = Release|Any CPU
		{F27F793B-671B-472A-A470-C4C6B6D14224}.Release|Any CPU.Build.0 = Release|Any CPU
		{F27F793B-671B-472A-A470-C4C6B6D14224}.Release|x64.ActiveCfg = Release|Any CPU
		{F27F793B-671B-472A-A470-C4C6B6D14224}.Release|x64.Build.0 = Release|Any CPU
		{F27F793B-671B-472A-A470-C4C6B6D14224}.Release|x86.ActiveCfg = Release|Any CPU
		{F27F793B-671B-472A-A470-C4C6B6D14224}.Release|x86.Build.0 = Release|Any CPU
		{84F8AC54-41C5-410F-8227-4A0DAEC45885}.Debug|Any CPU.ActiveCfg = Debug|Any CPU
		{84F8AC54-41C5-410F-8227-4A0DAEC45885}.Debug|Any CPU.Build.0 = Debug|Any CPU
		{84F8AC54-41C5-410F-8227-4A0DAEC45885}.Debug|x64.ActiveCfg = Debug|Any CPU
		{84F8AC54-41C5-410F-8227-4A0DAEC45885}.Debug|x64.Build.0 = Debug|Any CPU
		{84F8AC54-41C5-410F-8227-4A0DAEC45885}.Debug|x86.ActiveCfg = Debug|Any CPU
		{84F8AC54-41C5-410F-8227-4A0DAEC45885}.Debug|x86.Build.0 = Debug|Any CPU
		{84F8AC54-41C5-410F-8227-4A0DAEC45885}.Release|Any CPU.ActiveCfg = Release|Any CPU
		{84F8AC54-41C5-410F-8227-4A0DAEC45885}.Release|Any CPU.Build.0 = Release|Any CPU
		{84F8AC54-41C5-410F-8227-4A0DAEC45885}.Release|x64.ActiveCfg = Release|Any CPU
		{84F8AC54-41C5-410F-8227-4A0DAEC45885}.Release|x64.Build.0 = Release|Any CPU
		{84F8AC54-41C5-410F-8227-4A0DAEC45885}.Release|x86.ActiveCfg = Release|Any CPU
		{84F8AC54-41C5-410F-8227-4A0DAEC45885}.Release|x86.Build.0 = Release|Any CPU
		{3387E47F-6392-4EDC-98D0-1390BA2BB510}.Debug|Any CPU.ActiveCfg = Debug|Any CPU
		{3387E47F-6392-4EDC-98D0-1390BA2BB510}.Debug|Any CPU.Build.0 = Debug|Any CPU
		{3387E47F-6392-4EDC-98D0-1390BA2BB510}.Debug|x64.ActiveCfg = Debug|Any CPU
		{3387E47F-6392-4EDC-98D0-1390BA2BB510}.Debug|x64.Build.0 = Debug|Any CPU
		{3387E47F-6392-4EDC-98D0-1390BA2BB510}.Debug|x86.ActiveCfg = Debug|Any CPU
		{3387E47F-6392-4EDC-98D0-1390BA2BB510}.Debug|x86.Build.0 = Debug|Any CPU
		{3387E47F-6392-4EDC-98D0-1390BA2BB510}.Release|Any CPU.ActiveCfg = Release|Any CPU
		{3387E47F-6392-4EDC-98D0-1390BA2BB510}.Release|Any CPU.Build.0 = Release|Any CPU
		{3387E47F-6392-4EDC-98D0-1390BA2BB510}.Release|x64.ActiveCfg = Release|Any CPU
		{3387E47F-6392-4EDC-98D0-1390BA2BB510}.Release|x64.Build.0 = Release|Any CPU
		{3387E47F-6392-4EDC-98D0-1390BA2BB510}.Release|x86.ActiveCfg = Release|Any CPU
		{3387E47F-6392-4EDC-98D0-1390BA2BB510}.Release|x86.Build.0 = Release|Any CPU
		{86236A88-1D64-4528-9DD5-462A29EF7361}.Debug|Any CPU.ActiveCfg = Debug|Any CPU
		{86236A88-1D64-4528-9DD5-462A29EF7361}.Debug|Any CPU.Build.0 = Debug|Any CPU
		{86236A88-1D64-4528-9DD5-462A29EF7361}.Debug|x64.ActiveCfg = Debug|Any CPU
		{86236A88-1D64-4528-9DD5-462A29EF7361}.Debug|x64.Build.0 = Debug|Any CPU
		{86236A88-1D64-4528-9DD5-462A29EF7361}.Debug|x86.ActiveCfg = Debug|Any CPU
		{86236A88-1D64-4528-9DD5-462A29EF7361}.Debug|x86.Build.0 = Debug|Any CPU
		{86236A88-1D64-4528-9DD5-462A29EF7361}.Release|Any CPU.ActiveCfg = Release|Any CPU
		{86236A88-1D64-4528-9DD5-462A29EF7361}.Release|Any CPU.Build.0 = Release|Any CPU
		{86236A88-1D64-4528-9DD5-462A29EF7361}.Release|x64.ActiveCfg = Release|Any CPU
		{86236A88-1D64-4528-9DD5-462A29EF7361}.Release|x64.Build.0 = Release|Any CPU
		{86236A88-1D64-4528-9DD5-462A29EF7361}.Release|x86.ActiveCfg = Release|Any CPU
		{86236A88-1D64-4528-9DD5-462A29EF7361}.Release|x86.Build.0 = Release|Any CPU
		{B82CCB31-8DCD-4A12-BAA4-73E87073794C}.Debug|Any CPU.ActiveCfg = Debug|Any CPU
		{B82CCB31-8DCD-4A12-BAA4-73E87073794C}.Debug|Any CPU.Build.0 = Debug|Any CPU
		{B82CCB31-8DCD-4A12-BAA4-73E87073794C}.Debug|x64.ActiveCfg = Debug|Any CPU
		{B82CCB31-8DCD-4A12-BAA4-73E87073794C}.Debug|x64.Build.0 = Debug|Any CPU
		{B82CCB31-8DCD-4A12-BAA4-73E87073794C}.Debug|x86.ActiveCfg = Debug|Any CPU
		{B82CCB31-8DCD-4A12-BAA4-73E87073794C}.Debug|x86.Build.0 = Debug|Any CPU
		{B82CCB31-8DCD-4A12-BAA4-73E87073794C}.Release|Any CPU.ActiveCfg = Release|Any CPU
		{B82CCB31-8DCD-4A12-BAA4-73E87073794C}.Release|Any CPU.Build.0 = Release|Any CPU
		{B82CCB31-8DCD-4A12-BAA4-73E87073794C}.Release|x64.ActiveCfg = Release|Any CPU
		{B82CCB31-8DCD-4A12-BAA4-73E87073794C}.Release|x64.Build.0 = Release|Any CPU
		{B82CCB31-8DCD-4A12-BAA4-73E87073794C}.Release|x86.ActiveCfg = Release|Any CPU
		{B82CCB31-8DCD-4A12-BAA4-73E87073794C}.Release|x86.Build.0 = Release|Any CPU
		{5D5B6891-97EA-4283-AA30-B4DA564F60F1}.Debug|Any CPU.ActiveCfg = Debug|Any CPU
		{5D5B6891-97EA-4283-AA30-B4DA564F60F1}.Debug|Any CPU.Build.0 = Debug|Any CPU
		{5D5B6891-97EA-4283-AA30-B4DA564F60F1}.Debug|x64.ActiveCfg = Debug|Any CPU
		{5D5B6891-97EA-4283-AA30-B4DA564F60F1}.Debug|x64.Build.0 = Debug|Any CPU
		{5D5B6891-97EA-4283-AA30-B4DA564F60F1}.Debug|x86.ActiveCfg = Debug|Any CPU
		{5D5B6891-97EA-4283-AA30-B4DA564F60F1}.Debug|x86.Build.0 = Debug|Any CPU
		{5D5B6891-97EA-4283-AA30-B4DA564F60F1}.Release|Any CPU.ActiveCfg = Release|Any CPU
		{5D5B6891-97EA-4283-AA30-B4DA564F60F1}.Release|Any CPU.Build.0 = Release|Any CPU
		{5D5B6891-97EA-4283-AA30-B4DA564F60F1}.Release|x64.ActiveCfg = Release|Any CPU
		{5D5B6891-97EA-4283-AA30-B4DA564F60F1}.Release|x64.Build.0 = Release|Any CPU
		{5D5B6891-97EA-4283-AA30-B4DA564F60F1}.Release|x86.ActiveCfg = Release|Any CPU
		{5D5B6891-97EA-4283-AA30-B4DA564F60F1}.Release|x86.Build.0 = Release|Any CPU
		{5DB9B998-432C-44F3-B20F-300D9EFD372C}.Debug|Any CPU.ActiveCfg = Debug|Any CPU
		{5DB9B998-432C-44F3-B20F-300D9EFD372C}.Debug|Any CPU.Build.0 = Debug|Any CPU
		{5DB9B998-432C-44F3-B20F-300D9EFD372C}.Debug|x64.ActiveCfg = Debug|Any CPU
		{5DB9B998-432C-44F3-B20F-300D9EFD372C}.Debug|x64.Build.0 = Debug|Any CPU
		{5DB9B998-432C-44F3-B20F-300D9EFD372C}.Debug|x86.ActiveCfg = Debug|Any CPU
		{5DB9B998-432C-44F3-B20F-300D9EFD372C}.Debug|x86.Build.0 = Debug|Any CPU
		{5DB9B998-432C-44F3-B20F-300D9EFD372C}.Release|Any CPU.ActiveCfg = Release|Any CPU
		{5DB9B998-432C-44F3-B20F-300D9EFD372C}.Release|Any CPU.Build.0 = Release|Any CPU
		{5DB9B998-432C-44F3-B20F-300D9EFD372C}.Release|x64.ActiveCfg = Release|Any CPU
		{5DB9B998-432C-44F3-B20F-300D9EFD372C}.Release|x64.Build.0 = Release|Any CPU
		{5DB9B998-432C-44F3-B20F-300D9EFD372C}.Release|x86.ActiveCfg = Release|Any CPU
		{5DB9B998-432C-44F3-B20F-300D9EFD372C}.Release|x86.Build.0 = Release|Any CPU
		{A5E99673-FED3-44D3-92D5-9C82B4D195AC}.Debug|Any CPU.ActiveCfg = Debug|Any CPU
		{A5E99673-FED3-44D3-92D5-9C82B4D195AC}.Debug|Any CPU.Build.0 = Debug|Any CPU
		{A5E99673-FED3-44D3-92D5-9C82B4D195AC}.Debug|x64.ActiveCfg = Debug|Any CPU
		{A5E99673-FED3-44D3-92D5-9C82B4D195AC}.Debug|x64.Build.0 = Debug|Any CPU
		{A5E99673-FED3-44D3-92D5-9C82B4D195AC}.Debug|x86.ActiveCfg = Debug|Any CPU
		{A5E99673-FED3-44D3-92D5-9C82B4D195AC}.Debug|x86.Build.0 = Debug|Any CPU
		{A5E99673-FED3-44D3-92D5-9C82B4D195AC}.Release|Any CPU.ActiveCfg = Release|Any CPU
		{A5E99673-FED3-44D3-92D5-9C82B4D195AC}.Release|Any CPU.Build.0 = Release|Any CPU
		{A5E99673-FED3-44D3-92D5-9C82B4D195AC}.Release|x64.ActiveCfg = Release|Any CPU
		{A5E99673-FED3-44D3-92D5-9C82B4D195AC}.Release|x64.Build.0 = Release|Any CPU
		{A5E99673-FED3-44D3-92D5-9C82B4D195AC}.Release|x86.ActiveCfg = Release|Any CPU
		{A5E99673-FED3-44D3-92D5-9C82B4D195AC}.Release|x86.Build.0 = Release|Any CPU
	EndGlobalSection
	GlobalSection(SolutionProperties) = preSolution
		HideSolutionNode = FALSE
	EndGlobalSection
EndGlobal
