
Microsoft Visual Studio Solution File, Format Version 12.00
# Visual Studio Version 17
VisualStudioVersion = 17.0.31903.59
MinimumVisualStudioVersion = 10.0.40219.1
Project("{FAE04EC0-301F-11D3-BF4B-00C04F79EFBC}") = "Boolean01", "Boolean01\Boolean01.csproj", "{945D6437-84C4-49D6-8406-33D747AFA75B}"
EndProject
Project("{FAE04EC0-301F-11D3-BF4B-00C04F79EFBC}") = "Boolean02", "Boolean02\Boolean02.csproj", "{B5299D60-88B4-49BD-BD53-4EFA0174F613}"
EndProject
Project("{FAE04EC0-301F-11D3-BF4B-00C04F79EFBC}") = "Boolean03", "Boolean03\Boolean03.csproj", "{D39BBEC9-0135-452D-80EC-F10A9C7E5E13}"
EndProject
Project("{FAE04EC0-301F-11D3-BF4B-00C04F79EFBC}") = "Boolean04", "Boolean04\Boolean04.csproj", "{E2EADDD3-9B9E-4031-A36F-B8ED29148746}"
EndProject
Project("{FAE04EC0-301F-11D3-BF4B-00C04F79EFBC}") = "Boolean05", "Boolean05\Boolean05.csproj", "{6B07DACA-753E-483C-8CED-FB26018DBEBA}"
EndProject
Project("{FAE04EC0-301F-11D3-BF4B-00C04F79EFBC}") = "Boolean06", "Boolean06\Boolean06.csproj", "{4B543374-6DB6-46DC-835D-2BE4CE59F281}"
EndProject
Project("{FAE04EC0-301F-11D3-BF4B-00C04F79EFBC}") = "Boolean07", "Boolean07\Boolean07.csproj", "{0FEBE057-09FB-4757-8DEF-5A2CAC1590C3}"
EndProject
Project("{FAE04EC0-301F-11D3-BF4B-00C04F79EFBC}") = "Boolean08", "Boolean08\Boolean08.csproj", "{BDDFDB23-5E58-44AA-B8F3-2414DFD9D2D4}"
EndProject
Project("{FAE04EC0-301F-11D3-BF4B-00C04F79EFBC}") = "Boolean09", "Boolean09\Boolean09.csproj", "{EEBB182A-1B9A-42E3-A82E-F4270726B04E}"
EndProject
Project("{FAE04EC0-301F-11D3-BF4B-00C04F79EFBC}") = "Boolean10", "Boolean10\Boolean10.csproj", "{0EBD6679-FD4D-46EF-801A-19AB1EC439B9}"
EndProject
Project("{FAE04EC0-301F-11D3-BF4B-00C04F79EFBC}") = "Boolean11", "Boolean11\Boolean11.csproj", "{387AAE20-5E19-4A3B-9179-5DF6317FF41E}"
EndProject
Project("{FAE04EC0-301F-11D3-BF4B-00C04F79EFBC}") = "Boolean12", "Boolean12\Boolean12.csproj", "{192132E6-84FF-42B8-8BEF-A0BB7803851A}"
EndProject
Project("{FAE04EC0-301F-11D3-BF4B-00C04F79EFBC}") = "Boolean13", "Boolean13\Boolean13.csproj", "{2D6569CC-F639-4D71-8B28-766DA1352F0C}"
EndProject
Project("{FAE04EC0-301F-11D3-BF4B-00C04F79EFBC}") = "Boolean14", "Boolean14\Boolean14.csproj", "{4D0C2582-9A83-4C48-A257-37BFD2E54808}"
EndProject
Project("{FAE04EC0-301F-11D3-BF4B-00C04F79EFBC}") = "Boolean15", "Boolean15\Boolean15.csproj", "{4200FAFD-B1AF-4947-B8D5-F16F5A1075BD}"
EndProject
Project("{FAE04EC0-301F-11D3-BF4B-00C04F79EFBC}") = "Boolean16", "Boolean16\Boolean16.csproj", "{2AC14715-61CF-4D79-82D4-5E1F0326AB3A}"
EndProject
Project("{FAE04EC0-301F-11D3-BF4B-00C04F79EFBC}") = "Boolean17", "Boolean17\Boolean17.csproj", "{D24BCDD3-FF4B-4630-9ACE-15F01A539EF2}"
EndProject
Project("{FAE04EC0-301F-11D3-BF4B-00C04F79EFBC}") = "Boolean18", "Boolean18\Boolean18.csproj", "{EB0D50CE-BD9A-4697-A325-07B4D314FDC0}"
EndProject
Project("{FAE04EC0-301F-11D3-BF4B-00C04F79EFBC}") = "Boolean19", "Boolean19\Boolean19.csproj", "{EF001DD3-7318-48D5-922F-4DC8CCC443BD}"
EndProject
Project("{FAE04EC0-301F-11D3-BF4B-00C04F79EFBC}") = "Boolean20", "Boolean20\Boolean20.csproj", "{22D895E3-F35D-415E-9290-5FCAA5A528C8}"
EndProject
Project("{FAE04EC0-301F-11D3-BF4B-00C04F79EFBC}") = "Boolean21", "Boolean21\Boolean21.csproj", "{DE13DEBF-F5F1-4B27-9CC9-16922A445B3A}"
EndProject
Project("{FAE04EC0-301F-11D3-BF4B-00C04F79EFBC}") = "Boolean22", "Boolean22\Boolean22.csproj", "{F7AF5C6A-2A4B-4917-887B-1834A2C4C3BC}"
EndProject
Project("{FAE04EC0-301F-11D3-BF4B-00C04F79EFBC}") = "Boolean23", "Boolean23\Boolean23.csproj", "{36A2F8CB-6108-41A8-995C-E079300D6892}"
EndProject
Project("{FAE04EC0-301F-11D3-BF4B-00C04F79EFBC}") = "Boolean24", "Boolean24\Boolean24.csproj", "{ECCD5300-1D02-422F-ABAD-3F03AC8590CD}"
EndProject
Global
	GlobalSection(SolutionConfigurationPlatforms) = preSolution
		Debug|Any CPU = Debug|Any CPU
		Debug|x64 = Debug|x64
		Debug|x86 = Debug|x86
		Release|Any CPU = Release|Any CPU
		Release|x64 = Release|x64
		Release|x86 = Release|x86
	EndGlobalSection
	GlobalSection(ProjectConfigurationPlatforms) = postSolution
		{945D6437-84C4-49D6-8406-33D747AFA75B}.Debug|Any CPU.ActiveCfg = Debug|Any CPU
		{945D6437-84C4-49D6-8406-33D747AFA75B}.Debug|Any CPU.Build.0 = Debug|Any CPU
		{945D6437-84C4-49D6-8406-33D747AFA75B}.Debug|x64.ActiveCfg = Debug|Any CPU
		{945D6437-84C4-49D6-8406-33D747AFA75B}.Debug|x64.Build.0 = Debug|Any CPU
		{945D6437-84C4-49D6-8406-33D747AFA75B}.Debug|x86.ActiveCfg = Debug|Any CPU
		{945D6437-84C4-49D6-8406-33D747AFA75B}.Debug|x86.Build.0 = Debug|Any CPU
		{945D6437-84C4-49D6-8406-33D747AFA75B}.Release|Any CPU.ActiveCfg = Release|Any CPU
		{945D6437-84C4-49D6-8406-33D747AFA75B}.Release|Any CPU.Build.0 = Release|Any CPU
		{945D6437-84C4-49D6-8406-33D747AFA75B}.Release|x64.ActiveCfg = Release|Any CPU
		{945D6437-84C4-49D6-8406-33D747AFA75B}.Release|x64.Build.0 = Release|Any CPU
		{945D6437-84C4-49D6-8406-33D747AFA75B}.Release|x86.ActiveCfg = Release|Any CPU
		{945D6437-84C4-49D6-8406-33D747AFA75B}.Release|x86.Build.0 = Release|Any CPU
		{B5299D60-88B4-49BD-BD53-4EFA0174F613}.Debug|Any CPU.ActiveCfg = Debug|Any CPU
		{B5299D60-88B4-49BD-BD53-4EFA0174F613}.Debug|Any CPU.Build.0 = Debug|Any CPU
		{B5299D60-88B4-49BD-BD53-4EFA0174F613}.Debug|x64.ActiveCfg = Debug|Any CPU
		{B5299D60-88B4-49BD-BD53-4EFA0174F613}.Debug|x64.Build.0 = Debug|Any CPU
		{B5299D60-88B4-49BD-BD53-4EFA0174F613}.Debug|x86.ActiveCfg = Debug|Any CPU
		{B5299D60-88B4-49BD-BD53-4EFA0174F613}.Debug|x86.Build.0 = Debug|Any CPU
		{B5299D60-88B4-49BD-BD53-4EFA0174F613}.Release|Any CPU.ActiveCfg = Release|Any CPU
		{B5299D60-88B4-49BD-BD53-4EFA0174F613}.Release|Any CPU.Build.0 = Release|Any CPU
		{B5299D60-88B4-49BD-BD53-4EFA0174F613}.Release|x64.ActiveCfg = Release|Any CPU
		{B5299D60-88B4-49BD-BD53-4EFA0174F613}.Release|x64.Build.0 = Release|Any CPU
		{B5299D60-88B4-49BD-BD53-4EFA0174F613}.Release|x86.ActiveCfg = Release|Any CPU
		{B5299D60-88B4-49BD-BD53-4EFA0174F613}.Release|x86.Build.0 = Release|Any CPU
		{D39BBEC9-0135-452D-80EC-F10A9C7E5E13}.Debug|Any CPU.ActiveCfg = Debug|Any CPU
		{D39BBEC9-0135-452D-80EC-F10A9C7E5E13}.Debug|Any CPU.Build.0 = Debug|Any CPU
		{D39BBEC9-0135-452D-80EC-F10A9C7E5E13}.Debug|x64.ActiveCfg = Debug|Any CPU
		{D39BBEC9-0135-452D-80EC-F10A9C7E5E13}.Debug|x64.Build.0 = Debug|Any CPU
		{D39BBEC9-0135-452D-80EC-F10A9C7E5E13}.Debug|x86.ActiveCfg = Debug|Any CPU
		{D39BBEC9-0135-452D-80EC-F10A9C7E5E13}.Debug|x86.Build.0 = Debug|Any CPU
		{D39BBEC9-0135-452D-80EC-F10A9C7E5E13}.Release|Any CPU.ActiveCfg = Release|Any CPU
		{D39BBEC9-0135-452D-80EC-F10A9C7E5E13}.Release|Any CPU.Build.0 = Release|Any CPU
		{D39BBEC9-0135-452D-80EC-F10A9C7E5E13}.Release|x64.ActiveCfg = Release|Any CPU
		{D39BBEC9-0135-452D-80EC-F10A9C7E5E13}.Release|x64.Build.0 = Release|Any CPU
		{D39BBEC9-0135-452D-80EC-F10A9C7E5E13}.Release|x86.ActiveCfg = Release|Any CPU
		{D39BBEC9-0135-452D-80EC-F10A9C7E5E13}.Release|x86.Build.0 = Release|Any CPU
		{E2EADDD3-9B9E-4031-A36F-B8ED29148746}.Debug|Any CPU.ActiveCfg = Debug|Any CPU
		{E2EADDD3-9B9E-4031-A36F-B8ED29148746}.Debug|Any CPU.Build.0 = Debug|Any CPU
		{E2EADDD3-9B9E-4031-A36F-B8ED29148746}.Debug|x64.ActiveCfg = Debug|Any CPU
		{E2EADDD3-9B9E-4031-A36F-B8ED29148746}.Debug|x64.Build.0 = Debug|Any CPU
		{E2EADDD3-9B9E-4031-A36F-B8ED29148746}.Debug|x86.ActiveCfg = Debug|Any CPU
		{E2EADDD3-9B9E-4031-A36F-B8ED29148746}.Debug|x86.Build.0 = Debug|Any CPU
		{E2EADDD3-9B9E-4031-A36F-B8ED29148746}.Release|Any CPU.ActiveCfg = Release|Any CPU
		{E2EADDD3-9B9E-4031-A36F-B8ED29148746}.Release|Any CPU.Build.0 = Release|Any CPU
		{E2EADDD3-9B9E-4031-A36F-B8ED29148746}.Release|x64.ActiveCfg = Release|Any CPU
		{E2EADDD3-9B9E-4031-A36F-B8ED29148746}.Release|x64.Build.0 = Release|Any CPU
		{E2EADDD3-9B9E-4031-A36F-B8ED29148746}.Release|x86.ActiveCfg = Release|Any CPU
		{E2EADDD3-9B9E-4031-A36F-B8ED29148746}.Release|x86.Build.0 = Release|Any CPU
		{6B07DACA-753E-483C-8CED-FB26018DBEBA}.Debug|Any CPU.ActiveCfg = Debug|Any CPU
		{6B07DACA-753E-483C-8CED-FB26018DBEBA}.Debug|Any CPU.Build.0 = Debug|Any CPU
		{6B07DACA-753E-483C-8CED-FB26018DBEBA}.Debug|x64.ActiveCfg = Debug|Any CPU
		{6B07DACA-753E-483C-8CED-FB26018DBEBA}.Debug|x64.Build.0 = Debug|Any CPU
		{6B07DACA-753E-483C-8CED-FB26018DBEBA}.Debug|x86.ActiveCfg = Debug|Any CPU
		{6B07DACA-753E-483C-8CED-FB26018DBEBA}.Debug|x86.Build.0 = Debug|Any CPU
		{6B07DACA-753E-483C-8CED-FB26018DBEBA}.Release|Any CPU.ActiveCfg = Release|Any CPU
		{6B07DACA-753E-483C-8CED-FB26018DBEBA}.Release|Any CPU.Build.0 = Release|Any CPU
		{6B07DACA-753E-483C-8CED-FB26018DBEBA}.Release|x64.ActiveCfg = Release|Any CPU
		{6B07DACA-753E-483C-8CED-FB26018DBEBA}.Release|x64.Build.0 = Release|Any CPU
		{6B07DACA-753E-483C-8CED-FB26018DBEBA}.Release|x86.ActiveCfg = Release|Any CPU
		{6B07DACA-753E-483C-8CED-FB26018DBEBA}.Release|x86.Build.0 = Release|Any CPU
		{4B543374-6DB6-46DC-835D-2BE4CE59F281}.Debug|Any CPU.ActiveCfg = Debug|Any CPU
		{4B543374-6DB6-46DC-835D-2BE4CE59F281}.Debug|Any CPU.Build.0 = Debug|Any CPU
		{4B543374-6DB6-46DC-835D-2BE4CE59F281}.Debug|x64.ActiveCfg = Debug|Any CPU
		{4B543374-6DB6-46DC-835D-2BE4CE59F281}.Debug|x64.Build.0 = Debug|Any CPU
		{4B543374-6DB6-46DC-835D-2BE4CE59F281}.Debug|x86.ActiveCfg = Debug|Any CPU
		{4B543374-6DB6-46DC-835D-2BE4CE59F281}.Debug|x86.Build.0 = Debug|Any CPU
		{4B543374-6DB6-46DC-835D-2BE4CE59F281}.Release|Any CPU.ActiveCfg = Release|Any CPU
		{4B543374-6DB6-46DC-835D-2BE4CE59F281}.Release|Any CPU.Build.0 = Release|Any CPU
		{4B543374-6DB6-46DC-835D-2BE4CE59F281}.Release|x64.ActiveCfg = Release|Any CPU
		{4B543374-6DB6-46DC-835D-2BE4CE59F281}.Release|x64.Build.0 = Release|Any CPU
		{4B543374-6DB6-46DC-835D-2BE4CE59F281}.Release|x86.ActiveCfg = Release|Any CPU
		{4B543374-6DB6-46DC-835D-2BE4CE59F281}.Release|x86.Build.0 = Release|Any CPU
		{0FEBE057-09FB-4757-8DEF-5A2CAC1590C3}.Debug|Any CPU.ActiveCfg = Debug|Any CPU
		{0FEBE057-09FB-4757-8DEF-5A2CAC1590C3}.Debug|Any CPU.Build.0 = Debug|Any CPU
		{0FEBE057-09FB-4757-8DEF-5A2CAC1590C3}.Debug|x64.ActiveCfg = Debug|Any CPU
		{0FEBE057-09FB-4757-8DEF-5A2CAC1590C3}.Debug|x64.Build.0 = Debug|Any CPU
		{0FEBE057-09FB-4757-8DEF-5A2CAC1590C3}.Debug|x86.ActiveCfg = Debug|Any CPU
		{0FEBE057-09FB-4757-8DEF-5A2CAC1590C3}.Debug|x86.Build.0 = Debug|Any CPU
		{0FEBE057-09FB-4757-8DEF-5A2CAC1590C3}.Release|Any CPU.ActiveCfg = Release|Any CPU
		{0FEBE057-09FB-4757-8DEF-5A2CAC1590C3}.Release|Any CPU.Build.0 = Release|Any CPU
		{0FEBE057-09FB-4757-8DEF-5A2CAC1590C3}.Release|x64.ActiveCfg = Release|Any CPU
		{0FEBE057-09FB-4757-8DEF-5A2CAC1590C3}.Release|x64.Build.0 = Release|Any CPU
		{0FEBE057-09FB-4757-8DEF-5A2CAC1590C3}.Release|x86.ActiveCfg = Release|Any CPU
		{0FEBE057-09FB-4757-8DEF-5A2CAC1590C3}.Release|x86.Build.0 = Release|Any CPU
		{BDDFDB23-5E58-44AA-B8F3-2414DFD9D2D4}.Debug|Any CPU.ActiveCfg = Debug|Any CPU
		{BDDFDB23-5E58-44AA-B8F3-2414DFD9D2D4}.Debug|Any CPU.Build.0 = Debug|Any CPU
		{BDDFDB23-5E58-44AA-B8F3-2414DFD9D2D4}.Debug|x64.ActiveCfg = Debug|Any CPU
		{BDDFDB23-5E58-44AA-B8F3-2414DFD9D2D4}.Debug|x64.Build.0 = Debug|Any CPU
		{BDDFDB23-5E58-44AA-B8F3-2414DFD9D2D4}.Debug|x86.ActiveCfg = Debug|Any CPU
		{BDDFDB23-5E58-44AA-B8F3-2414DFD9D2D4}.Debug|x86.Build.0 = Debug|Any CPU
		{BDDFDB23-5E58-44AA-B8F3-2414DFD9D2D4}.Release|Any CPU.ActiveCfg = Release|Any CPU
		{BDDFDB23-5E58-44AA-B8F3-2414DFD9D2D4}.Release|Any CPU.Build.0 = Release|Any CPU
		{BDDFDB23-5E58-44AA-B8F3-2414DFD9D2D4}.Release|x64.ActiveCfg = Release|Any CPU
		{BDDFDB23-5E58-44AA-B8F3-2414DFD9D2D4}.Release|x64.Build.0 = Release|Any CPU
		{BDDFDB23-5E58-44AA-B8F3-2414DFD9D2D4}.Release|x86.ActiveCfg = Release|Any CPU
		{BDDFDB23-5E58-44AA-B8F3-2414DFD9D2D4}.Release|x86.Build.0 = Release|Any CPU
		{EEBB182A-1B9A-42E3-A82E-F4270726B04E}.Debug|Any CPU.ActiveCfg = Debug|Any CPU
		{EEBB182A-1B9A-42E3-A82E-F4270726B04E}.Debug|Any CPU.Build.0 = Debug|Any CPU
		{EEBB182A-1B9A-42E3-A82E-F4270726B04E}.Debug|x64.ActiveCfg = Debug|Any CPU
		{EEBB182A-1B9A-42E3-A82E-F4270726B04E}.Debug|x64.Build.0 = Debug|Any CPU
		{EEBB182A-1B9A-42E3-A82E-F4270726B04E}.Debug|x86.ActiveCfg = Debug|Any CPU
		{EEBB182A-1B9A-42E3-A82E-F4270726B04E}.Debug|x86.Build.0 = Debug|Any CPU
		{EEBB182A-1B9A-42E3-A82E-F4270726B04E}.Release|Any CPU.ActiveCfg = Release|Any CPU
		{EEBB182A-1B9A-42E3-A82E-F4270726B04E}.Release|Any CPU.Build.0 = Release|Any CPU
		{EEBB182A-1B9A-42E3-A82E-F4270726B04E}.Release|x64.ActiveCfg = Release|Any CPU
		{EEBB182A-1B9A-42E3-A82E-F4270726B04E}.Release|x64.Build.0 = Release|Any CPU
		{EEBB182A-1B9A-42E3-A82E-F4270726B04E}.Release|x86.ActiveCfg = Release|Any CPU
		{EEBB182A-1B9A-42E3-A82E-F4270726B04E}.Release|x86.Build.0 = Release|Any CPU
		{0EBD6679-FD4D-46EF-801A-19AB1EC439B9}.Debug|Any CPU.ActiveCfg = Debug|Any CPU
		{0EBD6679-FD4D-46EF-801A-19AB1EC439B9}.Debug|Any CPU.Build.0 = Debug|Any CPU
		{0EBD6679-FD4D-46EF-801A-19AB1EC439B9}.Debug|x64.ActiveCfg = Debug|Any CPU
		{0EBD6679-FD4D-46EF-801A-19AB1EC439B9}.Debug|x64.Build.0 = Debug|Any CPU
		{0EBD6679-FD4D-46EF-801A-19AB1EC439B9}.Debug|x86.ActiveCfg = Debug|Any CPU
		{0EBD6679-FD4D-46EF-801A-19AB1EC439B9}.Debug|x86.Build.0 = Debug|Any CPU
		{0EBD6679-FD4D-46EF-801A-19AB1EC439B9}.Release|Any CPU.ActiveCfg = Release|Any CPU
		{0EBD6679-FD4D-46EF-801A-19AB1EC439B9}.Release|Any CPU.Build.0 = Release|Any CPU
		{0EBD6679-FD4D-46EF-801A-19AB1EC439B9}.Release|x64.ActiveCfg = Release|Any CPU
		{0EBD6679-FD4D-46EF-801A-19AB1EC439B9}.Release|x64.Build.0 = Release|Any CPU
		{0EBD6679-FD4D-46EF-801A-19AB1EC439B9}.Release|x86.ActiveCfg = Release|Any CPU
		{0EBD6679-FD4D-46EF-801A-19AB1EC439B9}.Release|x86.Build.0 = Release|Any CPU
		{387AAE20-5E19-4A3B-9179-5DF6317FF41E}.Debug|Any CPU.ActiveCfg = Debug|Any CPU
		{387AAE20-5E19-4A3B-9179-5DF6317FF41E}.Debug|Any CPU.Build.0 = Debug|Any CPU
		{387AAE20-5E19-4A3B-9179-5DF6317FF41E}.Debug|x64.ActiveCfg = Debug|Any CPU
		{387AAE20-5E19-4A3B-9179-5DF6317FF41E}.Debug|x64.Build.0 = Debug|Any CPU
		{387AAE20-5E19-4A3B-9179-5DF6317FF41E}.Debug|x86.ActiveCfg = Debug|Any CPU
		{387AAE20-5E19-4A3B-9179-5DF6317FF41E}.Debug|x86.Build.0 = Debug|Any CPU
		{387AAE20-5E19-4A3B-9179-5DF6317FF41E}.Release|Any CPU.ActiveCfg = Release|Any CPU
		{387AAE20-5E19-4A3B-9179-5DF6317FF41E}.Release|Any CPU.Build.0 = Release|Any CPU
		{387AAE20-5E19-4A3B-9179-5DF6317FF41E}.Release|x64.ActiveCfg = Release|Any CPU
		{387AAE20-5E19-4A3B-9179-5DF6317FF41E}.Release|x64.Build.0 = Release|Any CPU
		{387AAE20-5E19-4A3B-9179-5DF6317FF41E}.Release|x86.ActiveCfg = Release|Any CPU
		{387AAE20-5E19-4A3B-9179-5DF6317FF41E}.Release|x86.Build.0 = Release|Any CPU
		{192132E6-84FF-42B8-8BEF-A0BB7803851A}.Debug|Any CPU.ActiveCfg = Debug|Any CPU
		{192132E6-84FF-42B8-8BEF-A0BB7803851A}.Debug|Any CPU.Build.0 = Debug|Any CPU
		{192132E6-84FF-42B8-8BEF-A0BB7803851A}.Debug|x64.ActiveCfg = Debug|Any CPU
		{192132E6-84FF-42B8-8BEF-A0BB7803851A}.Debug|x64.Build.0 = Debug|Any CPU
		{192132E6-84FF-42B8-8BEF-A0BB7803851A}.Debug|x86.ActiveCfg = Debug|Any CPU
		{192132E6-84FF-42B8-8BEF-A0BB7803851A}.Debug|x86.Build.0 = Debug|Any CPU
		{192132E6-84FF-42B8-8BEF-A0BB7803851A}.Release|Any CPU.ActiveCfg = Release|Any CPU
		{192132E6-84FF-42B8-8BEF-A0BB7803851A}.Release|Any CPU.Build.0 = Release|Any CPU
		{192132E6-84FF-42B8-8BEF-A0BB7803851A}.Release|x64.ActiveCfg = Release|Any CPU
		{192132E6-84FF-42B8-8BEF-A0BB7803851A}.Release|x64.Build.0 = Release|Any CPU
		{192132E6-84FF-42B8-8BEF-A0BB7803851A}.Release|x86.ActiveCfg = Release|Any CPU
		{192132E6-84FF-42B8-8BEF-A0BB7803851A}.Release|x86.Build.0 = Release|Any CPU
		{2D6569CC-F639-4D71-8B28-766DA1352F0C}.Debug|Any CPU.ActiveCfg = Debug|Any CPU
		{2D6569CC-F639-4D71-8B28-766DA1352F0C}.Debug|Any CPU.Build.0 = Debug|Any CPU
		{2D6569CC-F639-4D71-8B28-766DA1352F0C}.Debug|x64.ActiveCfg = Debug|Any CPU
		{2D6569CC-F639-4D71-8B28-766DA1352F0C}.Debug|x64.Build.0 = Debug|Any CPU
		{2D6569CC-F639-4D71-8B28-766DA1352F0C}.Debug|x86.ActiveCfg = Debug|Any CPU
		{2D6569CC-F639-4D71-8B28-766DA1352F0C}.Debug|x86.Build.0 = Debug|Any CPU
		{2D6569CC-F639-4D71-8B28-766DA1352F0C}.Release|Any CPU.ActiveCfg = Release|Any CPU
		{2D6569CC-F639-4D71-8B28-766DA1352F0C}.Release|Any CPU.Build.0 = Release|Any CPU
		{2D6569CC-F639-4D71-8B28-766DA1352F0C}.Release|x64.ActiveCfg = Release|Any CPU
		{2D6569CC-F639-4D71-8B28-766DA1352F0C}.Release|x64.Build.0 = Release|Any CPU
		{2D6569CC-F639-4D71-8B28-766DA1352F0C}.Release|x86.ActiveCfg = Release|Any CPU
		{2D6569CC-F639-4D71-8B28-766DA1352F0C}.Release|x86.Build.0 = Release|Any CPU
		{4D0C2582-9A83-4C48-A257-37BFD2E54808}.Debug|Any CPU.ActiveCfg = Debug|Any CPU
		{4D0C2582-9A83-4C48-A257-37BFD2E54808}.Debug|Any CPU.Build.0 = Debug|Any CPU
		{4D0C2582-9A83-4C48-A257-37BFD2E54808}.Debug|x64.ActiveCfg = Debug|Any CPU
		{4D0C2582-9A83-4C48-A257-37BFD2E54808}.Debug|x64.Build.0 = Debug|Any CPU
		{4D0C2582-9A83-4C48-A257-37BFD2E54808}.Debug|x86.ActiveCfg = Debug|Any CPU
		{4D0C2582-9A83-4C48-A257-37BFD2E54808}.Debug|x86.Build.0 = Debug|Any CPU
		{4D0C2582-9A83-4C48-A257-37BFD2E54808}.Release|Any CPU.ActiveCfg = Release|Any CPU
		{4D0C2582-9A83-4C48-A257-37BFD2E54808}.Release|Any CPU.Build.0 = Release|Any CPU
		{4D0C2582-9A83-4C48-A257-37BFD2E54808}.Release|x64.ActiveCfg = Release|Any CPU
		{4D0C2582-9A83-4C48-A257-37BFD2E54808}.Release|x64.Build.0 = Release|Any CPU
		{4D0C2582-9A83-4C48-A257-37BFD2E54808}.Release|x86.ActiveCfg = Release|Any CPU
		{4D0C2582-9A83-4C48-A257-37BFD2E54808}.Release|x86.Build.0 = Release|Any CPU
		{4200FAFD-B1AF-4947-B8D5-F16F5A1075BD}.Debug|Any CPU.ActiveCfg = Debug|Any CPU
		{4200FAFD-B1AF-4947-B8D5-F16F5A1075BD}.Debug|Any CPU.Build.0 = Debug|Any CPU
		{4200FAFD-B1AF-4947-B8D5-F16F5A1075BD}.Debug|x64.ActiveCfg = Debug|Any CPU
		{4200FAFD-B1AF-4947-B8D5-F16F5A1075BD}.Debug|x64.Build.0 = Debug|Any CPU
		{4200FAFD-B1AF-4947-B8D5-F16F5A1075BD}.Debug|x86.ActiveCfg = Debug|Any CPU
		{4200FAFD-B1AF-4947-B8D5-F16F5A1075BD}.Debug|x86.Build.0 = Debug|Any CPU
		{4200FAFD-B1AF-4947-B8D5-F16F5A1075BD}.Release|Any CPU.ActiveCfg = Release|Any CPU
		{4200FAFD-B1AF-4947-B8D5-F16F5A1075BD}.Release|Any CPU.Build.0 = Release|Any CPU
		{4200FAFD-B1AF-4947-B8D5-F16F5A1075BD}.Release|x64.ActiveCfg = Release|Any CPU
		{4200FAFD-B1AF-4947-B8D5-F16F5A1075BD}.Release|x64.Build.0 = Release|Any CPU
		{4200FAFD-B1AF-4947-B8D5-F16F5A1075BD}.Release|x86.ActiveCfg = Release|Any CPU
		{4200FAFD-B1AF-4947-B8D5-F16F5A1075BD}.Release|x86.Build.0 = Release|Any CPU
		{2AC14715-61CF-4D79-82D4-5E1F0326AB3A}.Debug|Any CPU.ActiveCfg = Debug|Any CPU
		{2AC14715-61CF-4D79-82D4-5E1F0326AB3A}.Debug|Any CPU.Build.0 = Debug|Any CPU
		{2AC14715-61CF-4D79-82D4-5E1F0326AB3A}.Debug|x64.ActiveCfg = Debug|Any CPU
		{2AC14715-61CF-4D79-82D4-5E1F0326AB3A}.Debug|x64.Build.0 = Debug|Any CPU
		{2AC14715-61CF-4D79-82D4-5E1F0326AB3A}.Debug|x86.ActiveCfg = Debug|Any CPU
		{2AC14715-61CF-4D79-82D4-5E1F0326AB3A}.Debug|x86.Build.0 = Debug|Any CPU
		{2AC14715-61CF-4D79-82D4-5E1F0326AB3A}.Release|Any CPU.ActiveCfg = Release|Any CPU
		{2AC14715-61CF-4D79-82D4-5E1F0326AB3A}.Release|Any CPU.Build.0 = Release|Any CPU
		{2AC14715-61CF-4D79-82D4-5E1F0326AB3A}.Release|x64.ActiveCfg = Release|Any CPU
		{2AC14715-61CF-4D79-82D4-5E1F0326AB3A}.Release|x64.Build.0 = Release|Any CPU
		{2AC14715-61CF-4D79-82D4-5E1F0326AB3A}.Release|x86.ActiveCfg = Release|Any CPU
		{2AC14715-61CF-4D79-82D4-5E1F0326AB3A}.Release|x86.Build.0 = Release|Any CPU
		{D24BCDD3-FF4B-4630-9ACE-15F01A539EF2}.Debug|Any CPU.ActiveCfg = Debug|Any CPU
		{D24BCDD3-FF4B-4630-9ACE-15F01A539EF2}.Debug|Any CPU.Build.0 = Debug|Any CPU
		{D24BCDD3-FF4B-4630-9ACE-15F01A539EF2}.Debug|x64.ActiveCfg = Debug|Any CPU
		{D24BCDD3-FF4B-4630-9ACE-15F01A539EF2}.Debug|x64.Build.0 = Debug|Any CPU
		{D24BCDD3-FF4B-4630-9ACE-15F01A539EF2}.Debug|x86.ActiveCfg = Debug|Any CPU
		{D24BCDD3-FF4B-4630-9ACE-15F01A539EF2}.Debug|x86.Build.0 = Debug|Any CPU
		{D24BCDD3-FF4B-4630-9ACE-15F01A539EF2}.Release|Any CPU.ActiveCfg = Release|Any CPU
		{D24BCDD3-FF4B-4630-9ACE-15F01A539EF2}.Release|Any CPU.Build.0 = Release|Any CPU
		{D24BCDD3-FF4B-4630-9ACE-15F01A539EF2}.Release|x64.ActiveCfg = Release|Any CPU
		{D24BCDD3-FF4B-4630-9ACE-15F01A539EF2}.Release|x64.Build.0 = Release|Any CPU
		{D24BCDD3-FF4B-4630-9ACE-15F01A539EF2}.Release|x86.ActiveCfg = Release|Any CPU
		{D24BCDD3-FF4B-4630-9ACE-15F01A539EF2}.Release|x86.Build.0 = Release|Any CPU
		{EB0D50CE-BD9A-4697-A325-07B4D314FDC0}.Debug|Any CPU.ActiveCfg = Debug|Any CPU
		{EB0D50CE-BD9A-4697-A325-07B4D314FDC0}.Debug|Any CPU.Build.0 = Debug|Any CPU
		{EB0D50CE-BD9A-4697-A325-07B4D314FDC0}.Debug|x64.ActiveCfg = Debug|Any CPU
		{EB0D50CE-BD9A-4697-A325-07B4D314FDC0}.Debug|x64.Build.0 = Debug|Any CPU
		{EB0D50CE-BD9A-4697-A325-07B4D314FDC0}.Debug|x86.ActiveCfg = Debug|Any CPU
		{EB0D50CE-BD9A-4697-A325-07B4D314FDC0}.Debug|x86.Build.0 = Debug|Any CPU
		{EB0D50CE-BD9A-4697-A325-07B4D314FDC0}.Release|Any CPU.ActiveCfg = Release|Any CPU
		{EB0D50CE-BD9A-4697-A325-07B4D314FDC0}.Release|Any CPU.Build.0 = Release|Any CPU
		{EB0D50CE-BD9A-4697-A325-07B4D314FDC0}.Release|x64.ActiveCfg = Release|Any CPU
		{EB0D50CE-BD9A-4697-A325-07B4D314FDC0}.Release|x64.Build.0 = Release|Any CPU
		{EB0D50CE-BD9A-4697-A325-07B4D314FDC0}.Release|x86.ActiveCfg = Release|Any CPU
		{EB0D50CE-BD9A-4697-A325-07B4D314FDC0}.Release|x86.Build.0 = Release|Any CPU
		{EF001DD3-7318-48D5-922F-4DC8CCC443BD}.Debug|Any CPU.ActiveCfg = Debug|Any CPU
		{EF001DD3-7318-48D5-922F-4DC8CCC443BD}.Debug|Any CPU.Build.0 = Debug|Any CPU
		{EF001DD3-7318-48D5-922F-4DC8CCC443BD}.Debug|x64.ActiveCfg = Debug|Any CPU
		{EF001DD3-7318-48D5-922F-4DC8CCC443BD}.Debug|x64.Build.0 = Debug|Any CPU
		{EF001DD3-7318-48D5-922F-4DC8CCC443BD}.Debug|x86.ActiveCfg = Debug|Any CPU
		{EF001DD3-7318-48D5-922F-4DC8CCC443BD}.Debug|x86.Build.0 = Debug|Any CPU
		{EF001DD3-7318-48D5-922F-4DC8CCC443BD}.Release|Any CPU.ActiveCfg = Release|Any CPU
		{EF001DD3-7318-48D5-922F-4DC8CCC443BD}.Release|Any CPU.Build.0 = Release|Any CPU
		{EF001DD3-7318-48D5-922F-4DC8CCC443BD}.Release|x64.ActiveCfg = Release|Any CPU
		{EF001DD3-7318-48D5-922F-4DC8CCC443BD}.Release|x64.Build.0 = Release|Any CPU
		{EF001DD3-7318-48D5-922F-4DC8CCC443BD}.Release|x86.ActiveCfg = Release|Any CPU
		{EF001DD3-7318-48D5-922F-4DC8CCC443BD}.Release|x86.Build.0 = Release|Any CPU
		{22D895E3-F35D-415E-9290-5FCAA5A528C8}.Debug|Any CPU.ActiveCfg = Debug|Any CPU
		{22D895E3-F35D-415E-9290-5FCAA5A528C8}.Debug|Any CPU.Build.0 = Debug|Any CPU
		{22D895E3-F35D-415E-9290-5FCAA5A528C8}.Debug|x64.ActiveCfg = Debug|Any CPU
		{22D895E3-F35D-415E-9290-5FCAA5A528C8}.Debug|x64.Build.0 = Debug|Any CPU
		{22D895E3-F35D-415E-9290-5FCAA5A528C8}.Debug|x86.ActiveCfg = Debug|Any CPU
		{22D895E3-F35D-415E-9290-5FCAA5A528C8}.Debug|x86.Build.0 = Debug|Any CPU
		{22D895E3-F35D-415E-9290-5FCAA5A528C8}.Release|Any CPU.ActiveCfg = Release|Any CPU
		{22D895E3-F35D-415E-9290-5FCAA5A528C8}.Release|Any CPU.Build.0 = Release|Any CPU
		{22D895E3-F35D-415E-9290-5FCAA5A528C8}.Release|x64.ActiveCfg = Release|Any CPU
		{22D895E3-F35D-415E-9290-5FCAA5A528C8}.Release|x64.Build.0 = Release|Any CPU
		{22D895E3-F35D-415E-9290-5FCAA5A528C8}.Release|x86.ActiveCfg = Release|Any CPU
		{22D895E3-F35D-415E-9290-5FCAA5A528C8}.Release|x86.Build.0 = Release|Any CPU
		{DE13DEBF-F5F1-4B27-9CC9-16922A445B3A}.Debug|Any CPU.ActiveCfg = Debug|Any CPU
		{DE13DEBF-F5F1-4B27-9CC9-16922A445B3A}.Debug|Any CPU.Build.0 = Debug|Any CPU
		{DE13DEBF-F5F1-4B27-9CC9-16922A445B3A}.Debug|x64.ActiveCfg = Debug|Any CPU
		{DE13DEBF-F5F1-4B27-9CC9-16922A445B3A}.Debug|x64.Build.0 = Debug|Any CPU
		{DE13DEBF-F5F1-4B27-9CC9-16922A445B3A}.Debug|x86.ActiveCfg = Debug|Any CPU
		{DE13DEBF-F5F1-4B27-9CC9-16922A445B3A}.Debug|x86.Build.0 = Debug|Any CPU
		{DE13DEBF-F5F1-4B27-9CC9-16922A445B3A}.Release|Any CPU.ActiveCfg = Release|Any CPU
		{DE13DEBF-F5F1-4B27-9CC9-16922A445B3A}.Release|Any CPU.Build.0 = Release|Any CPU
		{DE13DEBF-F5F1-4B27-9CC9-16922A445B3A}.Release|x64.ActiveCfg = Release|Any CPU
		{DE13DEBF-F5F1-4B27-9CC9-16922A445B3A}.Release|x64.Build.0 = Release|Any CPU
		{DE13DEBF-F5F1-4B27-9CC9-16922A445B3A}.Release|x86.ActiveCfg = Release|Any CPU
		{DE13DEBF-F5F1-4B27-9CC9-16922A445B3A}.Release|x86.Build.0 = Release|Any CPU
		{F7AF5C6A-2A4B-4917-887B-1834A2C4C3BC}.Debug|Any CPU.ActiveCfg = Debug|Any CPU
		{F7AF5C6A-2A4B-4917-887B-1834A2C4C3BC}.Debug|Any CPU.Build.0 = Debug|Any CPU
		{F7AF5C6A-2A4B-4917-887B-1834A2C4C3BC}.Debug|x64.ActiveCfg = Debug|Any CPU
		{F7AF5C6A-2A4B-4917-887B-1834A2C4C3BC}.Debug|x64.Build.0 = Debug|Any CPU
		{F7AF5C6A-2A4B-4917-887B-1834A2C4C3BC}.Debug|x86.ActiveCfg = Debug|Any CPU
		{F7AF5C6A-2A4B-4917-887B-1834A2C4C3BC}.Debug|x86.Build.0 = Debug|Any CPU
		{F7AF5C6A-2A4B-4917-887B-1834A2C4C3BC}.Release|Any CPU.ActiveCfg = Release|Any CPU
		{F7AF5C6A-2A4B-4917-887B-1834A2C4C3BC}.Release|Any CPU.Build.0 = Release|Any CPU
		{F7AF5C6A-2A4B-4917-887B-1834A2C4C3BC}.Release|x64.ActiveCfg = Release|Any CPU
		{F7AF5C6A-2A4B-4917-887B-1834A2C4C3BC}.Release|x64.Build.0 = Release|Any CPU
		{F7AF5C6A-2A4B-4917-887B-1834A2C4C3BC}.Release|x86.ActiveCfg = Release|Any CPU
		{F7AF5C6A-2A4B-4917-887B-1834A2C4C3BC}.Release|x86.Build.0 = Release|Any CPU
		{36A2F8CB-6108-41A8-995C-E079300D6892}.Debug|Any CPU.ActiveCfg = Debug|Any CPU
		{36A2F8CB-6108-41A8-995C-E079300D6892}.Debug|Any CPU.Build.0 = Debug|Any CPU
		{36A2F8CB-6108-41A8-995C-E079300D6892}.Debug|x64.ActiveCfg = Debug|Any CPU
		{36A2F8CB-6108-41A8-995C-E079300D6892}.Debug|x64.Build.0 = Debug|Any CPU
		{36A2F8CB-6108-41A8-995C-E079300D6892}.Debug|x86.ActiveCfg = Debug|Any CPU
		{36A2F8CB-6108-41A8-995C-E079300D6892}.Debug|x86.Build.0 = Debug|Any CPU
		{36A2F8CB-6108-41A8-995C-E079300D6892}.Release|Any CPU.ActiveCfg = Release|Any CPU
		{36A2F8CB-6108-41A8-995C-E079300D6892}.Release|Any CPU.Build.0 = Release|Any CPU
		{36A2F8CB-6108-41A8-995C-E079300D6892}.Release|x64.ActiveCfg = Release|Any CPU
		{36A2F8CB-6108-41A8-995C-E079300D6892}.Release|x64.Build.0 = Release|Any CPU
		{36A2F8CB-6108-41A8-995C-E079300D6892}.Release|x86.ActiveCfg = Release|Any CPU
		{36A2F8CB-6108-41A8-995C-E079300D6892}.Release|x86.Build.0 = Release|Any CPU
		{ECCD5300-1D02-422F-ABAD-3F03AC8590CD}.Debug|Any CPU.ActiveCfg = Debug|Any CPU
		{ECCD5300-1D02-422F-ABAD-3F03AC8590CD}.Debug|Any CPU.Build.0 = Debug|Any CPU
		{ECCD5300-1D02-422F-ABAD-3F03AC8590CD}.Debug|x64.ActiveCfg = Debug|Any CPU
		{ECCD5300-1D02-422F-ABAD-3F03AC8590CD}.Debug|x64.Build.0 = Debug|Any CPU
		{ECCD5300-1D02-422F-ABAD-3F03AC8590CD}.Debug|x86.ActiveCfg = Debug|Any CPU
		{ECCD5300-1D02-422F-ABAD-3F03AC8590CD}.Debug|x86.Build.0 = Debug|Any CPU
		{ECCD5300-1D02-422F-ABAD-3F03AC8590CD}.Release|Any CPU.ActiveCfg = Release|Any CPU
		{ECCD5300-1D02-422F-ABAD-3F03AC8590CD}.Release|Any CPU.Build.0 = Release|Any CPU
		{ECCD5300-1D02-422F-ABAD-3F03AC8590CD}.Release|x64.ActiveCfg = Release|Any CPU
		{ECCD5300-1D02-422F-ABAD-3F03AC8590CD}.Release|x64.Build.0 = Release|Any CPU
		{ECCD5300-1D02-422F-ABAD-3F03AC8590CD}.Release|x86.ActiveCfg = Release|Any CPU
		{ECCD5300-1D02-422F-ABAD-3F03AC8590CD}.Release|x86.Build.0 = Release|Any CPU
	EndGlobalSection
	GlobalSection(SolutionProperties) = preSolution
		HideSolutionNode = FALSE
	EndGlobalSection
EndGlobal
