
Microsoft Visual Studio Solution File, Format Version 12.00
# Visual Studio Version 17
VisualStudioVersion = 17.0.31903.59
MinimumVisualStudioVersion = 10.0.40219.1
Project("{FAE04EC0-301F-11D3-BF4B-00C04F79EFBC}") = "Wpf01_FirstWindow", "Wpf01_FirstWindow\Wpf01_FirstWindow.csproj", "{568EE4D5-0C21-4A4E-8719-C30538450831}"
EndProject
Project("{FAE04EC0-301F-11D3-BF4B-00C04F79EFBC}") = "Wpf02_Label", "Wpf02_Label\Wpf02_Label.csproj", "{1917A303-5102-4587-A99D-F18B725D5248}"
EndProject
Project("{FAE04EC0-301F-11D3-BF4B-00C04F79EFBC}") = "Wpf03_Button", "Wpf03_Button\Wpf03_Button.csproj", "{AC39410C-D2C1-4BC0-9B64-4230A71EBECF}"
EndProject
Project("{FAE04EC0-301F-11D3-BF4B-00C04F79EFBC}") = "Wpf04_TextBox", "Wpf04_TextBox\Wpf04_TextBox.csproj", "{50B2985F-34B1-433D-9ADD-92902E0F6D69}"
EndProject
Project("{FAE04EC0-301F-11D3-BF4B-00C04F79EFBC}") = "Wpf05_Image", "Wpf05_Image\Wpf05_Image.csproj", "{F078CAAC-203F-42B5-AE9F-9D8BB80FA59C}"
EndProject
Project("{FAE04EC0-301F-11D3-BF4B-00C04F79EFBC}") = "Wpf06_ImageButton", "Wpf06_ImageButton\Wpf06_ImageButton.csproj", "{2F666E73-B3D4-491B-B7BA-5E9088948CF4}"
EndProject
Project("{FAE04EC0-301F-11D3-BF4B-00C04F79EFBC}") = "Wpf07_StackPanel", "Wpf07_StackPanel\Wpf07_StackPanel.csproj", "{7B51AAFE-C5BC-4EF7-98F3-01D819761025}"
EndProject
Project("{FAE04EC0-301F-11D3-BF4B-00C04F79EFBC}") = "Wpf08_Grid", "Wpf08_Grid\Wpf08_Grid.csproj", "{28321813-E610-474C-B466-38B48F6F23A5}"
EndProject
Project("{FAE04EC0-301F-11D3-BF4B-00C04F79EFBC}") = "Wpf09_PropertiesInCode", "Wpf09_PropertiesInCode\Wpf09_PropertiesInCode.csproj", "{565CD759-A683-4E89-9F5F-BD5BF4019734}"
EndProject
Project("{FAE04EC0-301F-11D3-BF4B-00C04F79EFBC}") = "Wpf10_Events", "Wpf10_Events\Wpf10_Events.csproj", "{12812372-B086-42A9-8E4A-350B06DE7FFB}"
EndProject
Project("{FAE04EC0-301F-11D3-BF4B-00C04F79EFBC}") = "Wpf11_Counter", "Wpf11_Counter\Wpf11_Counter.csproj", "{F742FD1D-7213-413C-BFAB-67DA1B971B10}"
EndProject
Project("{FAE04EC0-301F-11D3-BF4B-00C04F79EFBC}") = "Wpf12_Calculator", "Wpf12_Calculator\Wpf12_Calculator.csproj", "{DD597D9B-6FF2-4F08-888E-AA68AEB14F02}"
EndProject
Project("{FAE04EC0-301F-11D3-BF4B-00C04F79EFBC}") = "Wpf13_Celsius", "Wpf13_Celsius\Wpf13_Celsius.csproj", "{145BD5D5-598F-4361-8AC8-591042EB7E34}"
EndProject
Project("{FAE04EC0-301F-11D3-BF4B-00C04F79EFBC}") = "Wpf14_BusinessCard", "Wpf14_BusinessCard\Wpf14_BusinessCard.csproj", "{649E1062-FFF7-45CB-81E3-6060078A1034}"
EndProject
Project("{FAE04EC0-301F-11D3-BF4B-00C04F79EFBC}") = "Wpf15_Cashier", "Wpf15_Cashier\Wpf15_Cashier.csproj", "{40E18D51-CB85-43B9-9E75-05AC1F5820BD}"
EndProject
Project("{FAE04EC0-301F-11D3-BF4B-00C04F79EFBC}") = "Wpf16_CashierStarter", "Wpf16_CashierStarter\Wpf16_CashierStarter.csproj", "{61FA27EC-67AF-4C36-B314-BEE32B919C75}"
EndProject
Global
	GlobalSection(SolutionConfigurationPlatforms) = preSolution
		Debug|Any CPU = Debug|Any CPU
		Debug|x64 = Debug|x64
		Debug|x86 = Debug|x86
		Release|Any CPU = Release|Any CPU
		Release|x64 = Release|x64
		Release|x86 = Release|x86
	EndGlobalSection
	GlobalSection(ProjectConfigurationPlatforms) = postSolution
		{568EE4D5-0C21-4A4E-8719-C30538450831}.Debug|Any CPU.ActiveCfg = Debug|Any CPU
		{568EE4D5-0C21-4A4E-8719-C30538450831}.Debug|Any CPU.Build.0 = Debug|Any CPU
		{568EE4D5-0C21-4A4E-8719-C30538450831}.Debug|x64.ActiveCfg = Debug|Any CPU
		{568EE4D5-0C21-4A4E-8719-C30538450831}.Debug|x64.Build.0 = Debug|Any CPU
		{568EE4D5-0C21-4A4E-8719-C30538450831}.Debug|x86.ActiveCfg = Debug|Any CPU
		{568EE4D5-0C21-4A4E-8719-C30538450831}.Debug|x86.Build.0 = Debug|Any CPU
		{568EE4D5-0C21-4A4E-8719-C30538450831}.Release|Any CPU.ActiveCfg = Release|Any CPU
		{568EE4D5-0C21-4A4E-8719-C30538450831}.Release|Any CPU.Build.0 = Release|Any CPU
		{568EE4D5-0C21-4A4E-8719-C30538450831}.Release|x64.ActiveCfg = Release|Any CPU
		{568EE4D5-0C21-4A4E-8719-C30538450831}.Release|x64.Build.0 = Release|Any CPU
		{568EE4D5-0C21-4A4E-8719-C30538450831}.Release|x86.ActiveCfg = Release|Any CPU
		{568EE4D5-0C21-4A4E-8719-C30538450831}.Release|x86.Build.0 = Release|Any CPU
		{1917A303-5102-4587-A99D-F18B725D5248}.Debug|Any CPU.ActiveCfg = Debug|Any CPU
		{1917A303-5102-4587-A99D-F18B725D5248}.Debug|Any CPU.Build.0 = Debug|Any CPU
		{1917A303-5102-4587-A99D-F18B725D5248}.Debug|x64.ActiveCfg = Debug|Any CPU
		{1917A303-5102-4587-A99D-F18B725D5248}.Debug|x64.Build.0 = Debug|Any CPU
		{1917A303-5102-4587-A99D-F18B725D5248}.Debug|x86.ActiveCfg = Debug|Any CPU
		{1917A303-5102-4587-A99D-F18B725D5248}.Debug|x86.Build.0 = Debug|Any CPU
		{1917A303-5102-4587-A99D-F18B725D5248}.Release|Any CPU.ActiveCfg = Release|Any CPU
		{1917A303-5102-4587-A99D-F18B725D5248}.Release|Any CPU.Build.0 = Release|Any CPU
		{1917A303-5102-4587-A99D-F18B725D5248}.Release|x64.ActiveCfg = Release|Any CPU
		{1917A303-5102-4587-A99D-F18B725D5248}.Release|x64.Build.0 = Release|Any CPU
		{1917A303-5102-4587-A99D-F18B725D5248}.Release|x86.ActiveCfg = Release|Any CPU
		{1917A303-5102-4587-A99D-F18B725D5248}.Release|x86.Build.0 = Release|Any CPU
		{AC39410C-D2C1-4BC0-9B64-4230A71EBECF}.Debug|Any CPU.ActiveCfg = Debug|Any CPU
		{AC39410C-D2C1-4BC0-9B64-4230A71EBECF}.Debug|Any CPU.Build.0 = Debug|Any CPU
		{AC39410C-D2C1-4BC0-9B64-4230A71EBECF}.Debug|x64.ActiveCfg = Debug|Any CPU
		{AC39410C-D2C1-4BC0-9B64-4230A71EBECF}.Debug|x64.Build.0 = Debug|Any CPU
		{AC39410C-D2C1-4BC0-9B64-4230A71EBECF}.Debug|x86.ActiveCfg = Debug|Any CPU
		{AC39410C-D2C1-4BC0-9B64-4230A71EBECF}.Debug|x86.Build.0 = Debug|Any CPU
		{AC39410C-D2C1-4BC0-9B64-4230A71EBECF}.Release|Any CPU.ActiveCfg = Release|Any CPU
		{AC39410C-D2C1-4BC0-9B64-4230A71EBECF}.Release|Any CPU.Build.0 = Release|Any CPU
		{AC39410C-D2C1-4BC0-9B64-4230A71EBECF}.Release|x64.ActiveCfg = Release|Any CPU
		{AC39410C-D2C1-4BC0-9B64-4230A71EBECF}.Release|x64.Build.0 = Release|Any CPU
		{AC39410C-D2C1-4BC0-9B64-4230A71EBECF}.Release|x86.ActiveCfg = Release|Any CPU
		{AC39410C-D2C1-4BC0-9B64-4230A71EBECF}.Release|x86.Build.0 = Release|Any CPU
		{50B2985F-34B1-433D-9ADD-92902E0F6D69}.Debug|Any CPU.ActiveCfg = Debug|Any CPU
		{50B2985F-34B1-433D-9ADD-92902E0F6D69}.Debug|Any CPU.Build.0 = Debug|Any CPU
		{50B2985F-34B1-433D-9ADD-92902E0F6D69}.Debug|x64.ActiveCfg = Debug|Any CPU
		{50B2985F-34B1-433D-9ADD-92902E0F6D69}.Debug|x64.Build.0 = Debug|Any CPU
		{50B2985F-34B1-433D-9ADD-92902E0F6D69}.Debug|x86.ActiveCfg = Debug|Any CPU
		{50B2985F-34B1-433D-9ADD-92902E0F6D69}.Debug|x86.Build.0 = Debug|Any CPU
		{50B2985F-34B1-433D-9ADD-92902E0F6D69}.Release|Any CPU.ActiveCfg = Release|Any CPU
		{50B2985F-34B1-433D-9ADD-92902E0F6D69}.Release|Any CPU.Build.0 = Release|Any CPU
		{50B2985F-34B1-433D-9ADD-92902E0F6D69}.Release|x64.ActiveCfg = Release|Any CPU
		{50B2985F-34B1-433D-9ADD-92902E0F6D69}.Release|x64.Build.0 = Release|Any CPU
		{50B2985F-34B1-433D-9ADD-92902E0F6D69}.Release|x86.ActiveCfg = Release|Any CPU
		{50B2985F-34B1-433D-9ADD-92902E0F6D69}.Release|x86.Build.0 = Release|Any CPU
		{F078CAAC-203F-42B5-AE9F-9D8BB80FA59C}.Debug|Any CPU.ActiveCfg = Debug|Any CPU
		{F078CAAC-203F-42B5-AE9F-9D8BB80FA59C}.Debug|Any CPU.Build.0 = Debug|Any CPU
		{F078CAAC-203F-42B5-AE9F-9D8BB80FA59C}.Debug|x64.ActiveCfg = Debug|Any CPU
		{F078CAAC-203F-42B5-AE9F-9D8BB80FA59C}.Debug|x64.Build.0 = Debug|Any CPU
		{F078CAAC-203F-42B5-AE9F-9D8BB80FA59C}.Debug|x86.ActiveCfg = Debug|Any CPU
		{F078CAAC-203F-42B5-AE9F-9D8BB80FA59C}.Debug|x86.Build.0 = Debug|Any CPU
		{F078CAAC-203F-42B5-AE9F-9D8BB80FA59C}.Release|Any CPU.ActiveCfg = Release|Any CPU
		{F078CAAC-203F-42B5-AE9F-9D8BB80FA59C}.Release|Any CPU.Build.0 = Release|Any CPU
		{F078CAAC-203F-42B5-AE9F-9D8BB80FA59C}.Release|x64.ActiveCfg = Release|Any CPU
		{F078CAAC-203F-42B5-AE9F-9D8BB80FA59C}.Release|x64.Build.0 = Release|Any CPU
		{F078CAAC-203F-42B5-AE9F-9D8BB80FA59C}.Release|x86.ActiveCfg = Release|Any CPU
		{F078CAAC-203F-42B5-AE9F-9D8BB80FA59C}.Release|x86.Build.0 = Release|Any CPU
		{2F666E73-B3D4-491B-B7BA-5E9088948CF4}.Debug|Any CPU.ActiveCfg = Debug|Any CPU
		{2F666E73-B3D4-491B-B7BA-5E9088948CF4}.Debug|Any CPU.Build.0 = Debug|Any CPU
		{2F666E73-B3D4-491B-B7BA-5E9088948CF4}.Debug|x64.ActiveCfg = Debug|Any CPU
		{2F666E73-B3D4-491B-B7BA-5E9088948CF4}.Debug|x64.Build.0 = Debug|Any CPU
		{2F666E73-B3D4-491B-B7BA-5E9088948CF4}.Debug|x86.ActiveCfg = Debug|Any CPU
		{2F666E73-B3D4-491B-B7BA-5E9088948CF4}.Debug|x86.Build.0 = Debug|Any CPU
		{2F666E73-B3D4-491B-B7BA-5E9088948CF4}.Release|Any CPU.ActiveCfg = Release|Any CPU
		{2F666E73-B3D4-491B-B7BA-5E9088948CF4}.Release|Any CPU.Build.0 = Release|Any CPU
		{2F666E73-B3D4-491B-B7BA-5E9088948CF4}.Release|x64.ActiveCfg = Release|Any CPU
		{2F666E73-B3D4-491B-B7BA-5E9088948CF4}.Release|x64.Build.0 = Release|Any CPU
		{2F666E73-B3D4-491B-B7BA-5E9088948CF4}.Release|x86.ActiveCfg = Release|Any CPU
		{2F666E73-B3D4-491B-B7BA-5E9088948CF4}.Release|x86.Build.0 = Release|Any CPU
		{7B51AAFE-C5BC-4EF7-98F3-01D819761025}.Debug|Any CPU.ActiveCfg = Debug|Any CPU
		{7B51AAFE-C5BC-4EF7-98F3-01D819761025}.Debug|Any CPU.Build.0 = Debug|Any CPU
		{7B51AAFE-C5BC-4EF7-98F3-01D819761025}.Debug|x64.ActiveCfg = Debug|Any CPU
		{7B51AAFE-C5BC-4EF7-98F3-01D819761025}.Debug|x64.Build.0 = Debug|Any CPU
		{7B51AAFE-C5BC-4EF7-98F3-01D819761025}.Debug|x86.ActiveCfg = Debug|Any CPU
		{7B51AAFE-C5BC-4EF7-98F3-01D819761025}.Debug|x86.Build.0 = Debug|Any CPU
		{7B51AAFE-C5BC-4EF7-98F3-01D819761025}.Release|Any CPU.ActiveCfg = Release|Any CPU
		{7B51AAFE-C5BC-4EF7-98F3-01D819761025}.Release|Any CPU.Build.0 = Release|Any CPU
		{7B51AAFE-C5BC-4EF7-98F3-01D819761025}.Release|x64.ActiveCfg = Release|Any CPU
		{7B51AAFE-C5BC-4EF7-98F3-01D819761025}.Release|x64.Build.0 = Release|Any CPU
		{7B51AAFE-C5BC-4EF7-98F3-01D819761025}.Release|x86.ActiveCfg = Release|Any CPU
		{7B51AAFE-C5BC-4EF7-98F3-01D819761025}.Release|x86.Build.0 = Release|Any CPU
		{28321813-E610-474C-B466-38B48F6F23A5}.Debug|Any CPU.ActiveCfg = Debug|Any CPU
		{28321813-E610-474C-B466-38B48F6F23A5}.Debug|Any CPU.Build.0 = Debug|Any CPU
		{28321813-E610-474C-B466-38B48F6F23A5}.Debug|x64.ActiveCfg = Debug|Any CPU
		{28321813-E610-474C-B466-38B48F6F23A5}.Debug|x64.Build.0 = Debug|Any CPU
		{28321813-E610-474C-B466-38B48F6F23A5}.Debug|x86.ActiveCfg = Debug|Any CPU
		{28321813-E610-474C-B466-38B48F6F23A5}.Debug|x86.Build.0 = Debug|Any CPU
		{28321813-E610-474C-B466-38B48F6F23A5}.Release|Any CPU.ActiveCfg = Release|Any CPU
		{28321813-E610-474C-B466-38B48F6F23A5}.Release|Any CPU.Build.0 = Release|Any CPU
		{28321813-E610-474C-B466-38B48F6F23A5}.Release|x64.ActiveCfg = Release|Any CPU
		{28321813-E610-474C-B466-38B48F6F23A5}.Release|x64.Build.0 = Release|Any CPU
		{28321813-E610-474C-B466-38B48F6F23A5}.Release|x86.ActiveCfg = Release|Any CPU
		{28321813-E610-474C-B466-38B48F6F23A5}.Release|x86.Build.0 = Release|Any CPU
		{565CD759-A683-4E89-9F5F-BD5BF4019734}.Debug|Any CPU.ActiveCfg = Debug|Any CPU
		{565CD759-A683-4E89-9F5F-BD5BF4019734}.Debug|Any CPU.Build.0 = Debug|Any CPU
		{565CD759-A683-4E89-9F5F-BD5BF4019734}.Debug|x64.ActiveCfg = Debug|Any CPU
		{565CD759-A683-4E89-9F5F-BD5BF4019734}.Debug|x64.Build.0 = Debug|Any CPU
		{565CD759-A683-4E89-9F5F-BD5BF4019734}.Debug|x86.ActiveCfg = Debug|Any CPU
		{565CD759-A683-4E89-9F5F-BD5BF4019734}.Debug|x86.Build.0 = Debug|Any CPU
		{565CD759-A683-4E89-9F5F-BD5BF4019734}.Release|Any CPU.ActiveCfg = Release|Any CPU
		{565CD759-A683-4E89-9F5F-BD5BF4019734}.Release|Any CPU.Build.0 = Release|Any CPU
		{565CD759-A683-4E89-9F5F-BD5BF4019734}.Release|x64.ActiveCfg = Release|Any CPU
		{565CD759-A683-4E89-9F5F-BD5BF4019734}.Release|x64.Build.0 = Release|Any CPU
		{565CD759-A683-4E89-9F5F-BD5BF4019734}.Release|x86.ActiveCfg = Release|Any CPU
		{565CD759-A683-4E89-9F5F-BD5BF4019734}.Release|x86.Build.0 = Release|Any CPU
		{12812372-B086-42A9-8E4A-350B06DE7FFB}.Debug|Any CPU.ActiveCfg = Debug|Any CPU
		{12812372-B086-42A9-8E4A-350B06DE7FFB}.Debug|Any CPU.Build.0 = Debug|Any CPU
		{12812372-B086-42A9-8E4A-350B06DE7FFB}.Debug|x64.ActiveCfg = Debug|Any CPU
		{12812372-B086-42A9-8E4A-350B06DE7FFB}.Debug|x64.Build.0 = Debug|Any CPU
		{12812372-B086-42A9-8E4A-350B06DE7FFB}.Debug|x86.ActiveCfg = Debug|Any CPU
		{12812372-B086-42A9-8E4A-350B06DE7FFB}.Debug|x86.Build.0 = Debug|Any CPU
		{12812372-B086-42A9-8E4A-350B06DE7FFB}.Release|Any CPU.ActiveCfg = Release|Any CPU
		{12812372-B086-42A9-8E4A-350B06DE7FFB}.Release|Any CPU.Build.0 = Release|Any CPU
		{12812372-B086-42A9-8E4A-350B06DE7FFB}.Release|x64.ActiveCfg = Release|Any CPU
		{12812372-B086-42A9-8E4A-350B06DE7FFB}.Release|x64.Build.0 = Release|Any CPU
		{12812372-B086-42A9-8E4A-350B06DE7FFB}.Release|x86.ActiveCfg = Release|Any CPU
		{12812372-B086-42A9-8E4A-350B06DE7FFB}.Release|x86.Build.0 = Release|Any CPU
		{F742FD1D-7213-413C-BFAB-67DA1B971B10}.Debug|Any CPU.ActiveCfg = Debug|Any CPU
		{F742FD1D-7213-413C-BFAB-67DA1B971B10}.Debug|Any CPU.Build.0 = Debug|Any CPU
		{F742FD1D-7213-413C-BFAB-67DA1B971B10}.Debug|x64.ActiveCfg = Debug|Any CPU
		{F742FD1D-7213-413C-BFAB-67DA1B971B10}.Debug|x64.Build.0 = Debug|Any CPU
		{F742FD1D-7213-413C-BFAB-67DA1B971B10}.Debug|x86.ActiveCfg = Debug|Any CPU
		{F742FD1D-7213-413C-BFAB-67DA1B971B10}.Debug|x86.Build.0 = Debug|Any CPU
		{F742FD1D-7213-413C-BFAB-67DA1B971B10}.Release|Any CPU.ActiveCfg = Release|Any CPU
		{F742FD1D-7213-413C-BFAB-67DA1B971B10}.Release|Any CPU.Build.0 = Release|Any CPU
		{F742FD1D-7213-413C-BFAB-67DA1B971B10}.Release|x64.ActiveCfg = Release|Any CPU
		{F742FD1D-7213-413C-BFAB-67DA1B971B10}.Release|x64.Build.0 = Release|Any CPU
		{F742FD1D-7213-413C-BFAB-67DA1B971B10}.Release|x86.ActiveCfg = Release|Any CPU
		{F742FD1D-7213-413C-BFAB-67DA1B971B10}.Release|x86.Build.0 = Release|Any CPU
		{DD597D9B-6FF2-4F08-888E-AA68AEB14F02}.Debug|Any CPU.ActiveCfg = Debug|Any CPU
		{DD597D9B-6FF2-4F08-888E-AA68AEB14F02}.Debug|Any CPU.Build.0 = Debug|Any CPU
		{DD597D9B-6FF2-4F08-888E-AA68AEB14F02}.Debug|x64.ActiveCfg = Debug|Any CPU
		{DD597D9B-6FF2-4F08-888E-AA68AEB14F02}.Debug|x64.Build.0 = Debug|Any CPU
		{DD597D9B-6FF2-4F08-888E-AA68AEB14F02}.Debug|x86.ActiveCfg = Debug|Any CPU
		{DD597D9B-6FF2-4F08-888E-AA68AEB14F02}.Debug|x86.Build.0 = Debug|Any CPU
		{DD597D9B-6FF2-4F08-888E-AA68AEB14F02}.Release|Any CPU.ActiveCfg = Release|Any CPU
		{DD597D9B-6FF2-4F08-888E-AA68AEB14F02}.Release|Any CPU.Build.0 = Release|Any CPU
		{DD597D9B-6FF2-4F08-888E-AA68AEB14F02}.Release|x64.ActiveCfg = Release|Any CPU
		{DD597D9B-6FF2-4F08-888E-AA68AEB14F02}.Release|x64.Build.0 = Release|Any CPU
		{DD597D9B-6FF2-4F08-888E-AA68AEB14F02}.Release|x86.ActiveCfg = Release|Any CPU
		{DD597D9B-6FF2-4F08-888E-AA68AEB14F02}.Release|x86.Build.0 = Release|Any CPU
		{145BD5D5-598F-4361-8AC8-591042EB7E34}.Debug|Any CPU.ActiveCfg = Debug|Any CPU
		{145BD5D5-598F-4361-8AC8-591042EB7E34}.Debug|Any CPU.Build.0 = Debug|Any CPU
		{145BD5D5-598F-4361-8AC8-591042EB7E34}.Debug|x64.ActiveCfg = Debug|Any CPU
		{145BD5D5-598F-4361-8AC8-591042EB7E34}.Debug|x64.Build.0 = Debug|Any CPU
		{145BD5D5-598F-4361-8AC8-591042EB7E34}.Debug|x86.ActiveCfg = Debug|Any CPU
		{145BD5D5-598F-4361-8AC8-591042EB7E34}.Debug|x86.Build.0 = Debug|Any CPU
		{145BD5D5-598F-4361-8AC8-591042EB7E34}.Release|Any CPU.ActiveCfg = Release|Any CPU
		{145BD5D5-598F-4361-8AC8-591042EB7E34}.Release|Any CPU.Build.0 = Release|Any CPU
		{145BD5D5-598F-4361-8AC8-591042EB7E34}.Release|x64.ActiveCfg = Release|Any CPU
		{145BD5D5-598F-4361-8AC8-591042EB7E34}.Release|x64.Build.0 = Release|Any CPU
		{145BD5D5-598F-4361-8AC8-591042EB7E34}.Release|x86.ActiveCfg = Release|Any CPU
		{145BD5D5-598F-4361-8AC8-591042EB7E34}.Release|x86.Build.0 = Release|Any CPU
		{649E1062-FFF7-45CB-81E3-6060078A1034}.Debug|Any CPU.ActiveCfg = Debug|Any CPU
		{649E1062-FFF7-45CB-81E3-6060078A1034}.Debug|Any CPU.Build.0 = Debug|Any CPU
		{649E1062-FFF7-45CB-81E3-6060078A1034}.Debug|x64.ActiveCfg = Debug|Any CPU
		{649E1062-FFF7-45CB-81E3-6060078A1034}.Debug|x64.Build.0 = Debug|Any CPU
		{649E1062-FFF7-45CB-81E3-6060078A1034}.Debug|x86.ActiveCfg = Debug|Any CPU
		{649E1062-FFF7-45CB-81E3-6060078A1034}.Debug|x86.Build.0 = Debug|Any CPU
		{649E1062-FFF7-45CB-81E3-6060078A1034}.Release|Any CPU.ActiveCfg = Release|Any CPU
		{649E1062-FFF7-45CB-81E3-6060078A1034}.Release|Any CPU.Build.0 = Release|Any CPU
		{649E1062-FFF7-45CB-81E3-6060078A1034}.Release|x64.ActiveCfg = Release|Any CPU
		{649E1062-FFF7-45CB-81E3-6060078A1034}.Release|x64.Build.0 = Release|Any CPU
		{649E1062-FFF7-45CB-81E3-6060078A1034}.Release|x86.ActiveCfg = Release|Any CPU
		{649E1062-FFF7-45CB-81E3-6060078A1034}.Release|x86.Build.0 = Release|Any CPU
		{40E18D51-CB85-43B9-9E75-05AC1F5820BD}.Debug|Any CPU.ActiveCfg = Debug|Any CPU
		{40E18D51-CB85-43B9-9E75-05AC1F5820BD}.Debug|Any CPU.Build.0 = Debug|Any CPU
		{40E18D51-CB85-43B9-9E75-05AC1F5820BD}.Debug|x64.ActiveCfg = Debug|Any CPU
		{40E18D51-CB85-43B9-9E75-05AC1F5820BD}.Debug|x64.Build.0 = Debug|Any CPU
		{40E18D51-CB85-43B9-9E75-05AC1F5820BD}.Debug|x86.ActiveCfg = Debug|Any CPU
		{40E18D51-CB85-43B9-9E75-05AC1F5820BD}.Debug|x86.Build.0 = Debug|Any CPU
		{40E18D51-CB85-43B9-9E75-05AC1F5820BD}.Release|Any CPU.ActiveCfg = Release|Any CPU
		{40E18D51-CB85-43B9-9E75-05AC1F5820BD}.Release|Any CPU.Build.0 = Release|Any CPU
		{40E18D51-CB85-43B9-9E75-05AC1F5820BD}.Release|x64.ActiveCfg = Release|Any CPU
		{40E18D51-CB85-43B9-9E75-05AC1F5820BD}.Release|x64.Build.0 = Release|Any CPU
		{40E18D51-CB85-43B9-9E75-05AC1F5820BD}.Release|x86.ActiveCfg = Release|Any CPU
		{40E18D51-CB85-43B9-9E75-05AC1F5820BD}.Release|x86.Build.0 = Release|Any CPU
		{61FA27EC-67AF-4C36-B314-BEE32B919C75}.Debug|Any CPU.ActiveCfg = Debug|Any CPU
		{61FA27EC-67AF-4C36-B314-BEE32B919C75}.Debug|Any CPU.Build.0 = Debug|Any CPU
		{61FA27EC-67AF-4C36-B314-BEE32B919C75}.Debug|x64.ActiveCfg = Debug|Any CPU
		{61FA27EC-67AF-4C36-B314-BEE32B919C75}.Debug|x64.Build.0 = Debug|Any CPU
		{61FA27EC-67AF-4C36-B314-BEE32B919C75}.Debug|x86.ActiveCfg = Debug|Any CPU
		{61FA27EC-67AF-4C36-B314-BEE32B919C75}.Debug|x86.Build.0 = Debug|Any CPU
		{61FA27EC-67AF-4C36-B314-BEE32B919C75}.Release|Any CPU.ActiveCfg = Release|Any CPU
		{61FA27EC-67AF-4C36-B314-BEE32B919C75}.Release|Any CPU.Build.0 = Release|Any CPU
		{61FA27EC-67AF-4C36-B314-BEE32B919C75}.Release|x64.ActiveCfg = Release|Any CPU
		{61FA27EC-67AF-4C36-B314-BEE32B919C75}.Release|x64.Build.0 = Release|Any CPU
		{61FA27EC-67AF-4C36-B314-BEE32B919C75}.Release|x86.ActiveCfg = Release|Any CPU
		{61FA27EC-67AF-4C36-B314-BEE32B919C75}.Release|x86.Build.0 = Release|Any CPU
	EndGlobalSection
	GlobalSection(SolutionProperties) = preSolution
		HideSolutionNode = FALSE
	EndGlobalSection
EndGlobal
