
Microsoft Visual Studio Solution File, Format Version 12.00
# Visual Studio Version 17
VisualStudioVersion = 17.0.31903.59
MinimumVisualStudioVersion = 10.0.40219.1
Project("{FAE04EC0-301F-11D3-BF4B-00C04F79EFBC}") = "Podmienky01", "Podmienky01\Podmienky01.csproj", "{392C9A72-D38B-483C-9B3D-2494F3B3D175}"
EndProject
Project("{FAE04EC0-301F-11D3-BF4B-00C04F79EFBC}") = "Podmienky02", "Podmienky02\Podmienky02.csproj", "{827C7F97-B0EC-4836-BA0C-14DD73D3172A}"
EndProject
Project("{FAE04EC0-301F-11D3-BF4B-00C04F79EFBC}") = "Podmienky03", "Podmienky03\Podmienky03.csproj", "{27A0C7BC-AC86-4297-BCA1-1E3FF0B99DA6}"
EndProject
Project("{FAE04EC0-301F-11D3-BF4B-00C04F79EFBC}") = "Podmienky04", "Podmienky04\Podmienky04.csproj", "{2668C8EE-187A-4C32-AA53-9650FBDADA3C}"
EndProject
Project("{FAE04EC0-301F-11D3-BF4B-00C04F79EFBC}") = "Podmienky05", "Podmienky05\Podmienky05.csproj", "{165D8C27-7B03-4FA7-BA9F-312D39A09F70}"
EndProject
Project("{FAE04EC0-301F-11D3-BF4B-00C04F79EFBC}") = "Podmienky06", "Podmienky06\Podmienky06.csproj", "{B1E8C92C-4B9C-4021-964E-8A5891ED6863}"
EndProject
Project("{FAE04EC0-301F-11D3-BF4B-00C04F79EFBC}") = "Podmienky07", "Podmienky07\Podmienky07.csproj", "{0C0C1507-038B-4BB2-8485-B0E492DA6FEC}"
EndProject
Project("{FAE04EC0-301F-11D3-BF4B-00C04F79EFBC}") = "Podmienky08", "Podmienky08\Podmienky08.csproj", "{0E6B5B34-0CE4-448C-890C-FD6A6CE0ABD8}"
EndProject
Project("{FAE04EC0-301F-11D3-BF4B-00C04F79EFBC}") = "Podmienky09", "Podmienky09\Podmienky09.csproj", "{46244CAF-F122-491A-A13E-52DA85ED1E31}"
EndProject
Project("{FAE04EC0-301F-11D3-BF4B-00C04F79EFBC}") = "Podmienky10", "Podmienky10\Podmienky10.csproj", "{3340AE8C-FDFD-4E94-AB5B-F177827556A3}"
EndProject
Project("{FAE04EC0-301F-11D3-BF4B-00C04F79EFBC}") = "Podmienky11", "Podmienky11\Podmienky11.csproj", "{780850CA-DC7A-4ACD-B2C9-7A3683453DA6}"
EndProject
Project("{FAE04EC0-301F-11D3-BF4B-00C04F79EFBC}") = "Podmienky12", "Podmienky12\Podmienky12.csproj", "{DD2363F0-C257-4417-9AB9-399A8CD92239}"
EndProject
Project("{FAE04EC0-301F-11D3-BF4B-00C04F79EFBC}") = "Podmienky13", "Podmienky13\Podmienky13.csproj", "{9746CD89-B4FD-45E9-AECA-CC25ED345E8F}"
EndProject
Project("{FAE04EC0-301F-11D3-BF4B-00C04F79EFBC}") = "Podmienky14", "Podmienky14\Podmienky14.csproj", "{4AE7F04A-92D7-416E-8F62-0689D7CC29FF}"
EndProject
Project("{FAE04EC0-301F-11D3-BF4B-00C04F79EFBC}") = "Podmienky15", "Podmienky15\Podmienky15.csproj", "{BBAF2706-700F-455F-807F-697583776141}"
EndProject
Project("{FAE04EC0-301F-11D3-BF4B-00C04F79EFBC}") = "Podmienky16", "Podmienky16\Podmienky16.csproj", "{16CB7EF3-492B-49DC-A28E-9493756B41B8}"
EndProject
Project("{FAE04EC0-301F-11D3-BF4B-00C04F79EFBC}") = "Podmienky17", "Podmienky17\Podmienky17.csproj", "{B6A28E4C-1C4E-49FA-A2C7-FE97ACE66DDE}"
EndProject
Project("{FAE04EC0-301F-11D3-BF4B-00C04F79EFBC}") = "Podmienky18", "Podmienky18\Podmienky18.csproj", "{660A9644-BC42-4550-85CF-8DD815C1A397}"
EndProject
Project("{FAE04EC0-301F-11D3-BF4B-00C04F79EFBC}") = "Podmienky19", "Podmienky19\Podmienky19.csproj", "{9C7BA7EC-5D23-4544-B24D-0A4A85F5EFEB}"
EndProject
Project("{FAE04EC0-301F-11D3-BF4B-00C04F79EFBC}") = "Podmienky20", "Podmienky20\Podmienky20.csproj", "{18E497ED-FE91-48F4-A82F-8DC62F3FF9F2}"
EndProject
Project("{FAE04EC0-301F-11D3-BF4B-00C04F79EFBC}") = "Podmienky21", "Podmienky21\Podmienky21.csproj", "{25A566F5-595A-4AEC-BE5E-7A794C3B1FA1}"
EndProject
Project("{FAE04EC0-301F-11D3-BF4B-00C04F79EFBC}") = "Podmienky22", "Podmienky22\Podmienky22.csproj", "{AAAFA2A7-134E-46E4-ACEF-7695BEE8CFEA}"
EndProject
Project("{FAE04EC0-301F-11D3-BF4B-00C04F79EFBC}") = "Podmienky23", "Podmienky23\Podmienky23.csproj", "{E3550163-2C1C-4CEA-8F8F-EF06C35B4D1C}"
EndProject
Project("{FAE04EC0-301F-11D3-BF4B-00C04F79EFBC}") = "Podmienky24", "Podmienky24\Podmienky24.csproj", "{03667DFE-6F3E-4677-A5A8-B2BC4CA8DE54}"
EndProject
Global
	GlobalSection(SolutionConfigurationPlatforms) = preSolution
		Debug|Any CPU = Debug|Any CPU
		Debug|x64 = Debug|x64
		Debug|x86 = Debug|x86
		Release|Any CPU = Release|Any CPU
		Release|x64 = Release|x64
		Release|x86 = Release|x86
	EndGlobalSection
	GlobalSection(ProjectConfigurationPlatforms) = postSolution
		{392C9A72-D38B-483C-9B3D-2494F3B3D175}.Debug|Any CPU.ActiveCfg = Debug|Any CPU
		{392C9A72-D38B-483C-9B3D-2494F3B3D175}.Debug|Any CPU.Build.0 = Debug|Any CPU
		{392C9A72-D38B-483C-9B3D-2494F3B3D175}.Debug|x64.ActiveCfg = Debug|Any CPU
		{392C9A72-D38B-483C-9B3D-2494F3B3D175}.Debug|x64.Build.0 = Debug|Any CPU
		{392C9A72-D38B-483C-9B3D-2494F3B3D175}.Debug|x86.ActiveCfg = Debug|Any CPU
		{392C9A72-D38B-483C-9B3D-2494F3B3D175}.Debug|x86.Build.0 = Debug|Any CPU
		{392C9A72-D38B-483C-9B3D-2494F3B3D175}.Release|Any CPU.ActiveCfg = Release|Any CPU
		{392C9A72-D38B-483C-9B3D-2494F3B3D175}.Release|Any CPU.Build.0 = Release|Any CPU
		{392C9A72-D38B-483C-9B3D-2494F3B3D175}.Release|x64.ActiveCfg = Release|Any CPU
		{392C9A72-D38B-483C-9B3D-2494F3B3D175}.Release|x64.Build.0 = Release|Any CPU
		{392C9A72-D38B-483C-9B3D-2494F3B3D175}.Release|x86.ActiveCfg = Release|Any CPU
		{392C9A72-D38B-483C-9B3D-2494F3B3D175}.Release|x86.Build.0 = Release|Any CPU
		{827C7F97-B0EC-4836-BA0C-14DD73D3172A}.Debug|Any CPU.ActiveCfg = Debug|Any CPU
		{827C7F97-B0EC-4836-BA0C-14DD73D3172A}.Debug|Any CPU.Build.0 = Debug|Any CPU
		{827C7F97-B0EC-4836-BA0C-14DD73D3172A}.Debug|x64.ActiveCfg = Debug|Any CPU
		{827C7F97-B0EC-4836-BA0C-14DD73D3172A}.Debug|x64.Build.0 = Debug|Any CPU
		{827C7F97-B0EC-4836-BA0C-14DD73D3172A}.Debug|x86.ActiveCfg = Debug|Any CPU
		{827C7F97-B0EC-4836-BA0C-14DD73D3172A}.Debug|x86.Build.0 = Debug|Any CPU
		{827C7F97-B0EC-4836-BA0C-14DD73D3172A}.Release|Any CPU.ActiveCfg = Release|Any CPU
		{827C7F97-B0EC-4836-BA0C-14DD73D3172A}.Release|Any CPU.Build.0 = Release|Any CPU
		{827C7F97-B0EC-4836-BA0C-14DD73D3172A}.Release|x64.ActiveCfg = Release|Any CPU
		{827C7F97-B0EC-4836-BA0C-14DD73D3172A}.Release|x64.Build.0 = Release|Any CPU
		{827C7F97-B0EC-4836-BA0C-14DD73D3172A}.Release|x86.ActiveCfg = Release|Any CPU
		{827C7F97-B0EC-4836-BA0C-14DD73D3172A}.Release|x86.Build.0 = Release|Any CPU
		{27A0C7BC-AC86-4297-BCA1-1E3FF0B99DA6}.Debug|Any CPU.ActiveCfg = Debug|Any CPU
		{27A0C7BC-AC86-4297-BCA1-1E3FF0B99DA6}.Debug|Any CPU.Build.0 = Debug|Any CPU
		{27A0C7BC-AC86-4297-BCA1-1E3FF0B99DA6}.Debug|x64.ActiveCfg = Debug|Any CPU
		{27A0C7BC-AC86-4297-BCA1-1E3FF0B99DA6}.Debug|x64.Build.0 = Debug|Any CPU
		{27A0C7BC-AC86-4297-BCA1-1E3FF0B99DA6}.Debug|x86.ActiveCfg = Debug|Any CPU
		{27A0C7BC-AC86-4297-BCA1-1E3FF0B99DA6}.Debug|x86.Build.0 = Debug|Any CPU
		{27A0C7BC-AC86-4297-BCA1-1E3FF0B99DA6}.Release|Any CPU.ActiveCfg = Release|Any CPU
		{27A0C7BC-AC86-4297-BCA1-1E3FF0B99DA6}.Release|Any CPU.Build.0 = Release|Any CPU
		{27A0C7BC-AC86-4297-BCA1-1E3FF0B99DA6}.Release|x64.ActiveCfg = Release|Any CPU
		{27A0C7BC-AC86-4297-BCA1-1E3FF0B99DA6}.Release|x64.Build.0 = Release|Any CPU
		{27A0C7BC-AC86-4297-BCA1-1E3FF0B99DA6}.Release|x86.ActiveCfg = Release|Any CPU
		{27A0C7BC-AC86-4297-BCA1-1E3FF0B99DA6}.Release|x86.Build.0 = Release|Any CPU
		{2668C8EE-187A-4C32-AA53-9650FBDADA3C}.Debug|Any CPU.ActiveCfg = Debug|Any CPU
		{2668C8EE-187A-4C32-AA53-9650FBDADA3C}.Debug|Any CPU.Build.0 = Debug|Any CPU
		{2668C8EE-187A-4C32-AA53-9650FBDADA3C}.Debug|x64.ActiveCfg = Debug|Any CPU
		{2668C8EE-187A-4C32-AA53-9650FBDADA3C}.Debug|x64.Build.0 = Debug|Any CPU
		{2668C8EE-187A-4C32-AA53-9650FBDADA3C}.Debug|x86.ActiveCfg = Debug|Any CPU
		{2668C8EE-187A-4C32-AA53-9650FBDADA3C}.Debug|x86.Build.0 = Debug|Any CPU
		{2668C8EE-187A-4C32-AA53-9650FBDADA3C}.Release|Any CPU.ActiveCfg = Release|Any CPU
		{2668C8EE-187A-4C32-AA53-9650FBDADA3C}.Release|Any CPU.Build.0 = Release|Any CPU
		{2668C8EE-187A-4C32-AA53-9650FBDADA3C}.Release|x64.ActiveCfg = Release|Any CPU
		{2668C8EE-187A-4C32-AA53-9650FBDADA3C}.Release|x64.Build.0 = Release|Any CPU
		{2668C8EE-187A-4C32-AA53-9650FBDADA3C}.Release|x86.ActiveCfg = Release|Any CPU
		{2668C8EE-187A-4C32-AA53-9650FBDADA3C}.Release|x86.Build.0 = Release|Any CPU
		{165D8C27-7B03-4FA7-BA9F-312D39A09F70}.Debug|Any CPU.ActiveCfg = Debug|Any CPU
		{165D8C27-7B03-4FA7-BA9F-312D39A09F70}.Debug|Any CPU.Build.0 = Debug|Any CPU
		{165D8C27-7B03-4FA7-BA9F-312D39A09F70}.Debug|x64.ActiveCfg = Debug|Any CPU
		{165D8C27-7B03-4FA7-BA9F-312D39A09F70}.Debug|x64.Build.0 = Debug|Any CPU
		{165D8C27-7B03-4FA7-BA9F-312D39A09F70}.Debug|x86.ActiveCfg = Debug|Any CPU
		{165D8C27-7B03-4FA7-BA9F-312D39A09F70}.Debug|x86.Build.0 = Debug|Any CPU
		{165D8C27-7B03-4FA7-BA9F-312D39A09F70}.Release|Any CPU.ActiveCfg = Release|Any CPU
		{165D8C27-7B03-4FA7-BA9F-312D39A09F70}.Release|Any CPU.Build.0 = Release|Any CPU
		{165D8C27-7B03-4FA7-BA9F-312D39A09F70}.Release|x64.ActiveCfg = Release|Any CPU
		{165D8C27-7B03-4FA7-BA9F-312D39A09F70}.Release|x64.Build.0 = Release|Any CPU
		{165D8C27-7B03-4FA7-BA9F-312D39A09F70}.Release|x86.ActiveCfg = Release|Any CPU
		{165D8C27-7B03-4FA7-BA9F-312D39A09F70}.Release|x86.Build.0 = Release|Any CPU
		{B1E8C92C-4B9C-4021-964E-8A5891ED6863}.Debug|Any CPU.ActiveCfg = Debug|Any CPU
		{B1E8C92C-4B9C-4021-964E-8A5891ED6863}.Debug|Any CPU.Build.0 = Debug|Any CPU
		{B1E8C92C-4B9C-4021-964E-8A5891ED6863}.Debug|x64.ActiveCfg = Debug|Any CPU
		{B1E8C92C-4B9C-4021-964E-8A5891ED6863}.Debug|x64.Build.0 = Debug|Any CPU
		{B1E8C92C-4B9C-4021-964E-8A5891ED6863}.Debug|x86.ActiveCfg = Debug|Any CPU
		{B1E8C92C-4B9C-4021-964E-8A5891ED6863}.Debug|x86.Build.0 = Debug|Any CPU
		{B1E8C92C-4B9C-4021-964E-8A5891ED6863}.Release|Any CPU.ActiveCfg = Release|Any CPU
		{B1E8C92C-4B9C-4021-964E-8A5891ED6863}.Release|Any CPU.Build.0 = Release|Any CPU
		{B1E8C92C-4B9C-4021-964E-8A5891ED6863}.Release|x64.ActiveCfg = Release|Any CPU
		{B1E8C92C-4B9C-4021-964E-8A5891ED6863}.Release|x64.Build.0 = Release|Any CPU
		{B1E8C92C-4B9C-4021-964E-8A5891ED6863}.Release|x86.ActiveCfg = Release|Any CPU
		{B1E8C92C-4B9C-4021-964E-8A5891ED6863}.Release|x86.Build.0 = Release|Any CPU
		{0C0C1507-038B-4BB2-8485-B0E492DA6FEC}.Debug|Any CPU.ActiveCfg = Debug|Any CPU
		{0C0C1507-038B-4BB2-8485-B0E492DA6FEC}.Debug|Any CPU.Build.0 = Debug|Any CPU
		{0C0C1507-038B-4BB2-8485-B0E492DA6FEC}.Debug|x64.ActiveCfg = Debug|Any CPU
		{0C0C1507-038B-4BB2-8485-B0E492DA6FEC}.Debug|x64.Build.0 = Debug|Any CPU
		{0C0C1507-038B-4BB2-8485-B0E492DA6FEC}.Debug|x86.ActiveCfg = Debug|Any CPU
		{0C0C1507-038B-4BB2-8485-B0E492DA6FEC}.Debug|x86.Build.0 = Debug|Any CPU
		{0C0C1507-038B-4BB2-8485-B0E492DA6FEC}.Release|Any CPU.ActiveCfg = Release|Any CPU
		{0C0C1507-038B-4BB2-8485-B0E492DA6FEC}.Release|Any CPU.Build.0 = Release|Any CPU
		{0C0C1507-038B-4BB2-8485-B0E492DA6FEC}.Release|x64.ActiveCfg = Release|Any CPU
		{0C0C1507-038B-4BB2-8485-B0E492DA6FEC}.Release|x64.Build.0 = Release|Any CPU
		{0C0C1507-038B-4BB2-8485-B0E492DA6FEC}.Release|x86.ActiveCfg = Release|Any CPU
		{0C0C1507-038B-4BB2-8485-B0E492DA6FEC}.Release|x86.Build.0 = Release|Any CPU
		{0E6B5B34-0CE4-448C-890C-FD6A6CE0ABD8}.Debug|Any CPU.ActiveCfg = Debug|Any CPU
		{0E6B5B34-0CE4-448C-890C-FD6A6CE0ABD8}.Debug|Any CPU.Build.0 = Debug|Any CPU
		{0E6B5B34-0CE4-448C-890C-FD6A6CE0ABD8}.Debug|x64.ActiveCfg = Debug|Any CPU
		{0E6B5B34-0CE4-448C-890C-FD6A6CE0ABD8}.Debug|x64.Build.0 = Debug|Any CPU
		{0E6B5B34-0CE4-448C-890C-FD6A6CE0ABD8}.Debug|x86.ActiveCfg = Debug|Any CPU
		{0E6B5B34-0CE4-448C-890C-FD6A6CE0ABD8}.Debug|x86.Build.0 = Debug|Any CPU
		{0E6B5B34-0CE4-448C-890C-FD6A6CE0ABD8}.Release|Any CPU.ActiveCfg = Release|Any CPU
		{0E6B5B34-0CE4-448C-890C-FD6A6CE0ABD8}.Release|Any CPU.Build.0 = Release|Any CPU
		{0E6B5B34-0CE4-448C-890C-FD6A6CE0ABD8}.Release|x64.ActiveCfg = Release|Any CPU
		{0E6B5B34-0CE4-448C-890C-FD6A6CE0ABD8}.Release|x64.Build.0 = Release|Any CPU
		{0E6B5B34-0CE4-448C-890C-FD6A6CE0ABD8}.Release|x86.ActiveCfg = Release|Any CPU
		{0E6B5B34-0CE4-448C-890C-FD6A6CE0ABD8}.Release|x86.Build.0 = Release|Any CPU
		{46244CAF-F122-491A-A13E-52DA85ED1E31}.Debug|Any CPU.ActiveCfg = Debug|Any CPU
		{46244CAF-F122-491A-A13E-52DA85ED1E31}.Debug|Any CPU.Build.0 = Debug|Any CPU
		{46244CAF-F122-491A-A13E-52DA85ED1E31}.Debug|x64.ActiveCfg = Debug|Any CPU
		{46244CAF-F122-491A-A13E-52DA85ED1E31}.Debug|x64.Build.0 = Debug|Any CPU
		{46244CAF-F122-491A-A13E-52DA85ED1E31}.Debug|x86.ActiveCfg = Debug|Any CPU
		{46244CAF-F122-491A-A13E-52DA85ED1E31}.Debug|x86.Build.0 = Debug|Any CPU
		{46244CAF-F122-491A-A13E-52DA85ED1E31}.Release|Any CPU.ActiveCfg = Release|Any CPU
		{46244CAF-F122-491A-A13E-52DA85ED1E31}.Release|Any CPU.Build.0 = Release|Any CPU
		{46244CAF-F122-491A-A13E-52DA85ED1E31}.Release|x64.ActiveCfg = Release|Any CPU
		{46244CAF-F122-491A-A13E-52DA85ED1E31}.Release|x64.Build.0 = Release|Any CPU
		{46244CAF-F122-491A-A13E-52DA85ED1E31}.Release|x86.ActiveCfg = Release|Any CPU
		{46244CAF-F122-491A-A13E-52DA85ED1E31}.Release|x86.Build.0 = Release|Any CPU
		{3340AE8C-FDFD-4E94-AB5B-F177827556A3}.Debug|Any CPU.ActiveCfg = Debug|Any CPU
		{3340AE8C-FDFD-4E94-AB5B-F177827556A3}.Debug|Any CPU.Build.0 = Debug|Any CPU
		{3340AE8C-FDFD-4E94-AB5B-F177827556A3}.Debug|x64.ActiveCfg = Debug|Any CPU
		{3340AE8C-FDFD-4E94-AB5B-F177827556A3}.Debug|x64.Build.0 = Debug|Any CPU
		{3340AE8C-FDFD-4E94-AB5B-F177827556A3}.Debug|x86.ActiveCfg = Debug|Any CPU
		{3340AE8C-FDFD-4E94-AB5B-F177827556A3}.Debug|x86.Build.0 = Debug|Any CPU
		{3340AE8C-FDFD-4E94-AB5B-F177827556A3}.Release|Any CPU.ActiveCfg = Release|Any CPU
		{3340AE8C-FDFD-4E94-AB5B-F177827556A3}.Release|Any CPU.Build.0 = Release|Any CPU
		{3340AE8C-FDFD-4E94-AB5B-F177827556A3}.Release|x64.ActiveCfg = Release|Any CPU
		{3340AE8C-FDFD-4E94-AB5B-F177827556A3}.Release|x64.Build.0 = Release|Any CPU
		{3340AE8C-FDFD-4E94-AB5B-F177827556A3}.Release|x86.ActiveCfg = Release|Any CPU
		{3340AE8C-FDFD-4E94-AB5B-F177827556A3}.Release|x86.Build.0 = Release|Any CPU
		{780850CA-DC7A-4ACD-B2C9-7A3683453DA6}.Debug|Any CPU.ActiveCfg = Debug|Any CPU
		{780850CA-DC7A-4ACD-B2C9-7A3683453DA6}.Debug|Any CPU.Build.0 = Debug|Any CPU
		{780850CA-DC7A-4ACD-B2C9-7A3683453DA6}.Debug|x64.ActiveCfg = Debug|Any CPU
		{780850CA-DC7A-4ACD-B2C9-7A3683453DA6}.Debug|x64.Build.0 = Debug|Any CPU
		{780850CA-DC7A-4ACD-B2C9-7A3683453DA6}.Debug|x86.ActiveCfg = Debug|Any CPU
		{780850CA-DC7A-4ACD-B2C9-7A3683453DA6}.Debug|x86.Build.0 = Debug|Any CPU
		{780850CA-DC7A-4ACD-B2C9-7A3683453DA6}.Release|Any CPU.ActiveCfg = Release|Any CPU
		{780850CA-DC7A-4ACD-B2C9-7A3683453DA6}.Release|Any CPU.Build.0 = Release|Any CPU
		{780850CA-DC7A-4ACD-B2C9-7A3683453DA6}.Release|x64.ActiveCfg = Release|Any CPU
		{780850CA-DC7A-4ACD-B2C9-7A3683453DA6}.Release|x64.Build.0 = Release|Any CPU
		{780850CA-DC7A-4ACD-B2C9-7A3683453DA6}.Release|x86.ActiveCfg = Release|Any CPU
		{780850CA-DC7A-4ACD-B2C9-7A3683453DA6}.Release|x86.Build.0 = Release|Any CPU
		{DD2363F0-C257-4417-9AB9-399A8CD92239}.Debug|Any CPU.ActiveCfg = Debug|Any CPU
		{DD2363F0-C257-4417-9AB9-399A8CD92239}.Debug|Any CPU.Build.0 = Debug|Any CPU
		{DD2363F0-C257-4417-9AB9-399A8CD92239}.Debug|x64.ActiveCfg = Debug|Any CPU
		{DD2363F0-C257-4417-9AB9-399A8CD92239}.Debug|x64.Build.0 = Debug|Any CPU
		{DD2363F0-C257-4417-9AB9-399A8CD92239}.Debug|x86.ActiveCfg = Debug|Any CPU
		{DD2363F0-C257-4417-9AB9-399A8CD92239}.Debug|x86.Build.0 = Debug|Any CPU
		{DD2363F0-C257-4417-9AB9-399A8CD92239}.Release|Any CPU.ActiveCfg = Release|Any CPU
		{DD2363F0-C257-4417-9AB9-399A8CD92239}.Release|Any CPU.Build.0 = Release|Any CPU
		{DD2363F0-C257-4417-9AB9-399A8CD92239}.Release|x64.ActiveCfg = Release|Any CPU
		{DD2363F0-C257-4417-9AB9-399A8CD92239}.Release|x64.Build.0 = Release|Any CPU
		{DD2363F0-C257-4417-9AB9-399A8CD92239}.Release|x86.ActiveCfg = Release|Any CPU
		{DD2363F0-C257-4417-9AB9-399A8CD92239}.Release|x86.Build.0 = Release|Any CPU
		{9746CD89-B4FD-45E9-AECA-CC25ED345E8F}.Debug|Any CPU.ActiveCfg = Debug|Any CPU
		{9746CD89-B4FD-45E9-AECA-CC25ED345E8F}.Debug|Any CPU.Build.0 = Debug|Any CPU
		{9746CD89-B4FD-45E9-AECA-CC25ED345E8F}.Debug|x64.ActiveCfg = Debug|Any CPU
		{9746CD89-B4FD-45E9-AECA-CC25ED345E8F}.Debug|x64.Build.0 = Debug|Any CPU
		{9746CD89-B4FD-45E9-AECA-CC25ED345E8F}.Debug|x86.ActiveCfg = Debug|Any CPU
		{9746CD89-B4FD-45E9-AECA-CC25ED345E8F}.Debug|x86.Build.0 = Debug|Any CPU
		{9746CD89-B4FD-45E9-AECA-CC25ED345E8F}.Release|Any CPU.ActiveCfg = Release|Any CPU
		{9746CD89-B4FD-45E9-AECA-CC25ED345E8F}.Release|Any CPU.Build.0 = Release|Any CPU
		{9746CD89-B4FD-45E9-AECA-CC25ED345E8F}.Release|x64.ActiveCfg = Release|Any CPU
		{9746CD89-B4FD-45E9-AECA-CC25ED345E8F}.Release|x64.Build.0 = Release|Any CPU
		{9746CD89-B4FD-45E9-AECA-CC25ED345E8F}.Release|x86.ActiveCfg = Release|Any CPU
		{9746CD89-B4FD-45E9-AECA-CC25ED345E8F}.Release|x86.Build.0 = Release|Any CPU
		{4AE7F04A-92D7-416E-8F62-0689D7CC29FF}.Debug|Any CPU.ActiveCfg = Debug|Any CPU
		{4AE7F04A-92D7-416E-8F62-0689D7CC29FF}.Debug|Any CPU.Build.0 = Debug|Any CPU
		{4AE7F04A-92D7-416E-8F62-0689D7CC29FF}.Debug|x64.ActiveCfg = Debug|Any CPU
		{4AE7F04A-92D7-416E-8F62-0689D7CC29FF}.Debug|x64.Build.0 = Debug|Any CPU
		{4AE7F04A-92D7-416E-8F62-0689D7CC29FF}.Debug|x86.ActiveCfg = Debug|Any CPU
		{4AE7F04A-92D7-416E-8F62-0689D7CC29FF}.Debug|x86.Build.0 = Debug|Any CPU
		{4AE7F04A-92D7-416E-8F62-0689D7CC29FF}.Release|Any CPU.ActiveCfg = Release|Any CPU
		{4AE7F04A-92D7-416E-8F62-0689D7CC29FF}.Release|Any CPU.Build.0 = Release|Any CPU
		{4AE7F04A-92D7-416E-8F62-0689D7CC29FF}.Release|x64.ActiveCfg = Release|Any CPU
		{4AE7F04A-92D7-416E-8F62-0689D7CC29FF}.Release|x64.Build.0 = Release|Any CPU
		{4AE7F04A-92D7-416E-8F62-0689D7CC29FF}.Release|x86.ActiveCfg = Release|Any CPU
		{4AE7F04A-92D7-416E-8F62-0689D7CC29FF}.Release|x86.Build.0 = Release|Any CPU
		{BBAF2706-700F-455F-807F-697583776141}.Debug|Any CPU.ActiveCfg = Debug|Any CPU
		{BBAF2706-700F-455F-807F-697583776141}.Debug|Any CPU.Build.0 = Debug|Any CPU
		{BBAF2706-700F-455F-807F-697583776141}.Debug|x64.ActiveCfg = Debug|Any CPU
		{BBAF2706-700F-455F-807F-697583776141}.Debug|x64.Build.0 = Debug|Any CPU
		{BBAF2706-700F-455F-807F-697583776141}.Debug|x86.ActiveCfg = Debug|Any CPU
		{BBAF2706-700F-455F-807F-697583776141}.Debug|x86.Build.0 = Debug|Any CPU
		{BBAF2706-700F-455F-807F-697583776141}.Release|Any CPU.ActiveCfg = Release|Any CPU
		{BBAF2706-700F-455F-807F-697583776141}.Release|Any CPU.Build.0 = Release|Any CPU
		{BBAF2706-700F-455F-807F-697583776141}.Release|x64.ActiveCfg = Release|Any CPU
		{BBAF2706-700F-455F-807F-697583776141}.Release|x64.Build.0 = Release|Any CPU
		{BBAF2706-700F-455F-807F-697583776141}.Release|x86.ActiveCfg = Release|Any CPU
		{BBAF2706-700F-455F-807F-697583776141}.Release|x86.Build.0 = Release|Any CPU
		{16CB7EF3-492B-49DC-A28E-9493756B41B8}.Debug|Any CPU.ActiveCfg = Debug|Any CPU
		{16CB7EF3-492B-49DC-A28E-9493756B41B8}.Debug|Any CPU.Build.0 = Debug|Any CPU
		{16CB7EF3-492B-49DC-A28E-9493756B41B8}.Debug|x64.ActiveCfg = Debug|Any CPU
		{16CB7EF3-492B-49DC-A28E-9493756B41B8}.Debug|x64.Build.0 = Debug|Any CPU
		{16CB7EF3-492B-49DC-A28E-9493756B41B8}.Debug|x86.ActiveCfg = Debug|Any CPU
		{16CB7EF3-492B-49DC-A28E-9493756B41B8}.Debug|x86.Build.0 = Debug|Any CPU
		{16CB7EF3-492B-49DC-A28E-9493756B41B8}.Release|Any CPU.ActiveCfg = Release|Any CPU
		{16CB7EF3-492B-49DC-A28E-9493756B41B8}.Release|Any CPU.Build.0 = Release|Any CPU
		{16CB7EF3-492B-49DC-A28E-9493756B41B8}.Release|x64.ActiveCfg = Release|Any CPU
		{16CB7EF3-492B-49DC-A28E-9493756B41B8}.Release|x64.Build.0 = Release|Any CPU
		{16CB7EF3-492B-49DC-A28E-9493756B41B8}.Release|x86.ActiveCfg = Release|Any CPU
		{16CB7EF3-492B-49DC-A28E-9493756B41B8}.Release|x86.Build.0 = Release|Any CPU
		{B6A28E4C-1C4E-49FA-A2C7-FE97ACE66DDE}.Debug|Any CPU.ActiveCfg = Debug|Any CPU
		{B6A28E4C-1C4E-49FA-A2C7-FE97ACE66DDE}.Debug|Any CPU.Build.0 = Debug|Any CPU
		{B6A28E4C-1C4E-49FA-A2C7-FE97ACE66DDE}.Debug|x64.ActiveCfg = Debug|Any CPU
		{B6A28E4C-1C4E-49FA-A2C7-FE97ACE66DDE}.Debug|x64.Build.0 = Debug|Any CPU
		{B6A28E4C-1C4E-49FA-A2C7-FE97ACE66DDE}.Debug|x86.ActiveCfg = Debug|Any CPU
		{B6A28E4C-1C4E-49FA-A2C7-FE97ACE66DDE}.Debug|x86.Build.0 = Debug|Any CPU
		{B6A28E4C-1C4E-49FA-A2C7-FE97ACE66DDE}.Release|Any CPU.ActiveCfg = Release|Any CPU
		{B6A28E4C-1C4E-49FA-A2C7-FE97ACE66DDE}.Release|Any CPU.Build.0 = Release|Any CPU
		{B6A28E4C-1C4E-49FA-A2C7-FE97ACE66DDE}.Release|x64.ActiveCfg = Release|Any CPU
		{B6A28E4C-1C4E-49FA-A2C7-FE97ACE66DDE}.Release|x64.Build.0 = Release|Any CPU
		{B6A28E4C-1C4E-49FA-A2C7-FE97ACE66DDE}.Release|x86.ActiveCfg = Release|Any CPU
		{B6A28E4C-1C4E-49FA-A2C7-FE97ACE66DDE}.Release|x86.Build.0 = Release|Any CPU
		{660A9644-BC42-4550-85CF-8DD815C1A397}.Debug|Any CPU.ActiveCfg = Debug|Any CPU
		{660A9644-BC42-4550-85CF-8DD815C1A397}.Debug|Any CPU.Build.0 = Debug|Any CPU
		{660A9644-BC42-4550-85CF-8DD815C1A397}.Debug|x64.ActiveCfg = Debug|Any CPU
		{660A9644-BC42-4550-85CF-8DD815C1A397}.Debug|x64.Build.0 = Debug|Any CPU
		{660A9644-BC42-4550-85CF-8DD815C1A397}.Debug|x86.ActiveCfg = Debug|Any CPU
		{660A9644-BC42-4550-85CF-8DD815C1A397}.Debug|x86.Build.0 = Debug|Any CPU
		{660A9644-BC42-4550-85CF-8DD815C1A397}.Release|Any CPU.ActiveCfg = Release|Any CPU
		{660A9644-BC42-4550-85CF-8DD815C1A397}.Release|Any CPU.Build.0 = Release|Any CPU
		{660A9644-BC42-4550-85CF-8DD815C1A397}.Release|x64.ActiveCfg = Release|Any CPU
		{660A9644-BC42-4550-85CF-8DD815C1A397}.Release|x64.Build.0 = Release|Any CPU
		{660A9644-BC42-4550-85CF-8DD815C1A397}.Release|x86.ActiveCfg = Release|Any CPU
		{660A9644-BC42-4550-85CF-8DD815C1A397}.Release|x86.Build.0 = Release|Any CPU
		{9C7BA7EC-5D23-4544-B24D-0A4A85F5EFEB}.Debug|Any CPU.ActiveCfg = Debug|Any CPU
		{9C7BA7EC-5D23-4544-B24D-0A4A85F5EFEB}.Debug|Any CPU.Build.0 = Debug|Any CPU
		{9C7BA7EC-5D23-4544-B24D-0A4A85F5EFEB}.Debug|x64.ActiveCfg = Debug|Any CPU
		{9C7BA7EC-5D23-4544-B24D-0A4A85F5EFEB}.Debug|x64.Build.0 = Debug|Any CPU
		{9C7BA7EC-5D23-4544-B24D-0A4A85F5EFEB}.Debug|x86.ActiveCfg = Debug|Any CPU
		{9C7BA7EC-5D23-4544-B24D-0A4A85F5EFEB}.Debug|x86.Build.0 = Debug|Any CPU
		{9C7BA7EC-5D23-4544-B24D-0A4A85F5EFEB}.Release|Any CPU.ActiveCfg = Release|Any CPU
		{9C7BA7EC-5D23-4544-B24D-0A4A85F5EFEB}.Release|Any CPU.Build.0 = Release|Any CPU
		{9C7BA7EC-5D23-4544-B24D-0A4A85F5EFEB}.Release|x64.ActiveCfg = Release|Any CPU
		{9C7BA7EC-5D23-4544-B24D-0A4A85F5EFEB}.Release|x64.Build.0 = Release|Any CPU
		{9C7BA7EC-5D23-4544-B24D-0A4A85F5EFEB}.Release|x86.ActiveCfg = Release|Any CPU
		{9C7BA7EC-5D23-4544-B24D-0A4A85F5EFEB}.Release|x86.Build.0 = Release|Any CPU
		{18E497ED-FE91-48F4-A82F-8DC62F3FF9F2}.Debug|Any CPU.ActiveCfg = Debug|Any CPU
		{18E497ED-FE91-48F4-A82F-8DC62F3FF9F2}.Debug|Any CPU.Build.0 = Debug|Any CPU
		{18E497ED-FE91-48F4-A82F-8DC62F3FF9F2}.Debug|x64.ActiveCfg = Debug|Any CPU
		{18E497ED-FE91-48F4-A82F-8DC62F3FF9F2}.Debug|x64.Build.0 = Debug|Any CPU
		{18E497ED-FE91-48F4-A82F-8DC62F3FF9F2}.Debug|x86.ActiveCfg = Debug|Any CPU
		{18E497ED-FE91-48F4-A82F-8DC62F3FF9F2}.Debug|x86.Build.0 = Debug|Any CPU
		{18E497ED-FE91-48F4-A82F-8DC62F3FF9F2}.Release|Any CPU.ActiveCfg = Release|Any CPU
		{18E497ED-FE91-48F4-A82F-8DC62F3FF9F2}.Release|Any CPU.Build.0 = Release|Any CPU
		{18E497ED-FE91-48F4-A82F-8DC62F3FF9F2}.Release|x64.ActiveCfg = Release|Any CPU
		{18E497ED-FE91-48F4-A82F-8DC62F3FF9F2}.Release|x64.Build.0 = Release|Any CPU
		{18E497ED-FE91-48F4-A82F-8DC62F3FF9F2}.Release|x86.ActiveCfg = Release|Any CPU
		{18E497ED-FE91-48F4-A82F-8DC62F3FF9F2}.Release|x86.Build.0 = Release|Any CPU
		{25A566F5-595A-4AEC-BE5E-7A794C3B1FA1}.Debug|Any CPU.ActiveCfg = Debug|Any CPU
		{25A566F5-595A-4AEC-BE5E-7A794C3B1FA1}.Debug|Any CPU.Build.0 = Debug|Any CPU
		{25A566F5-595A-4AEC-BE5E-7A794C3B1FA1}.Debug|x64.ActiveCfg = Debug|Any CPU
		{25A566F5-595A-4AEC-BE5E-7A794C3B1FA1}.Debug|x64.Build.0 = Debug|Any CPU
		{25A566F5-595A-4AEC-BE5E-7A794C3B1FA1}.Debug|x86.ActiveCfg = Debug|Any CPU
		{25A566F5-595A-4AEC-BE5E-7A794C3B1FA1}.Debug|x86.Build.0 = Debug|Any CPU
		{25A566F5-595A-4AEC-BE5E-7A794C3B1FA1}.Release|Any CPU.ActiveCfg = Release|Any CPU
		{25A566F5-595A-4AEC-BE5E-7A794C3B1FA1}.Release|Any CPU.Build.0 = Release|Any CPU
		{25A566F5-595A-4AEC-BE5E-7A794C3B1FA1}.Release|x64.ActiveCfg = Release|Any CPU
		{25A566F5-595A-4AEC-BE5E-7A794C3B1FA1}.Release|x64.Build.0 = Release|Any CPU
		{25A566F5-595A-4AEC-BE5E-7A794C3B1FA1}.Release|x86.ActiveCfg = Release|Any CPU
		{25A566F5-595A-4AEC-BE5E-7A794C3B1FA1}.Release|x86.Build.0 = Release|Any CPU
		{AAAFA2A7-134E-46E4-ACEF-7695BEE8CFEA}.Debug|Any CPU.ActiveCfg = Debug|Any CPU
		{AAAFA2A7-134E-46E4-ACEF-7695BEE8CFEA}.Debug|Any CPU.Build.0 = Debug|Any CPU
		{AAAFA2A7-134E-46E4-ACEF-7695BEE8CFEA}.Debug|x64.ActiveCfg = Debug|Any CPU
		{AAAFA2A7-134E-46E4-ACEF-7695BEE8CFEA}.Debug|x64.Build.0 = Debug|Any CPU
		{AAAFA2A7-134E-46E4-ACEF-7695BEE8CFEA}.Debug|x86.ActiveCfg = Debug|Any CPU
		{AAAFA2A7-134E-46E4-ACEF-7695BEE8CFEA}.Debug|x86.Build.0 = Debug|Any CPU
		{AAAFA2A7-134E-46E4-ACEF-7695BEE8CFEA}.Release|Any CPU.ActiveCfg = Release|Any CPU
		{AAAFA2A7-134E-46E4-ACEF-7695BEE8CFEA}.Release|Any CPU.Build.0 = Release|Any CPU
		{AAAFA2A7-134E-46E4-ACEF-7695BEE8CFEA}.Release|x64.ActiveCfg = Release|Any CPU
		{AAAFA2A7-134E-46E4-ACEF-7695BEE8CFEA}.Release|x64.Build.0 = Release|Any CPU
		{AAAFA2A7-134E-46E4-ACEF-7695BEE8CFEA}.Release|x86.ActiveCfg = Release|Any CPU
		{AAAFA2A7-134E-46E4-ACEF-7695BEE8CFEA}.Release|x86.Build.0 = Release|Any CPU
		{E3550163-2C1C-4CEA-8F8F-EF06C35B4D1C}.Debug|Any CPU.ActiveCfg = Debug|Any CPU
		{E3550163-2C1C-4CEA-8F8F-EF06C35B4D1C}.Debug|Any CPU.Build.0 = Debug|Any CPU
		{E3550163-2C1C-4CEA-8F8F-EF06C35B4D1C}.Debug|x64.ActiveCfg = Debug|Any CPU
		{E3550163-2C1C-4CEA-8F8F-EF06C35B4D1C}.Debug|x64.Build.0 = Debug|Any CPU
		{E3550163-2C1C-4CEA-8F8F-EF06C35B4D1C}.Debug|x86.ActiveCfg = Debug|Any CPU
		{E3550163-2C1C-4CEA-8F8F-EF06C35B4D1C}.Debug|x86.Build.0 = Debug|Any CPU
		{E3550163-2C1C-4CEA-8F8F-EF06C35B4D1C}.Release|Any CPU.ActiveCfg = Release|Any CPU
		{E3550163-2C1C-4CEA-8F8F-EF06C35B4D1C}.Release|Any CPU.Build.0 = Release|Any CPU
		{E3550163-2C1C-4CEA-8F8F-EF06C35B4D1C}.Release|x64.ActiveCfg = Release|Any CPU
		{E3550163-2C1C-4CEA-8F8F-EF06C35B4D1C}.Release|x64.Build.0 = Release|Any CPU
		{E3550163-2C1C-4CEA-8F8F-EF06C35B4D1C}.Release|x86.ActiveCfg = Release|Any CPU
		{E3550163-2C1C-4CEA-8F8F-EF06C35B4D1C}.Release|x86.Build.0 = Release|Any CPU
		{03667DFE-6F3E-4677-A5A8-B2BC4CA8DE54}.Debug|Any CPU.ActiveCfg = Debug|Any CPU
		{03667DFE-6F3E-4677-A5A8-B2BC4CA8DE54}.Debug|Any CPU.Build.0 = Debug|Any CPU
		{03667DFE-6F3E-4677-A5A8-B2BC4CA8DE54}.Debug|x64.ActiveCfg = Debug|Any CPU
		{03667DFE-6F3E-4677-A5A8-B2BC4CA8DE54}.Debug|x64.Build.0 = Debug|Any CPU
		{03667DFE-6F3E-4677-A5A8-B2BC4CA8DE54}.Debug|x86.ActiveCfg = Debug|Any CPU
		{03667DFE-6F3E-4677-A5A8-B2BC4CA8DE54}.Debug|x86.Build.0 = Debug|Any CPU
		{03667DFE-6F3E-4677-A5A8-B2BC4CA8DE54}.Release|Any CPU.ActiveCfg = Release|Any CPU
		{03667DFE-6F3E-4677-A5A8-B2BC4CA8DE54}.Release|Any CPU.Build.0 = Release|Any CPU
		{03667DFE-6F3E-4677-A5A8-B2BC4CA8DE54}.Release|x64.ActiveCfg = Release|Any CPU
		{03667DFE-6F3E-4677-A5A8-B2BC4CA8DE54}.Release|x64.Build.0 = Release|Any CPU
		{03667DFE-6F3E-4677-A5A8-B2BC4CA8DE54}.Release|x86.ActiveCfg = Release|Any CPU
		{03667DFE-6F3E-4677-A5A8-B2BC4CA8DE54}.Release|x86.Build.0 = Release|Any CPU
	EndGlobalSection
	GlobalSection(SolutionProperties) = preSolution
		HideSolutionNode = FALSE
	EndGlobalSection
EndGlobal
