
Microsoft Visual Studio Solution File, Format Version 12.00
# Visual Studio Version 17
VisualStudioVersion = 17.0.31903.59
MinimumVisualStudioVersion = 10.0.40219.1
Project("{FAE04EC0-301F-11D3-BF4B-00C04F79EFBC}") = "Ukazka01_Comparisons", "Ukazka01_Comparisons\Ukazka01_Comparisons.csproj", "{DD002323-031D-4789-919E-A1E02550B0F9}"
EndProject
Project("{FAE04EC0-301F-11D3-BF4B-00C04F79EFBC}") = "Ukazka02_If", "Ukazka02_If\Ukazka02_If.csproj", "{5D632AE0-5AE3-4CC1-A496-9DB4FBB3D814}"
EndProject
Project("{FAE04EC0-301F-11D3-BF4B-00C04F79EFBC}") = "Ukazka03_IfElse", "Ukazka03_IfElse\Ukazka03_IfElse.csproj", "{CB64DF44-1B0B-4E24-822C-920586055501}"
EndProject
Project("{FAE04EC0-301F-11D3-BF4B-00C04F79EFBC}") = "Ukazka04_ElseIf", "Ukazka04_ElseIf\Ukazka04_ElseIf.csproj", "{EC73BA44-7522-451D-9381-28F2B581B9DA}"
EndProject
Project("{FAE04EC0-301F-11D3-BF4B-00C04F79EFBC}") = "Ukazka05_Boundaries", "Ukazka05_Boundaries\Ukazka05_Boundaries.csproj", "{F0A9EF59-9B91-408B-8D1B-04C8AADAC16A}"
EndProject
Project("{FAE04EC0-301F-11D3-BF4B-00C04F79EFBC}") = "Ukazka06_LogicalOperators", "Ukazka06_LogicalOperators\Ukazka06_LogicalOperators.csproj", "{C0835593-1E0B-4A36-8052-0D4CE83D138C}"
EndProject
Project("{FAE04EC0-301F-11D3-BF4B-00C04F79EFBC}") = "Ukazka07_ElseIfOrder", "Ukazka07_ElseIfOrder\Ukazka07_ElseIfOrder.csproj", "{35FF8824-36C4-474B-A545-3D0B4F4BD9B1}"
EndProject
Project("{FAE04EC0-301F-11D3-BF4B-00C04F79EFBC}") = "Ukazka08_Nested", "Ukazka08_Nested\Ukazka08_Nested.csproj", "{77C3167D-D9D5-47EC-A335-1D4B90C4BEBC}"
EndProject
Project("{FAE04EC0-301F-11D3-BF4B-00C04F79EFBC}") = "Ukazka09_Modulo", "Ukazka09_Modulo\Ukazka09_Modulo.csproj", "{5EBF8386-FC71-4552-A23D-CAAF67DAFDDF}"
EndProject
Project("{FAE04EC0-301F-11D3-BF4B-00C04F79EFBC}") = "Ukazka10_Strings", "Ukazka10_Strings\Ukazka10_Strings.csproj", "{810702B0-74CE-4687-9511-5F96A15DB5F1}"
EndProject
Project("{FAE04EC0-301F-11D3-BF4B-00C04F79EFBC}") = "Ukazka11_Calculator", "Ukazka11_Calculator\Ukazka11_Calculator.csproj", "{45779D3C-D6B6-471D-99A9-B15596470662}"
EndProject
Project("{FAE04EC0-301F-11D3-BF4B-00C04F79EFBC}") = "Ukazka12_TicketPrice", "Ukazka12_TicketPrice\Ukazka12_TicketPrice.csproj", "{FC34F354-E567-4849-B76C-5F21665C703D}"
EndProject
Project("{FAE04EC0-301F-11D3-BF4B-00C04F79EFBC}") = "Ukazka13_GameRules", "Ukazka13_GameRules\Ukazka13_GameRules.csproj", "{46488EB8-89E7-4AD9-963D-9EBD3FBC850A}"
EndProject
Project("{FAE04EC0-301F-11D3-BF4B-00C04F79EFBC}") = "Ukazka14_Pitfalls", "Ukazka14_Pitfalls\Ukazka14_Pitfalls.csproj", "{DF6329D6-7CA4-4DFD-AFC9-E5AFB71BC385}"
EndProject
Project("{FAE04EC0-301F-11D3-BF4B-00C04F79EFBC}") = "Ukazka15_RockPaperScissors", "Ukazka15_RockPaperScissors\Ukazka15_RockPaperScissors.csproj", "{A97679CB-54AF-4604-B4E1-47F0A57C5E47}"
EndProject
Project("{FAE04EC0-301F-11D3-BF4B-00C04F79EFBC}") = "Ukazka16_TernaryBonus", "Ukazka16_TernaryBonus\Ukazka16_TernaryBonus.csproj", "{CEC32F9C-27F2-4231-A377-9AC3BCAF8ABC}"
EndProject
Project("{FAE04EC0-301F-11D3-BF4B-00C04F79EFBC}") = "Ukazka17_DebugWalkthrough", "Ukazka17_DebugWalkthrough\Ukazka17_DebugWalkthrough.csproj", "{F57C8C25-5542-4DD4-B36C-008A88C97867}"
EndProject
Global
	GlobalSection(SolutionConfigurationPlatforms) = preSolution
		Debug|Any CPU = Debug|Any CPU
		Debug|x64 = Debug|x64
		Debug|x86 = Debug|x86
		Release|Any CPU = Release|Any CPU
		Release|x64 = Release|x64
		Release|x86 = Release|x86
	EndGlobalSection
	GlobalSection(ProjectConfigurationPlatforms) = postSolution
		{DD002323-031D-4789-919E-A1E02550B0F9}.Debug|Any CPU.ActiveCfg = Debug|Any CPU
		{DD002323-031D-4789-919E-A1E02550B0F9}.Debug|Any CPU.Build.0 = Debug|Any CPU
		{DD002323-031D-4789-919E-A1E02550B0F9}.Debug|x64.ActiveCfg = Debug|Any CPU
		{DD002323-031D-4789-919E-A1E02550B0F9}.Debug|x64.Build.0 = Debug|Any CPU
		{DD002323-031D-4789-919E-A1E02550B0F9}.Debug|x86.ActiveCfg = Debug|Any CPU
		{DD002323-031D-4789-919E-A1E02550B0F9}.Debug|x86.Build.0 = Debug|Any CPU
		{DD002323-031D-4789-919E-A1E02550B0F9}.Release|Any CPU.ActiveCfg = Release|Any CPU
		{DD002323-031D-4789-919E-A1E02550B0F9}.Release|Any CPU.Build.0 = Release|Any CPU
		{DD002323-031D-4789-919E-A1E02550B0F9}.Release|x64.ActiveCfg = Release|Any CPU
		{DD002323-031D-4789-919E-A1E02550B0F9}.Release|x64.Build.0 = Release|Any CPU
		{DD002323-031D-4789-919E-A1E02550B0F9}.Release|x86.ActiveCfg = Release|Any CPU
		{DD002323-031D-4789-919E-A1E02550B0F9}.Release|x86.Build.0 = Release|Any CPU
		{5D632AE0-5AE3-4CC1-A496-9DB4FBB3D814}.Debug|Any CPU.ActiveCfg = Debug|Any CPU
		{5D632AE0-5AE3-4CC1-A496-9DB4FBB3D814}.Debug|Any CPU.Build.0 = Debug|Any CPU
		{5D632AE0-5AE3-4CC1-A496-9DB4FBB3D814}.Debug|x64.ActiveCfg = Debug|Any CPU
		{5D632AE0-5AE3-4CC1-A496-9DB4FBB3D814}.Debug|x64.Build.0 = Debug|Any CPU
		{5D632AE0-5AE3-4CC1-A496-9DB4FBB3D814}.Debug|x86.ActiveCfg = Debug|Any CPU
		{5D632AE0-5AE3-4CC1-A496-9DB4FBB3D814}.Debug|x86.Build.0 = Debug|Any CPU
		{5D632AE0-5AE3-4CC1-A496-9DB4FBB3D814}.Release|Any CPU.ActiveCfg = Release|Any CPU
		{5D632AE0-5AE3-4CC1-A496-9DB4FBB3D814}.Release|Any CPU.Build.0 = Release|Any CPU
		{5D632AE0-5AE3-4CC1-A496-9DB4FBB3D814}.Release|x64.ActiveCfg = Release|Any CPU
		{5D632AE0-5AE3-4CC1-A496-9DB4FBB3D814}.Release|x64.Build.0 = Release|Any CPU
		{5D632AE0-5AE3-4CC1-A496-9DB4FBB3D814}.Release|x86.ActiveCfg = Release|Any CPU
		{5D632AE0-5AE3-4CC1-A496-9DB4FBB3D814}.Release|x86.Build.0 = Release|Any CPU
		{CB64DF44-1B0B-4E24-822C-920586055501}.Debug|Any CPU.ActiveCfg = Debug|Any CPU
		{CB64DF44-1B0B-4E24-822C-920586055501}.Debug|Any CPU.Build.0 = Debug|Any CPU
		{CB64DF44-1B0B-4E24-822C-920586055501}.Debug|x64.ActiveCfg = Debug|Any CPU
		{CB64DF44-1B0B-4E24-822C-920586055501}.Debug|x64.Build.0 = Debug|Any CPU
		{CB64DF44-1B0B-4E24-822C-920586055501}.Debug|x86.ActiveCfg = Debug|Any CPU
		{CB64DF44-1B0B-4E24-822C-920586055501}.Debug|x86.Build.0 = Debug|Any CPU
		{CB64DF44-1B0B-4E24-822C-920586055501}.Release|Any CPU.ActiveCfg = Release|Any CPU
		{CB64DF44-1B0B-4E24-822C-920586055501}.Release|Any CPU.Build.0 = Release|Any CPU
		{CB64DF44-1B0B-4E24-822C-920586055501}.Release|x64.ActiveCfg = Release|Any CPU
		{CB64DF44-1B0B-4E24-822C-920586055501}.Release|x64.Build.0 = Release|Any CPU
		{CB64DF44-1B0B-4E24-822C-920586055501}.Release|x86.ActiveCfg = Release|Any CPU
		{CB64DF44-1B0B-4E24-822C-920586055501}.Release|x86.Build.0 = Release|Any CPU
		{EC73BA44-7522-451D-9381-28F2B581B9DA}.Debug|Any CPU.ActiveCfg = Debug|Any CPU
		{EC73BA44-7522-451D-9381-28F2B581B9DA}.Debug|Any CPU.Build.0 = Debug|Any CPU
		{EC73BA44-7522-451D-9381-28F2B581B9DA}.Debug|x64.ActiveCfg = Debug|Any CPU
		{EC73BA44-7522-451D-9381-28F2B581B9DA}.Debug|x64.Build.0 = Debug|Any CPU
		{EC73BA44-7522-451D-9381-28F2B581B9DA}.Debug|x86.ActiveCfg = Debug|Any CPU
		{EC73BA44-7522-451D-9381-28F2B581B9DA}.Debug|x86.Build.0 = Debug|Any CPU
		{EC73BA44-7522-451D-9381-28F2B581B9DA}.Release|Any CPU.ActiveCfg = Release|Any CPU
		{EC73BA44-7522-451D-9381-28F2B581B9DA}.Release|Any CPU.Build.0 = Release|Any CPU
		{EC73BA44-7522-451D-9381-28F2B581B9DA}.Release|x64.ActiveCfg = Release|Any CPU
		{EC73BA44-7522-451D-9381-28F2B581B9DA}.Release|x64.Build.0 = Release|Any CPU
		{EC73BA44-7522-451D-9381-28F2B581B9DA}.Release|x86.ActiveCfg = Release|Any CPU
		{EC73BA44-7522-451D-9381-28F2B581B9DA}.Release|x86.Build.0 = Release|Any CPU
		{F0A9EF59-9B91-408B-8D1B-04C8AADAC16A}.Debug|Any CPU.ActiveCfg = Debug|Any CPU
		{F0A9EF59-9B91-408B-8D1B-04C8AADAC16A}.Debug|Any CPU.Build.0 = Debug|Any CPU
		{F0A9EF59-9B91-408B-8D1B-04C8AADAC16A}.Debug|x64.ActiveCfg = Debug|Any CPU
		{F0A9EF59-9B91-408B-8D1B-04C8AADAC16A}.Debug|x64.Build.0 = Debug|Any CPU
		{F0A9EF59-9B91-408B-8D1B-04C8AADAC16A}.Debug|x86.ActiveCfg = Debug|Any CPU
		{F0A9EF59-9B91-408B-8D1B-04C8AADAC16A}.Debug|x86.Build.0 = Debug|Any CPU
		{F0A9EF59-9B91-408B-8D1B-04C8AADAC16A}.Release|Any CPU.ActiveCfg = Release|Any CPU
		{F0A9EF59-9B91-408B-8D1B-04C8AADAC16A}.Release|Any CPU.Build.0 = Release|Any CPU
		{F0A9EF59-9B91-408B-8D1B-04C8AADAC16A}.Release|x64.ActiveCfg = Release|Any CPU
		{F0A9EF59-9B91-408B-8D1B-04C8AADAC16A}.Release|x64.Build.0 = Release|Any CPU
		{F0A9EF59-9B91-408B-8D1B-04C8AADAC16A}.Release|x86.ActiveCfg = Release|Any CPU
		{F0A9EF59-9B91-408B-8D1B-04C8AADAC16A}.Release|x86.Build.0 = Release|Any CPU
		{C0835593-1E0B-4A36-8052-0D4CE83D138C}.Debug|Any CPU.ActiveCfg = Debug|Any CPU
		{C0835593-1E0B-4A36-8052-0D4CE83D138C}.Debug|Any CPU.Build.0 = Debug|Any CPU
		{C0835593-1E0B-4A36-8052-0D4CE83D138C}.Debug|x64.ActiveCfg = Debug|Any CPU
		{C0835593-1E0B-4A36-8052-0D4CE83D138C}.Debug|x64.Build.0 = Debug|Any CPU
		{C0835593-1E0B-4A36-8052-0D4CE83D138C}.Debug|x86.ActiveCfg = Debug|Any CPU
		{C0835593-1E0B-4A36-8052-0D4CE83D138C}.Debug|x86.Build.0 = Debug|Any CPU
		{C0835593-1E0B-4A36-8052-0D4CE83D138C}.Release|Any CPU.ActiveCfg = Release|Any CPU
		{C0835593-1E0B-4A36-8052-0D4CE83D138C}.Release|Any CPU.Build.0 = Release|Any CPU
		{C0835593-1E0B-4A36-8052-0D4CE83D138C}.Release|x64.ActiveCfg = Release|Any CPU
		{C0835593-1E0B-4A36-8052-0D4CE83D138C}.Release|x64.Build.0 = Release|Any CPU
		{C0835593-1E0B-4A36-8052-0D4CE83D138C}.Release|x86.ActiveCfg = Release|Any CPU
		{C0835593-1E0B-4A36-8052-0D4CE83D138C}.Release|x86.Build.0 = Release|Any CPU
		{35FF8824-36C4-474B-A545-3D0B4F4BD9B1}.Debug|Any CPU.ActiveCfg = Debug|Any CPU
		{35FF8824-36C4-474B-A545-3D0B4F4BD9B1}.Debug|Any CPU.Build.0 = Debug|Any CPU
		{35FF8824-36C4-474B-A545-3D0B4F4BD9B1}.Debug|x64.ActiveCfg = Debug|Any CPU
		{35FF8824-36C4-474B-A545-3D0B4F4BD9B1}.Debug|x64.Build.0 = Debug|Any CPU
		{35FF8824-36C4-474B-A545-3D0B4F4BD9B1}.Debug|x86.ActiveCfg = Debug|Any CPU
		{35FF8824-36C4-474B-A545-3D0B4F4BD9B1}.Debug|x86.Build.0 = Debug|Any CPU
		{35FF8824-36C4-474B-A545-3D0B4F4BD9B1}.Release|Any CPU.ActiveCfg = Release|Any CPU
		{35FF8824-36C4-474B-A545-3D0B4F4BD9B1}.Release|Any CPU.Build.0 = Release|Any CPU
		{35FF8824-36C4-474B-A545-3D0B4F4BD9B1}.Release|x64.ActiveCfg = Release|Any CPU
		{35FF8824-36C4-474B-A545-3D0B4F4BD9B1}.Release|x64.Build.0 = Release|Any CPU
		{35FF8824-36C4-474B-A545-3D0B4F4BD9B1}.Release|x86.ActiveCfg = Release|Any CPU
		{35FF8824-36C4-474B-A545-3D0B4F4BD9B1}.Release|x86.Build.0 = Release|Any CPU
		{77C3167D-D9D5-47EC-A335-1D4B90C4BEBC}.Debug|Any CPU.ActiveCfg = Debug|Any CPU
		{77C3167D-D9D5-47EC-A335-1D4B90C4BEBC}.Debug|Any CPU.Build.0 = Debug|Any CPU
		{77C3167D-D9D5-47EC-A335-1D4B90C4BEBC}.Debug|x64.ActiveCfg = Debug|Any CPU
		{77C3167D-D9D5-47EC-A335-1D4B90C4BEBC}.Debug|x64.Build.0 = Debug|Any CPU
		{77C3167D-D9D5-47EC-A335-1D4B90C4BEBC}.Debug|x86.ActiveCfg = Debug|Any CPU
		{77C3167D-D9D5-47EC-A335-1D4B90C4BEBC}.Debug|x86.Build.0 = Debug|Any CPU
		{77C3167D-D9D5-47EC-A335-1D4B90C4BEBC}.Release|Any CPU.ActiveCfg = Release|Any CPU
		{77C3167D-D9D5-47EC-A335-1D4B90C4BEBC}.Release|Any CPU.Build.0 = Release|Any CPU
		{77C3167D-D9D5-47EC-A335-1D4B90C4BEBC}.Release|x64.ActiveCfg = Release|Any CPU
		{77C3167D-D9D5-47EC-A335-1D4B90C4BEBC}.Release|x64.Build.0 = Release|Any CPU
		{77C3167D-D9D5-47EC-A335-1D4B90C4BEBC}.Release|x86.ActiveCfg = Release|Any CPU
		{77C3167D-D9D5-47EC-A335-1D4B90C4BEBC}.Release|x86.Build.0 = Release|Any CPU
		{5EBF8386-FC71-4552-A23D-CAAF67DAFDDF}.Debug|Any CPU.ActiveCfg = Debug|Any CPU
		{5EBF8386-FC71-4552-A23D-CAAF67DAFDDF}.Debug|Any CPU.Build.0 = Debug|Any CPU
		{5EBF8386-FC71-4552-A23D-CAAF67DAFDDF}.Debug|x64.ActiveCfg = Debug|Any CPU
		{5EBF8386-FC71-4552-A23D-CAAF67DAFDDF}.Debug|x64.Build.0 = Debug|Any CPU
		{5EBF8386-FC71-4552-A23D-CAAF67DAFDDF}.Debug|x86.ActiveCfg = Debug|Any CPU
		{5EBF8386-FC71-4552-A23D-CAAF67DAFDDF}.Debug|x86.Build.0 = Debug|Any CPU
		{5EBF8386-FC71-4552-A23D-CAAF67DAFDDF}.Release|Any CPU.ActiveCfg = Release|Any CPU
		{5EBF8386-FC71-4552-A23D-CAAF67DAFDDF}.Release|Any CPU.Build.0 = Release|Any CPU
		{5EBF8386-FC71-4552-A23D-CAAF67DAFDDF}.Release|x64.ActiveCfg = Release|Any CPU
		{5EBF8386-FC71-4552-A23D-CAAF67DAFDDF}.Release|x64.Build.0 = Release|Any CPU
		{5EBF8386-FC71-4552-A23D-CAAF67DAFDDF}.Release|x86.ActiveCfg = Release|Any CPU
		{5EBF8386-FC71-4552-A23D-CAAF67DAFDDF}.Release|x86.Build.0 = Release|Any CPU
		{810702B0-74CE-4687-9511-5F96A15DB5F1}.Debug|Any CPU.ActiveCfg = Debug|Any CPU
		{810702B0-74CE-4687-9511-5F96A15DB5F1}.Debug|Any CPU.Build.0 = Debug|Any CPU
		{810702B0-74CE-4687-9511-5F96A15DB5F1}.Debug|x64.ActiveCfg = Debug|Any CPU
		{810702B0-74CE-4687-9511-5F96A15DB5F1}.Debug|x64.Build.0 = Debug|Any CPU
		{810702B0-74CE-4687-9511-5F96A15DB5F1}.Debug|x86.ActiveCfg = Debug|Any CPU
		{810702B0-74CE-4687-9511-5F96A15DB5F1}.Debug|x86.Build.0 = Debug|Any CPU
		{810702B0-74CE-4687-9511-5F96A15DB5F1}.Release|Any CPU.ActiveCfg = Release|Any CPU
		{810702B0-74CE-4687-9511-5F96A15DB5F1}.Release|Any CPU.Build.0 = Release|Any CPU
		{810702B0-74CE-4687-9511-5F96A15DB5F1}.Release|x64.ActiveCfg = Release|Any CPU
		{810702B0-74CE-4687-9511-5F96A15DB5F1}.Release|x64.Build.0 = Release|Any CPU
		{810702B0-74CE-4687-9511-5F96A15DB5F1}.Release|x86.ActiveCfg = Release|Any CPU
		{810702B0-74CE-4687-9511-5F96A15DB5F1}.Release|x86.Build.0 = Release|Any CPU
		{45779D3C-D6B6-471D-99A9-B15596470662}.Debug|Any CPU.ActiveCfg = Debug|Any CPU
		{45779D3C-D6B6-471D-99A9-B15596470662}.Debug|Any CPU.Build.0 = Debug|Any CPU
		{45779D3C-D6B6-471D-99A9-B15596470662}.Debug|x64.ActiveCfg = Debug|Any CPU
		{45779D3C-D6B6-471D-99A9-B15596470662}.Debug|x64.Build.0 = Debug|Any CPU
		{45779D3C-D6B6-471D-99A9-B15596470662}.Debug|x86.ActiveCfg = Debug|Any CPU
		{45779D3C-D6B6-471D-99A9-B15596470662}.Debug|x86.Build.0 = Debug|Any CPU
		{45779D3C-D6B6-471D-99A9-B15596470662}.Release|Any CPU.ActiveCfg = Release|Any CPU
		{45779D3C-D6B6-471D-99A9-B15596470662}.Release|Any CPU.Build.0 = Release|Any CPU
		{45779D3C-D6B6-471D-99A9-B15596470662}.Release|x64.ActiveCfg = Release|Any CPU
		{45779D3C-D6B6-471D-99A9-B15596470662}.Release|x64.Build.0 = Release|Any CPU
		{45779D3C-D6B6-471D-99A9-B15596470662}.Release|x86.ActiveCfg = Release|Any CPU
		{45779D3C-D6B6-471D-99A9-B15596470662}.Release|x86.Build.0 = Release|Any CPU
		{FC34F354-E567-4849-B76C-5F21665C703D}.Debug|Any CPU.ActiveCfg = Debug|Any CPU
		{FC34F354-E567-4849-B76C-5F21665C703D}.Debug|Any CPU.Build.0 = Debug|Any CPU
		{FC34F354-E567-4849-B76C-5F21665C703D}.Debug|x64.ActiveCfg = Debug|Any CPU
		{FC34F354-E567-4849-B76C-5F21665C703D}.Debug|x64.Build.0 = Debug|Any CPU
		{FC34F354-E567-4849-B76C-5F21665C703D}.Debug|x86.ActiveCfg = Debug|Any CPU
		{FC34F354-E567-4849-B76C-5F21665C703D}.Debug|x86.Build.0 = Debug|Any CPU
		{FC34F354-E567-4849-B76C-5F21665C703D}.Release|Any CPU.ActiveCfg = Release|Any CPU
		{FC34F354-E567-4849-B76C-5F21665C703D}.Release|Any CPU.Build.0 = Release|Any CPU
		{FC34F354-E567-4849-B76C-5F21665C703D}.Release|x64.ActiveCfg = Release|Any CPU
		{FC34F354-E567-4849-B76C-5F21665C703D}.Release|x64.Build.0 = Release|Any CPU
		{FC34F354-E567-4849-B76C-5F21665C703D}.Release|x86.ActiveCfg = Release|Any CPU
		{FC34F354-E567-4849-B76C-5F21665C703D}.Release|x86.Build.0 = Release|Any CPU
		{46488EB8-89E7-4AD9-963D-9EBD3FBC850A}.Debug|Any CPU.ActiveCfg = Debug|Any CPU
		{46488EB8-89E7-4AD9-963D-9EBD3FBC850A}.Debug|Any CPU.Build.0 = Debug|Any CPU
		{46488EB8-89E7-4AD9-963D-9EBD3FBC850A}.Debug|x64.ActiveCfg = Debug|Any CPU
		{46488EB8-89E7-4AD9-963D-9EBD3FBC850A}.Debug|x64.Build.0 = Debug|Any CPU
		{46488EB8-89E7-4AD9-963D-9EBD3FBC850A}.Debug|x86.ActiveCfg = Debug|Any CPU
		{46488EB8-89E7-4AD9-963D-9EBD3FBC850A}.Debug|x86.Build.0 = Debug|Any CPU
		{46488EB8-89E7-4AD9-963D-9EBD3FBC850A}.Release|Any CPU.ActiveCfg = Release|Any CPU
		{46488EB8-89E7-4AD9-963D-9EBD3FBC850A}.Release|Any CPU.Build.0 = Release|Any CPU
		{46488EB8-89E7-4AD9-963D-9EBD3FBC850A}.Release|x64.ActiveCfg = Release|Any CPU
		{46488EB8-89E7-4AD9-963D-9EBD3FBC850A}.Release|x64.Build.0 = Release|Any CPU
		{46488EB8-89E7-4AD9-963D-9EBD3FBC850A}.Release|x86.ActiveCfg = Release|Any CPU
		{46488EB8-89E7-4AD9-963D-9EBD3FBC850A}.Release|x86.Build.0 = Release|Any CPU
		{DF6329D6-7CA4-4DFD-AFC9-E5AFB71BC385}.Debug|Any CPU.ActiveCfg = Debug|Any CPU
		{DF6329D6-7CA4-4DFD-AFC9-E5AFB71BC385}.Debug|Any CPU.Build.0 = Debug|Any CPU
		{DF6329D6-7CA4-4DFD-AFC9-E5AFB71BC385}.Debug|x64.ActiveCfg = Debug|Any CPU
		{DF6329D6-7CA4-4DFD-AFC9-E5AFB71BC385}.Debug|x64.Build.0 = Debug|Any CPU
		{DF6329D6-7CA4-4DFD-AFC9-E5AFB71BC385}.Debug|x86.ActiveCfg = Debug|Any CPU
		{DF6329D6-7CA4-4DFD-AFC9-E5AFB71BC385}.Debug|x86.Build.0 = Debug|Any CPU
		{DF6329D6-7CA4-4DFD-AFC9-E5AFB71BC385}.Release|Any CPU.ActiveCfg = Release|Any CPU
		{DF6329D6-7CA4-4DFD-AFC9-E5AFB71BC385}.Release|Any CPU.Build.0 = Release|Any CPU
		{DF6329D6-7CA4-4DFD-AFC9-E5AFB71BC385}.Release|x64.ActiveCfg = Release|Any CPU
		{DF6329D6-7CA4-4DFD-AFC9-E5AFB71BC385}.Release|x64.Build.0 = Release|Any CPU
		{DF6329D6-7CA4-4DFD-AFC9-E5AFB71BC385}.Release|x86.ActiveCfg = Release|Any CPU
		{DF6329D6-7CA4-4DFD-AFC9-E5AFB71BC385}.Release|x86.Build.0 = Release|Any CPU
		{A97679CB-54AF-4604-B4E1-47F0A57C5E47}.Debug|Any CPU.ActiveCfg = Debug|Any CPU
		{A97679CB-54AF-4604-B4E1-47F0A57C5E47}.Debug|Any CPU.Build.0 = Debug|Any CPU
		{A97679CB-54AF-4604-B4E1-47F0A57C5E47}.Debug|x64.ActiveCfg = Debug|Any CPU
		{A97679CB-54AF-4604-B4E1-47F0A57C5E47}.Debug|x64.Build.0 = Debug|Any CPU
		{A97679CB-54AF-4604-B4E1-47F0A57C5E47}.Debug|x86.ActiveCfg = Debug|Any CPU
		{A97679CB-54AF-4604-B4E1-47F0A57C5E47}.Debug|x86.Build.0 = Debug|Any CPU
		{A97679CB-54AF-4604-B4E1-47F0A57C5E47}.Release|Any CPU.ActiveCfg = Release|Any CPU
		{A97679CB-54AF-4604-B4E1-47F0A57C5E47}.Release|Any CPU.Build.0 = Release|Any CPU
		{A97679CB-54AF-4604-B4E1-47F0A57C5E47}.Release|x64.ActiveCfg = Release|Any CPU
		{A97679CB-54AF-4604-B4E1-47F0A57C5E47}.Release|x64.Build.0 = Release|Any CPU
		{A97679CB-54AF-4604-B4E1-47F0A57C5E47}.Release|x86.ActiveCfg = Release|Any CPU
		{A97679CB-54AF-4604-B4E1-47F0A57C5E47}.Release|x86.Build.0 = Release|Any CPU
		{CEC32F9C-27F2-4231-A377-9AC3BCAF8ABC}.Debug|Any CPU.ActiveCfg = Debug|Any CPU
		{CEC32F9C-27F2-4231-A377-9AC3BCAF8ABC}.Debug|Any CPU.Build.0 = Debug|Any CPU
		{CEC32F9C-27F2-4231-A377-9AC3BCAF8ABC}.Debug|x64.ActiveCfg = Debug|Any CPU
		{CEC32F9C-27F2-4231-A377-9AC3BCAF8ABC}.Debug|x64.Build.0 = Debug|Any CPU
		{CEC32F9C-27F2-4231-A377-9AC3BCAF8ABC}.Debug|x86.ActiveCfg = Debug|Any CPU
		{CEC32F9C-27F2-4231-A377-9AC3BCAF8ABC}.Debug|x86.Build.0 = Debug|Any CPU
		{CEC32F9C-27F2-4231-A377-9AC3BCAF8ABC}.Release|Any CPU.ActiveCfg = Release|Any CPU
		{CEC32F9C-27F2-4231-A377-9AC3BCAF8ABC}.Release|Any CPU.Build.0 = Release|Any CPU
		{CEC32F9C-27F2-4231-A377-9AC3BCAF8ABC}.Release|x64.ActiveCfg = Release|Any CPU
		{CEC32F9C-27F2-4231-A377-9AC3BCAF8ABC}.Release|x64.Build.0 = Release|Any CPU
		{CEC32F9C-27F2-4231-A377-9AC3BCAF8ABC}.Release|x86.ActiveCfg = Release|Any CPU
		{CEC32F9C-27F2-4231-A377-9AC3BCAF8ABC}.Release|x86.Build.0 = Release|Any CPU
		{F57C8C25-5542-4DD4-B36C-008A88C97867}.Debug|Any CPU.ActiveCfg = Debug|Any CPU
		{F57C8C25-5542-4DD4-B36C-008A88C97867}.Debug|Any CPU.Build.0 = Debug|Any CPU
		{F57C8C25-5542-4DD4-B36C-008A88C97867}.Debug|x64.ActiveCfg = Debug|Any CPU
		{F57C8C25-5542-4DD4-B36C-008A88C97867}.Debug|x64.Build.0 = Debug|Any CPU
		{F57C8C25-5542-4DD4-B36C-008A88C97867}.Debug|x86.ActiveCfg = Debug|Any CPU
		{F57C8C25-5542-4DD4-B36C-008A88C97867}.Debug|x86.Build.0 = Debug|Any CPU
		{F57C8C25-5542-4DD4-B36C-008A88C97867}.Release|Any CPU.ActiveCfg = Release|Any CPU
		{F57C8C25-5542-4DD4-B36C-008A88C97867}.Release|Any CPU.Build.0 = Release|Any CPU
		{F57C8C25-5542-4DD4-B36C-008A88C97867}.Release|x64.ActiveCfg = Release|Any CPU
		{F57C8C25-5542-4DD4-B36C-008A88C97867}.Release|x64.Build.0 = Release|Any CPU
		{F57C8C25-5542-4DD4-B36C-008A88C97867}.Release|x86.ActiveCfg = Release|Any CPU
		{F57C8C25-5542-4DD4-B36C-008A88C97867}.Release|x86.Build.0 = Release|Any CPU
	EndGlobalSection
	GlobalSection(SolutionProperties) = preSolution
		HideSolutionNode = FALSE
	EndGlobalSection
EndGlobal
